Microsoft Visual Studio Solution File, Format Version 12.00
# Visual Studio Version 16
VisualStudioVersion = 16.0.32802.440
MinimumVisualStudioVersion = 10.0.40219.1
Project("{FAE04EC0-301F-11D3-BF4B-00C04F79EFBC}") = "BlueApp1.Android", "BlueApp1\BlueApp1.Android\BlueApp1.Android.csproj", "{229F6156-CD21-4F18-B995-BB46AEC02C85}"
EndProject
Project("{FAE04EC0-301F-11D3-BF4B-00C04F79EFBC}") = "BlueApp1.iOS", "BlueApp1\BlueApp1.iOS\BlueApp1.iOS.csproj", "{590AFA6B-B113-44B7-A80C-EDDE3178BE13}"
EndProject
Project("{9A19103F-16F7-4668-BE54-9A1E7A4F7556}") = "BlueApp1", "BlueApp1\BlueApp1\BlueApp1.csproj", "{A4699741-FBAB-40F8-A634-2070AE08E231}"
EndProject
Project("{8BC9CEB8-8B4A-11D0-8D11-00A0C91BC942}") = "RemotelyProject", "RemotelyProject\RemotelyProject.vcxproj", "{BF90C8F3-5C38-4462-A096-722E3709398A}"
EndProject
Project("{8BC9CEB8-8B4A-11D0-8D11-00A0C91BC942}") = "Project11", "Project11\Project11.vcxproj", "{C7AFE0C7-D6DD-42D6-8EC5-618ADC8F08C5}"
EndProject
Project("{803FD0C6-D64E-4E16-9DC3-1DAEC859A3D2}") = "Test", "Test\Test.vgdbproj", "{2991EE1E-125D-40BA-BE5B-B4DFE52B482F}"
EndProject
Project("{8BC9CEB8-8B4A-11D0-8D11-00A0C91BC942}") = "a1Test", "a1Test\a1Test.vcxproj", "{04E12B90-7584-42D1-8473-38873B9B683A}"
EndProject
Project("{8BC9CEB8-8B4A-11D0-8D11-00A0C91BC942}") = "ConsoleApplication2", "C:\Users\ehabm\source\repos\ConsoleApplication2\ConsoleApplication2\ConsoleApplication2.vcxproj", "{B531FC9D-3440-4FB7-A88C-DE583B31A17F}"
EndProject
Project("{2150E333-8FDC-42A3-9474-1A3956D46DE8}") = "Android", "Android", "{4ED84BD1-1EC2-4F72-A33F-98C7AE3C3394}"
EndProject
Project("{2150E333-8FDC-42A3-9474-1A3956D46DE8}") = "Hardware", "Hardware", "{C37805DF-2C85-45A7-961D-5E71CE1C123D}"
EndProject
Project("{2150E333-8FDC-42A3-9474-1A3956D46DE8}") = "Data", "Data", "{44A57F7C-3622-4607-BA60-E1E9A2566B3B}"
EndProject
Project("{9A19103F-16F7-4668-BE54-9A1E7A4F7556}") = "Models", "Models\Models.csproj", "{F725570F-8233-4913-905D-563E30E39902}"
EndProject
Project("{8BC9CEB8-8B4A-11D0-8D11-00A0C91BC942}") = "TestIR", "TestIR\TestIR.vcxproj", "{71A1D4BC-3312-441F-9313-81F018737D0A}"
EndProject
Project("{2150E333-8FDC-42A3-9474-1A3956D46DE8}") = "WIndows", "WIndows", "{AD3C2AA0-CBD0-44B3-A3BE-781BEFBA2355}"
EndProject
Project("{FAE04EC0-301F-11D3-BF4B-00C04F79EFBC}") = "TestSuperRemote", "TestSuperRemote\TestSuperRemote.csproj", "{720A82D7-F500-4984-B005-D238D4A9CF5D}"
EndProject
Global
	GlobalSection(SolutionConfigurationPlatforms) = preSolution
		Debug|Any CPU = Debug|Any CPU
		Debug|Arduino_Nano = Debug|Arduino_Nano
		Debug|Arduino_Uno = Debug|Arduino_Uno
		Debug|Generic_STM32F103C6_fake_STM32F103C8 = Debug|Generic_STM32F103C6_fake_STM32F103C8
		Debug|iPhone = Debug|iPhone
		Debug|iPhoneSimulator = Debug|iPhoneSimulator
		Debug|VisualGDB = Debug|VisualGDB
		Debug|x64 = Debug|x64
		Debug|x86 = Debug|x86
		MinSizeRel|Any CPU = MinSizeRel|Any CPU
		MinSizeRel|Arduino_Nano = MinSizeRel|Arduino_Nano
		MinSizeRel|Arduino_Uno = MinSizeRel|Arduino_Uno
		MinSizeRel|Generic_STM32F103C6_fake_STM32F103C8 = MinSizeRel|Generic_STM32F103C6_fake_STM32F103C8
		MinSizeRel|iPhone = MinSizeRel|iPhone
		MinSizeRel|iPhoneSimulator = MinSizeRel|iPhoneSimulator
		MinSizeRel|VisualGDB = MinSizeRel|VisualGDB
		MinSizeRel|x64 = MinSizeRel|x64
		MinSizeRel|x86 = MinSizeRel|x86
		Release|Any CPU = Release|Any CPU
		Release|Arduino_Nano = Release|Arduino_Nano
		Release|Arduino_Uno = Release|Arduino_Uno
		Release|Generic_STM32F103C6_fake_STM32F103C8 = Release|Generic_STM32F103C6_fake_STM32F103C8
		Release|iPhone = Release|iPhone
		Release|iPhoneSimulator = Release|iPhoneSimulator
		Release|VisualGDB = Release|VisualGDB
		Release|x64 = Release|x64
		Release|x86 = Release|x86
		RelWithDebInfo|Any CPU = RelWithDebInfo|Any CPU
		RelWithDebInfo|Arduino_Nano = RelWithDebInfo|Arduino_Nano
		RelWithDebInfo|Arduino_Uno = RelWithDebInfo|Arduino_Uno
		RelWithDebInfo|Generic_STM32F103C6_fake_STM32F103C8 = RelWithDebInfo|Generic_STM32F103C6_fake_STM32F103C8
		RelWithDebInfo|iPhone = RelWithDebInfo|iPhone
		RelWithDebInfo|iPhoneSimulator = RelWithDebInfo|iPhoneSimulator
		RelWithDebInfo|VisualGDB = RelWithDebInfo|VisualGDB
		RelWithDebInfo|x64 = RelWithDebInfo|x64
		RelWithDebInfo|x86 = RelWithDebInfo|x86
	EndGlobalSection
	GlobalSection(ProjectConfigurationPlatforms) = postSolution
		{229F6156-CD21-4F18-B995-BB46AEC02C85}.Debug|Any CPU.ActiveCfg = Debug|Any CPU
		{229F6156-CD21-4F18-B995-BB46AEC02C85}.Debug|Any CPU.Build.0 = Debug|Any CPU
		{229F6156-CD21-4F18-B995-BB46AEC02C85}.Debug|Any CPU.Deploy.0 = Debug|Any CPU
		{229F6156-CD21-4F18-B995-BB46AEC02C85}.Debug|Arduino_Nano.ActiveCfg = Debug|Any CPU
		{229F6156-CD21-4F18-B995-BB46AEC02C85}.Debug|Arduino_Nano.Build.0 = Debug|Any CPU
		{229F6156-CD21-4F18-B995-BB46AEC02C85}.Debug|Arduino_Nano.Deploy.0 = Debug|Any CPU
		{229F6156-CD21-4F18-B995-BB46AEC02C85}.Debug|Arduino_Uno.ActiveCfg = Debug|Any CPU
		{229F6156-CD21-4F18-B995-BB46AEC02C85}.Debug|Arduino_Uno.Build.0 = Debug|Any CPU
		{229F6156-CD21-4F18-B995-BB46AEC02C85}.Debug|Arduino_Uno.Deploy.0 = Debug|Any CPU
		{229F6156-CD21-4F18-B995-BB46AEC02C85}.Debug|Generic_STM32F103C6_fake_STM32F103C8.ActiveCfg = Debug|Any CPU
		{229F6156-CD21-4F18-B995-BB46AEC02C85}.Debug|Generic_STM32F103C6_fake_STM32F103C8.Build.0 = Debug|Any CPU
		{229F6156-CD21-4F18-B995-BB46AEC02C85}.Debug|Generic_STM32F103C6_fake_STM32F103C8.Deploy.0 = Debug|Any CPU
		{229F6156-CD21-4F18-B995-BB46AEC02C85}.Debug|iPhone.ActiveCfg = Debug|Any CPU
		{229F6156-CD21-4F18-B995-BB46AEC02C85}.Debug|iPhone.Build.0 = Debug|Any CPU
		{229F6156-CD21-4F18-B995-BB46AEC02C85}.Debug|iPhone.Deploy.0 = Debug|Any CPU
		{229F6156-CD21-4F18-B995-BB46AEC02C85}.Debug|iPhoneSimulator.ActiveCfg = Debug|Any CPU
		{229F6156-CD21-4F18-B995-BB46AEC02C85}.Debug|iPhoneSimulator.Build.0 = Debug|Any CPU
		{229F6156-CD21-4F18-B995-BB46AEC02C85}.Debug|iPhoneSimulator.Deploy.0 = Debug|Any CPU
		{229F6156-CD21-4F18-B995-BB46AEC02C85}.Debug|VisualGDB.ActiveCfg = Debug|Any CPU
		{229F6156-CD21-4F18-B995-BB46AEC02C85}.Debug|VisualGDB.Build.0 = Debug|Any CPU
		{229F6156-CD21-4F18-B995-BB46AEC02C85}.Debug|VisualGDB.Deploy.0 = Debug|Any CPU
		{229F6156-CD21-4F18-B995-BB46AEC02C85}.Debug|x64.ActiveCfg = Debug|Any CPU
		{229F6156-CD21-4F18-B995-BB46AEC02C85}.Debug|x64.Build.0 = Debug|Any CPU
		{229F6156-CD21-4F18-B995-BB46AEC02C85}.Debug|x64.Deploy.0 = Debug|Any CPU
		{229F6156-CD21-4F18-B995-BB46AEC02C85}.Debug|x86.ActiveCfg = Debug|Any CPU
		{229F6156-CD21-4F18-B995-BB46AEC02C85}.Debug|x86.Build.0 = Debug|Any CPU
		{229F6156-CD21-4F18-B995-BB46AEC02C85}.Debug|x86.Deploy.0 = Debug|Any CPU
		{229F6156-CD21-4F18-B995-BB46AEC02C85}.MinSizeRel|Any CPU.ActiveCfg = Release|Any CPU
		{229F6156-CD21-4F18-B995-BB46AEC02C85}.MinSizeRel|Any CPU.Build.0 = Release|Any CPU
		{229F6156-CD21-4F18-B995-BB46AEC02C85}.MinSizeRel|Any CPU.Deploy.0 = Release|Any CPU
		{229F6156-CD21-4F18-B995-BB46AEC02C85}.MinSizeRel|Arduino_Nano.ActiveCfg = Release|Any CPU
		{229F6156-CD21-4F18-B995-BB46AEC02C85}.MinSizeRel|Arduino_Nano.Build.0 = Release|Any CPU
		{229F6156-CD21-4F18-B995-BB46AEC02C85}.MinSizeRel|Arduino_Nano.Deploy.0 = Release|Any CPU
		{229F6156-CD21-4F18-B995-BB46AEC02C85}.MinSizeRel|Arduino_Uno.ActiveCfg = Release|Any CPU
		{229F6156-CD21-4F18-B995-BB46AEC02C85}.MinSizeRel|Arduino_Uno.Build.0 = Release|Any CPU
		{229F6156-CD21-4F18-B995-BB46AEC02C85}.MinSizeRel|Arduino_Uno.Deploy.0 = Release|Any CPU
		{229F6156-CD21-4F18-B995-BB46AEC02C85}.MinSizeRel|Generic_STM32F103C6_fake_STM32F103C8.ActiveCfg = Release|Any CPU
		{229F6156-CD21-4F18-B995-BB46AEC02C85}.MinSizeRel|Generic_STM32F103C6_fake_STM32F103C8.Build.0 = Release|Any CPU
		{229F6156-CD21-4F18-B995-BB46AEC02C85}.MinSizeRel|Generic_STM32F103C6_fake_STM32F103C8.Deploy.0 = Release|Any CPU
		{229F6156-CD21-4F18-B995-BB46AEC02C85}.MinSizeRel|iPhone.ActiveCfg = Release|Any CPU
		{229F6156-CD21-4F18-B995-BB46AEC02C85}.MinSizeRel|iPhone.Build.0 = Release|Any CPU
		{229F6156-CD21-4F18-B995-BB46AEC02C85}.MinSizeRel|iPhone.Deploy.0 = Release|Any CPU
		{229F6156-CD21-4F18-B995-BB46AEC02C85}.MinSizeRel|iPhoneSimulator.ActiveCfg = Release|Any CPU
		{229F6156-CD21-4F18-B995-BB46AEC02C85}.MinSizeRel|iPhoneSimulator.Build.0 = Release|Any CPU
		{229F6156-CD21-4F18-B995-BB46AEC02C85}.MinSizeRel|iPhoneSimulator.Deploy.0 = Release|Any CPU
		{229F6156-CD21-4F18-B995-BB46AEC02C85}.MinSizeRel|VisualGDB.ActiveCfg = Release|Any CPU
		{229F6156-CD21-4F18-B995-BB46AEC02C85}.MinSizeRel|VisualGDB.Build.0 = Release|Any CPU
		{229F6156-CD21-4F18-B995-BB46AEC02C85}.MinSizeRel|VisualGDB.Deploy.0 = Release|Any CPU
		{229F6156-CD21-4F18-B995-BB46AEC02C85}.MinSizeRel|x64.ActiveCfg = Release|Any CPU
		{229F6156-CD21-4F18-B995-BB46AEC02C85}.MinSizeRel|x64.Build.0 = Release|Any CPU
		{229F6156-CD21-4F18-B995-BB46AEC02C85}.MinSizeRel|x64.Deploy.0 = Release|Any CPU
		{229F6156-CD21-4F18-B995-BB46AEC02C85}.MinSizeRel|x86.ActiveCfg = Release|Any CPU
		{229F6156-CD21-4F18-B995-BB46AEC02C85}.MinSizeRel|x86.Build.0 = Release|Any CPU
		{229F6156-CD21-4F18-B995-BB46AEC02C85}.MinSizeRel|x86.Deploy.0 = Release|Any CPU
		{229F6156-CD21-4F18-B995-BB46AEC02C85}.Release|Any CPU.ActiveCfg = Release|Any CPU
		{229F6156-CD21-4F18-B995-BB46AEC02C85}.Release|Any CPU.Build.0 = Release|Any CPU
		{229F6156-CD21-4F18-B995-BB46AEC02C85}.Release|Any CPU.Deploy.0 = Release|Any CPU
		{229F6156-CD21-4F18-B995-BB46AEC02C85}.Release|Arduino_Nano.ActiveCfg = Release|Any CPU
		{229F6156-CD21-4F18-B995-BB46AEC02C85}.Release|Arduino_Nano.Build.0 = Release|Any CPU
		{229F6156-CD21-4F18-B995-BB46AEC02C85}.Release|Arduino_Nano.Deploy.0 = Release|Any CPU
		{229F6156-CD21-4F18-B995-BB46AEC02C85}.Release|Arduino_Uno.ActiveCfg = Release|Any CPU
		{229F6156-CD21-4F18-B995-BB46AEC02C85}.Release|Arduino_Uno.Build.0 = Release|Any CPU
		{229F6156-CD21-4F18-B995-BB46AEC02C85}.Release|Arduino_Uno.Deploy.0 = Release|Any CPU
		{229F6156-CD21-4F18-B995-BB46AEC02C85}.Release|Generic_STM32F103C6_fake_STM32F103C8.ActiveCfg = Release|Any CPU
		{229F6156-CD21-4F18-B995-BB46AEC02C85}.Release|Generic_STM32F103C6_fake_STM32F103C8.Build.0 = Release|Any CPU
		{229F6156-CD21-4F18-B995-BB46AEC02C85}.Release|Generic_STM32F103C6_fake_STM32F103C8.Deploy.0 = Release|Any CPU
		{229F6156-CD21-4F18-B995-BB46AEC02C85}.Release|iPhone.ActiveCfg = Release|Any CPU
		{229F6156-CD21-4F18-B995-BB46AEC02C85}.Release|iPhone.Build.0 = Release|Any CPU
		{229F6156-CD21-4F18-B995-BB46AEC02C85}.Release|iPhone.Deploy.0 = Release|Any CPU
		{229F6156-CD21-4F18-B995-BB46AEC02C85}.Release|iPhoneSimulator.ActiveCfg = Release|Any CPU
		{229F6156-CD21-4F18-B995-BB46AEC02C85}.Release|iPhoneSimulator.Build.0 = Release|Any CPU
		{229F6156-CD21-4F18-B995-BB46AEC02C85}.Release|iPhoneSimulator.Deploy.0 = Release|Any CPU
		{229F6156-CD21-4F18-B995-BB46AEC02C85}.Release|VisualGDB.ActiveCfg = Release|Any CPU
		{229F6156-CD21-4F18-B995-BB46AEC02C85}.Release|VisualGDB.Build.0 = Release|Any CPU
		{229F6156-CD21-4F18-B995-BB46AEC02C85}.Release|VisualGDB.Deploy.0 = Release|Any CPU
		{229F6156-CD21-4F18-B995-BB46AEC02C85}.Release|x64.ActiveCfg = Release|Any CPU
		{229F6156-CD21-4F18-B995-BB46AEC02C85}.Release|x64.Build.0 = Release|Any CPU
		{229F6156-CD21-4F18-B995-BB46AEC02C85}.Release|x64.Deploy.0 = Release|Any CPU
		{229F6156-CD21-4F18-B995-BB46AEC02C85}.Release|x86.ActiveCfg = Release|Any CPU
		{229F6156-CD21-4F18-B995-BB46AEC02C85}.Release|x86.Build.0 = Release|Any CPU
		{229F6156-CD21-4F18-B995-BB46AEC02C85}.Release|x86.Deploy.0 = Release|Any CPU
		{229F6156-CD21-4F18-B995-BB46AEC02C85}.RelWithDebInfo|Any CPU.ActiveCfg = Release|Any CPU
		{229F6156-CD21-4F18-B995-BB46AEC02C85}.RelWithDebInfo|Any CPU.Build.0 = Release|Any CPU
		{229F6156-CD21-4F18-B995-BB46AEC02C85}.RelWithDebInfo|Any CPU.Deploy.0 = Release|Any CPU
		{229F6156-CD21-4F18-B995-BB46AEC02C85}.RelWithDebInfo|Arduino_Nano.ActiveCfg = Release|Any CPU
		{229F6156-CD21-4F18-B995-BB46AEC02C85}.RelWithDebInfo|Arduino_Nano.Build.0 = Release|Any CPU
		{229F6156-CD21-4F18-B995-BB46AEC02C85}.RelWithDebInfo|Arduino_Nano.Deploy.0 = Release|Any CPU
		{229F6156-CD21-4F18-B995-BB46AEC02C85}.RelWithDebInfo|Arduino_Uno.ActiveCfg = Release|Any CPU
		{229F6156-CD21-4F18-B995-BB46AEC02C85}.RelWithDebInfo|Arduino_Uno.Build.0 = Release|Any CPU
		{229F6156-CD21-4F18-B995-BB46AEC02C85}.RelWithDebInfo|Arduino_Uno.Deploy.0 = Release|Any CPU
		{229F6156-CD21-4F18-B995-BB46AEC02C85}.RelWithDebInfo|Generic_STM32F103C6_fake_STM32F103C8.ActiveCfg = Release|Any CPU
		{229F6156-CD21-4F18-B995-BB46AEC02C85}.RelWithDebInfo|Generic_STM32F103C6_fake_STM32F103C8.Build.0 = Release|Any CPU
		{229F6156-CD21-4F18-B995-BB46AEC02C85}.RelWithDebInfo|Generic_STM32F103C6_fake_STM32F103C8.Deploy.0 = Release|Any CPU
		{229F6156-CD21-4F18-B995-BB46AEC02C85}.RelWithDebInfo|iPhone.ActiveCfg = Release|Any CPU
		{229F6156-CD21-4F18-B995-BB46AEC02C85}.RelWithDebInfo|iPhone.Build.0 = Release|Any CPU
		{229F6156-CD21-4F18-B995-BB46AEC02C85}.RelWithDebInfo|iPhone.Deploy.0 = Release|Any CPU
		{229F6156-CD21-4F18-B995-BB46AEC02C85}.RelWithDebInfo|iPhoneSimulator.ActiveCfg = Release|Any CPU
		{229F6156-CD21-4F18-B995-BB46AEC02C85}.RelWithDebInfo|iPhoneSimulator.Build.0 = Release|Any CPU
		{229F6156-CD21-4F18-B995-BB46AEC02C85}.RelWithDebInfo|iPhoneSimulator.Deploy.0 = Release|Any CPU
		{229F6156-CD21-4F18-B995-BB46AEC02C85}.RelWithDebInfo|VisualGDB.ActiveCfg = Release|Any CPU
		{229F6156-CD21-4F18-B995-BB46AEC02C85}.RelWithDebInfo|VisualGDB.Build.0 = Release|Any CPU
		{229F6156-CD21-4F18-B995-BB46AEC02C85}.RelWithDebInfo|VisualGDB.Deploy.0 = Release|Any CPU
		{229F6156-CD21-4F18-B995-BB46AEC02C85}.RelWithDebInfo|x64.ActiveCfg = Release|Any CPU
		{229F6156-CD21-4F18-B995-BB46AEC02C85}.RelWithDebInfo|x64.Build.0 = Release|Any CPU
		{229F6156-CD21-4F18-B995-BB46AEC02C85}.RelWithDebInfo|x64.Deploy.0 = Release|Any CPU
		{229F6156-CD21-4F18-B995-BB46AEC02C85}.RelWithDebInfo|x86.ActiveCfg = Release|Any CPU
		{229F6156-CD21-4F18-B995-BB46AEC02C85}.RelWithDebInfo|x86.Build.0 = Release|Any CPU
		{229F6156-CD21-4F18-B995-BB46AEC02C85}.RelWithDebInfo|x86.Deploy.0 = Release|Any CPU
		{590AFA6B-B113-44B7-A80C-EDDE3178BE13}.Debug|Any CPU.ActiveCfg = Debug|iPhoneSimulator
		{590AFA6B-B113-44B7-A80C-EDDE3178BE13}.Debug|Arduino_Nano.ActiveCfg = Debug|iPhone
		{590AFA6B-B113-44B7-A80C-EDDE3178BE13}.Debug|Arduino_Uno.ActiveCfg = Debug|iPhone
		{590AFA6B-B113-44B7-A80C-EDDE3178BE13}.Debug|Generic_STM32F103C6_fake_STM32F103C8.ActiveCfg = Debug|iPhone
		{590AFA6B-B113-44B7-A80C-EDDE3178BE13}.Debug|iPhone.ActiveCfg = Debug|iPhone
		{590AFA6B-B113-44B7-A80C-EDDE3178BE13}.Debug|iPhone.Build.0 = Debug|iPhone
		{590AFA6B-B113-44B7-A80C-EDDE3178BE13}.Debug|iPhoneSimulator.ActiveCfg = Debug|iPhoneSimulator
		{590AFA6B-B113-44B7-A80C-EDDE3178BE13}.Debug|iPhoneSimulator.Build.0 = Debug|iPhoneSimulator
		{590AFA6B-B113-44B7-A80C-EDDE3178BE13}.Debug|VisualGDB.ActiveCfg = Debug|iPhone
		{590AFA6B-B113-44B7-A80C-EDDE3178BE13}.Debug|x64.ActiveCfg = Debug|iPhone
		{590AFA6B-B113-44B7-A80C-EDDE3178BE13}.Debug|x86.ActiveCfg = Debug|iPhone
		{590AFA6B-B113-44B7-A80C-EDDE3178BE13}.MinSizeRel|Any CPU.ActiveCfg = Release|iPhone
		{590AFA6B-B113-44B7-A80C-EDDE3178BE13}.MinSizeRel|Any CPU.Build.0 = Release|iPhone
		{590AFA6B-B113-44B7-A80C-EDDE3178BE13}.MinSizeRel|Arduino_Nano.ActiveCfg = Release|iPhoneSimulator
		{590AFA6B-B113-44B7-A80C-EDDE3178BE13}.MinSizeRel|Arduino_Nano.Build.0 = Release|iPhoneSimulator
		{590AFA6B-B113-44B7-A80C-EDDE3178BE13}.MinSizeRel|Arduino_Uno.ActiveCfg = Release|iPhoneSimulator
		{590AFA6B-B113-44B7-A80C-EDDE3178BE13}.MinSizeRel|Arduino_Uno.Build.0 = Release|iPhoneSimulator
		{590AFA6B-B113-44B7-A80C-EDDE3178BE13}.MinSizeRel|Generic_STM32F103C6_fake_STM32F103C8.ActiveCfg = Release|iPhoneSimulator
		{590AFA6B-B113-44B7-A80C-EDDE3178BE13}.MinSizeRel|Generic_STM32F103C6_fake_STM32F103C8.Build.0 = Release|iPhoneSimulator
		{590AFA6B-B113-44B7-A80C-EDDE3178BE13}.MinSizeRel|iPhone.ActiveCfg = Release|iPhone
		{590AFA6B-B113-44B7-A80C-EDDE3178BE13}.MinSizeRel|iPhone.Build.0 = Release|iPhone
		{590AFA6B-B113-44B7-A80C-EDDE3178BE13}.MinSizeRel|iPhoneSimulator.ActiveCfg = Release|iPhoneSimulator
		{590AFA6B-B113-44B7-A80C-EDDE3178BE13}.MinSizeRel|iPhoneSimulator.Build.0 = Release|iPhoneSimulator
		{590AFA6B-B113-44B7-A80C-EDDE3178BE13}.MinSizeRel|VisualGDB.ActiveCfg = Release|iPhone
		{590AFA6B-B113-44B7-A80C-EDDE3178BE13}.MinSizeRel|VisualGDB.Build.0 = Release|iPhone
		{590AFA6B-B113-44B7-A80C-EDDE3178BE13}.MinSizeRel|x64.ActiveCfg = Release|iPhone
		{590AFA6B-B113-44B7-A80C-EDDE3178BE13}.MinSizeRel|x64.Build.0 = Release|iPhone
		{590AFA6B-B113-44B7-A80C-EDDE3178BE13}.MinSizeRel|x86.ActiveCfg = Release|iPhone
		{590AFA6B-B113-44B7-A80C-EDDE3178BE13}.MinSizeRel|x86.Build.0 = Release|iPhone
		{590AFA6B-B113-44B7-A80C-EDDE3178BE13}.Release|Any CPU.ActiveCfg = Release|iPhoneSimulator
		{590AFA6B-B113-44B7-A80C-EDDE3178BE13}.Release|Arduino_Nano.ActiveCfg = Release|iPhoneSimulator
		{590AFA6B-B113-44B7-A80C-EDDE3178BE13}.Release|Arduino_Uno.ActiveCfg = Release|iPhoneSimulator
		{590AFA6B-B113-44B7-A80C-EDDE3178BE13}.Release|Generic_STM32F103C6_fake_STM32F103C8.ActiveCfg = Release|iPhoneSimulator
		{590AFA6B-B113-44B7-A80C-EDDE3178BE13}.Release|iPhone.ActiveCfg = Release|iPhone
		{590AFA6B-B113-44B7-A80C-EDDE3178BE13}.Release|iPhone.Build.0 = Release|iPhone
		{590AFA6B-B113-44B7-A80C-EDDE3178BE13}.Release|iPhoneSimulator.ActiveCfg = Release|iPhoneSimulator
		{590AFA6B-B113-44B7-A80C-EDDE3178BE13}.Release|iPhoneSimulator.Build.0 = Release|iPhoneSimulator
		{590AFA6B-B113-44B7-A80C-EDDE3178BE13}.Release|VisualGDB.ActiveCfg = Release|iPhone
		{590AFA6B-B113-44B7-A80C-EDDE3178BE13}.Release|x64.ActiveCfg = Release|iPhone
		{590AFA6B-B113-44B7-A80C-EDDE3178BE13}.Release|x86.ActiveCfg = Release|iPhone
		{590AFA6B-B113-44B7-A80C-EDDE3178BE13}.RelWithDebInfo|Any CPU.ActiveCfg = Release|iPhone
		{590AFA6B-B113-44B7-A80C-EDDE3178BE13}.RelWithDebInfo|Any CPU.Build.0 = Release|iPhone
		{590AFA6B-B113-44B7-A80C-EDDE3178BE13}.RelWithDebInfo|Arduino_Nano.ActiveCfg = Release|iPhoneSimulator
		{590AFA6B-B113-44B7-A80C-EDDE3178BE13}.RelWithDebInfo|Arduino_Nano.Build.0 = Release|iPhoneSimulator
		{590AFA6B-B113-44B7-A80C-EDDE3178BE13}.RelWithDebInfo|Arduino_Uno.ActiveCfg = Release|iPhoneSimulator
		{590AFA6B-B113-44B7-A80C-EDDE3178BE13}.RelWithDebInfo|Arduino_Uno.Build.0 = Release|iPhoneSimulator
		{590AFA6B-B113-44B7-A80C-EDDE3178BE13}.RelWithDebInfo|Generic_STM32F103C6_fake_STM32F103C8.ActiveCfg = Release|iPhoneSimulator
		{590AFA6B-B113-44B7-A80C-EDDE3178BE13}.RelWithDebInfo|Generic_STM32F103C6_fake_STM32F103C8.Build.0 = Release|iPhoneSimulator
		{590AFA6B-B113-44B7-A80C-EDDE3178BE13}.RelWithDebInfo|iPhone.ActiveCfg = Release|iPhone
		{590AFA6B-B113-44B7-A80C-EDDE3178BE13}.RelWithDebInfo|iPhone.Build.0 = Release|iPhone
		{590AFA6B-B113-44B7-A80C-EDDE3178BE13}.RelWithDebInfo|iPhoneSimulator.ActiveCfg = Release|iPhoneSimulator
		{590AFA6B-B113-44B7-A80C-EDDE3178BE13}.RelWithDebInfo|iPhoneSimulator.Build.0 = Release|iPhoneSimulator
		{590AFA6B-B113-44B7-A80C-EDDE3178BE13}.RelWithDebInfo|VisualGDB.ActiveCfg = Release|iPhone
		{590AFA6B-B113-44B7-A80C-EDDE3178BE13}.RelWithDebInfo|VisualGDB.Build.0 = Release|iPhone
		{590AFA6B-B113-44B7-A80C-EDDE3178BE13}.RelWithDebInfo|x64.ActiveCfg = Release|iPhone
		{590AFA6B-B113-44B7-A80C-EDDE3178BE13}.RelWithDebInfo|x64.Build.0 = Release|iPhone
		{590AFA6B-B113-44B7-A80C-EDDE3178BE13}.RelWithDebInfo|x86.ActiveCfg = Release|iPhone
		{590AFA6B-B113-44B7-A80C-EDDE3178BE13}.RelWithDebInfo|x86.Build.0 = Release|iPhone
		{A4699741-FBAB-40F8-A634-2070AE08E231}.Debug|Any CPU.ActiveCfg = Debug|Any CPU
		{A4699741-FBAB-40F8-A634-2070AE08E231}.Debug|Any CPU.Build.0 = Debug|Any CPU
		{A4699741-FBAB-40F8-A634-2070AE08E231}.Debug|Arduino_Nano.ActiveCfg = Debug|Any CPU
		{A4699741-FBAB-40F8-A634-2070AE08E231}.Debug|Arduino_Nano.Build.0 = Debug|Any CPU
		{A4699741-FBAB-40F8-A634-2070AE08E231}.Debug|Arduino_Uno.ActiveCfg = Debug|Any CPU
		{A4699741-FBAB-40F8-A634-2070AE08E231}.Debug|Arduino_Uno.Build.0 = Debug|Any CPU
		{A4699741-FBAB-40F8-A634-2070AE08E231}.Debug|Generic_STM32F103C6_fake_STM32F103C8.ActiveCfg = Debug|Any CPU
		{A4699741-FBAB-40F8-A634-2070AE08E231}.Debug|Generic_STM32F103C6_fake_STM32F103C8.Build.0 = Debug|Any CPU
		{A4699741-FBAB-40F8-A634-2070AE08E231}.Debug|iPhone.ActiveCfg = Debug|Any CPU
		{A4699741-FBAB-40F8-A634-2070AE08E231}.Debug|iPhone.Build.0 = Debug|Any CPU
		{A4699741-FBAB-40F8-A634-2070AE08E231}.Debug|iPhoneSimulator.ActiveCfg = Debug|Any CPU
		{A4699741-FBAB-40F8-A634-2070AE08E231}.Debug|iPhoneSimulator.Build.0 = Debug|Any CPU
		{A4699741-FBAB-40F8-A634-2070AE08E231}.Debug|VisualGDB.ActiveCfg = Debug|Any CPU
		{A4699741-FBAB-40F8-A634-2070AE08E231}.Debug|VisualGDB.Build.0 = Debug|Any CPU
		{A4699741-FBAB-40F8-A634-2070AE08E231}.Debug|x64.ActiveCfg = Debug|Any CPU
		{A4699741-FBAB-40F8-A634-2070AE08E231}.Debug|x64.Build.0 = Debug|Any CPU
		{A4699741-FBAB-40F8-A634-2070AE08E231}.Debug|x86.ActiveCfg = Debug|Any CPU
		{A4699741-FBAB-40F8-A634-2070AE08E231}.Debug|x86.Build.0 = Debug|Any CPU
		{A4699741-FBAB-40F8-A634-2070AE08E231}.MinSizeRel|Any CPU.ActiveCfg = Release|Any CPU
		{A4699741-FBAB-40F8-A634-2070AE08E231}.MinSizeRel|Any CPU.Build.0 = Release|Any CPU
		{A4699741-FBAB-40F8-A634-2070AE08E231}.MinSizeRel|Arduino_Nano.ActiveCfg = Release|Any CPU
		{A4699741-FBAB-40F8-A634-2070AE08E231}.MinSizeRel|Arduino_Nano.Build.0 = Release|Any CPU
		{A4699741-FBAB-40F8-A634-2070AE08E231}.MinSizeRel|Arduino_Uno.ActiveCfg = Release|Any CPU
		{A4699741-FBAB-40F8-A634-2070AE08E231}.MinSizeRel|Arduino_Uno.Build.0 = Release|Any CPU
		{A4699741-FBAB-40F8-A634-2070AE08E231}.MinSizeRel|Generic_STM32F103C6_fake_STM32F103C8.ActiveCfg = Release|Any CPU
		{A4699741-FBAB-40F8-A634-2070AE08E231}.MinSizeRel|Generic_STM32F103C6_fake_STM32F103C8.Build.0 = Release|Any CPU
		{A4699741-FBAB-40F8-A634-2070AE08E231}.MinSizeRel|iPhone.ActiveCfg = Release|Any CPU
		{A4699741-FBAB-40F8-A634-2070AE08E231}.MinSizeRel|iPhone.Build.0 = Release|Any CPU
		{A4699741-FBAB-40F8-A634-2070AE08E231}.MinSizeRel|iPhoneSimulator.ActiveCfg = Release|Any CPU
		{A4699741-FBAB-40F8-A634-2070AE08E231}.MinSizeRel|iPhoneSimulator.Build.0 = Release|Any CPU
		{A4699741-FBAB-40F8-A634-2070AE08E231}.MinSizeRel|VisualGDB.ActiveCfg = Release|Any CPU
		{A4699741-FBAB-40F8-A634-2070AE08E231}.MinSizeRel|VisualGDB.Build.0 = Release|Any CPU
		{A4699741-FBAB-40F8-A634-2070AE08E231}.MinSizeRel|x64.ActiveCfg = Release|Any CPU
		{A4699741-FBAB-40F8-A634-2070AE08E231}.MinSizeRel|x64.Build.0 = Release|Any CPU
		{A4699741-FBAB-40F8-A634-2070AE08E231}.MinSizeRel|x86.ActiveCfg = Release|Any CPU
		{A4699741-FBAB-40F8-A634-2070AE08E231}.MinSizeRel|x86.Build.0 = Release|Any CPU
		{A4699741-FBAB-40F8-A634-2070AE08E231}.Release|Any CPU.ActiveCfg = Release|Any CPU
		{A4699741-FBAB-40F8-A634-2070AE08E231}.Release|Any CPU.Build.0 = Release|Any CPU
		{A4699741-FBAB-40F8-A634-2070AE08E231}.Release|Arduino_Nano.ActiveCfg = Release|Any CPU
		{A4699741-FBAB-40F8-A634-2070AE08E231}.Release|Arduino_Nano.Build.0 = Release|Any CPU
		{A4699741-FBAB-40F8-A634-2070AE08E231}.Release|Arduino_Uno.ActiveCfg = Release|Any CPU
		{A4699741-FBAB-40F8-A634-2070AE08E231}.Release|Arduino_Uno.Build.0 = Release|Any CPU
		{A4699741-FBAB-40F8-A634-2070AE08E231}.Release|Generic_STM32F103C6_fake_STM32F103C8.ActiveCfg = Release|Any CPU
		{A4699741-FBAB-40F8-A634-2070AE08E231}.Release|Generic_STM32F103C6_fake_STM32F103C8.Build.0 = Release|Any CPU
		{A4699741-FBAB-40F8-A634-2070AE08E231}.Release|iPhone.ActiveCfg = Release|Any CPU
		{A4699741-FBAB-40F8-A634-2070AE08E231}.Release|iPhone.Build.0 = Release|Any CPU
		{A4699741-FBAB-40F8-A634-2070AE08E231}.Release|iPhoneSimulator.ActiveCfg = Release|Any CPU
		{A4699741-FBAB-40F8-A634-2070AE08E231}.Release|iPhoneSimulator.Build.0 = Release|Any CPU
		{A4699741-FBAB-40F8-A634-2070AE08E231}.Release|VisualGDB.ActiveCfg = Release|Any CPU
		{A4699741-FBAB-40F8-A634-2070AE08E231}.Release|VisualGDB.Build.0 = Release|Any CPU
		{A4699741-FBAB-40F8-A634-2070AE08E231}.Release|x64.ActiveCfg = Release|Any CPU
		{A4699741-FBAB-40F8-A634-2070AE08E231}.Release|x64.Build.0 = Release|Any CPU
		{A4699741-FBAB-40F8-A634-2070AE08E231}.Release|x86.ActiveCfg = Release|Any CPU
		{A4699741-FBAB-40F8-A634-2070AE08E231}.Release|x86.Build.0 = Release|Any CPU
		{A4699741-FBAB-40F8-A634-2070AE08E231}.RelWithDebInfo|Any CPU.ActiveCfg = Release|Any CPU
		{A4699741-FBAB-40F8-A634-2070AE08E231}.RelWithDebInfo|Any CPU.Build.0 = Release|Any CPU
		{A4699741-FBAB-40F8-A634-2070AE08E231}.RelWithDebInfo|Arduino_Nano.ActiveCfg = Release|Any CPU
		{A4699741-FBAB-40F8-A634-2070AE08E231}.RelWithDebInfo|Arduino_Nano.Build.0 = Release|Any CPU
		{A4699741-FBAB-40F8-A634-2070AE08E231}.RelWithDebInfo|Arduino_Uno.ActiveCfg = Release|Any CPU
		{A4699741-FBAB-40F8-A634-2070AE08E231}.RelWithDebInfo|Arduino_Uno.Build.0 = Release|Any CPU
		{A4699741-FBAB-40F8-A634-2070AE08E231}.RelWithDebInfo|Generic_STM32F103C6_fake_STM32F103C8.ActiveCfg = Release|Any CPU
		{A4699741-FBAB-40F8-A634-2070AE08E231}.RelWithDebInfo|Generic_STM32F103C6_fake_STM32F103C8.Build.0 = Release|Any CPU
		{A4699741-FBAB-40F8-A634-2070AE08E231}.RelWithDebInfo|iPhone.ActiveCfg = Release|Any CPU
		{A4699741-FBAB-40F8-A634-2070AE08E231}.RelWithDebInfo|iPhone.Build.0 = Release|Any CPU
		{A4699741-FBAB-40F8-A634-2070AE08E231}.RelWithDebInfo|iPhoneSimulator.ActiveCfg = Release|Any CPU
		{A4699741-FBAB-40F8-A634-2070AE08E231}.RelWithDebInfo|iPhoneSimulator.Build.0 = Release|Any CPU
		{A4699741-FBAB-40F8-A634-2070AE08E231}.RelWithDebInfo|VisualGDB.ActiveCfg = Release|Any CPU
		{A4699741-FBAB-40F8-A634-2070AE08E231}.RelWithDebInfo|VisualGDB.Build.0 = Release|Any CPU
		{A4699741-FBAB-40F8-A634-2070AE08E231}.RelWithDebInfo|x64.ActiveCfg = Release|Any CPU
		{A4699741-FBAB-40F8-A634-2070AE08E231}.RelWithDebInfo|x64.Build.0 = Release|Any CPU
		{A4699741-FBAB-40F8-A634-2070AE08E231}.RelWithDebInfo|x86.ActiveCfg = Release|Any CPU
		{A4699741-FBAB-40F8-A634-2070AE08E231}.RelWithDebInfo|x86.Build.0 = Release|Any CPU
		{BF90C8F3-5C38-4462-A096-722E3709398A}.Debug|Any CPU.ActiveCfg = Debug|VisualGDB
		{BF90C8F3-5C38-4462-A096-722E3709398A}.Debug|Arduino_Nano.ActiveCfg = Debug|VisualGDB
		{BF90C8F3-5C38-4462-A096-722E3709398A}.Debug|Arduino_Uno.ActiveCfg = Debug|Arduino_Uno
		{BF90C8F3-5C38-4462-A096-722E3709398A}.Debug|Arduino_Uno.Build.0 = Debug|Arduino_Uno
		{BF90C8F3-5C38-4462-A096-722E3709398A}.Debug|Generic_STM32F103C6_fake_STM32F103C8.ActiveCfg = Debug|Generic_STM32F103C6_fake_STM32F103C8
		{BF90C8F3-5C38-4462-A096-722E3709398A}.Debug|Generic_STM32F103C6_fake_STM32F103C8.Build.0 = Debug|Generic_STM32F103C6_fake_STM32F103C8
		{BF90C8F3-5C38-4462-A096-722E3709398A}.Debug|iPhone.ActiveCfg = Debug|VisualGDB
		{BF90C8F3-5C38-4462-A096-722E3709398A}.Debug|iPhoneSimulator.ActiveCfg = Debug|VisualGDB
		{BF90C8F3-5C38-4462-A096-722E3709398A}.Debug|VisualGDB.ActiveCfg = Debug|VisualGDB
		{BF90C8F3-5C38-4462-A096-722E3709398A}.Debug|VisualGDB.Build.0 = Debug|VisualGDB
		{BF90C8F3-5C38-4462-A096-722E3709398A}.Debug|x64.ActiveCfg = Debug|VisualGDB
		{BF90C8F3-5C38-4462-A096-722E3709398A}.Debug|x86.ActiveCfg = Debug|VisualGDB
		{BF90C8F3-5C38-4462-A096-722E3709398A}.MinSizeRel|Any CPU.ActiveCfg = Release|VisualGDB
		{BF90C8F3-5C38-4462-A096-722E3709398A}.MinSizeRel|Any CPU.Build.0 = Release|VisualGDB
		{BF90C8F3-5C38-4462-A096-722E3709398A}.MinSizeRel|Arduino_Nano.ActiveCfg = Release|VisualGDB
		{BF90C8F3-5C38-4462-A096-722E3709398A}.MinSizeRel|Arduino_Uno.ActiveCfg = MinSizeRel|Arduino_Uno
		{BF90C8F3-5C38-4462-A096-722E3709398A}.MinSizeRel|Arduino_Uno.Build.0 = MinSizeRel|Arduino_Uno
		{BF90C8F3-5C38-4462-A096-722E3709398A}.MinSizeRel|Generic_STM32F103C6_fake_STM32F103C8.ActiveCfg = MinSizeRel|Generic_STM32F103C6_fake_STM32F103C8
		{BF90C8F3-5C38-4462-A096-722E3709398A}.MinSizeRel|Generic_STM32F103C6_fake_STM32F103C8.Build.0 = MinSizeRel|Generic_STM32F103C6_fake_STM32F103C8
		{BF90C8F3-5C38-4462-A096-722E3709398A}.MinSizeRel|iPhone.ActiveCfg = Release|VisualGDB
		{BF90C8F3-5C38-4462-A096-722E3709398A}.MinSizeRel|iPhone.Build.0 = Release|VisualGDB
		{BF90C8F3-5C38-4462-A096-722E3709398A}.MinSizeRel|iPhoneSimulator.ActiveCfg = Release|VisualGDB
		{BF90C8F3-5C38-4462-A096-722E3709398A}.MinSizeRel|iPhoneSimulator.Build.0 = Release|VisualGDB
		{BF90C8F3-5C38-4462-A096-722E3709398A}.MinSizeRel|VisualGDB.ActiveCfg = Release|VisualGDB
		{BF90C8F3-5C38-4462-A096-722E3709398A}.MinSizeRel|VisualGDB.Build.0 = Release|VisualGDB
		{BF90C8F3-5C38-4462-A096-722E3709398A}.MinSizeRel|x64.ActiveCfg = Release|VisualGDB
		{BF90C8F3-5C38-4462-A096-722E3709398A}.MinSizeRel|x64.Build.0 = Release|VisualGDB
		{BF90C8F3-5C38-4462-A096-722E3709398A}.MinSizeRel|x86.ActiveCfg = Release|VisualGDB
		{BF90C8F3-5C38-4462-A096-722E3709398A}.MinSizeRel|x86.Build.0 = Release|VisualGDB
		{BF90C8F3-5C38-4462-A096-722E3709398A}.Release|Any CPU.ActiveCfg = Release|VisualGDB
		{BF90C8F3-5C38-4462-A096-722E3709398A}.Release|Arduino_Nano.ActiveCfg = Release|VisualGDB
		{BF90C8F3-5C38-4462-A096-722E3709398A}.Release|Arduino_Uno.ActiveCfg = Release|Arduino_Uno
		{BF90C8F3-5C38-4462-A096-722E3709398A}.Release|Arduino_Uno.Build.0 = Release|Arduino_Uno
		{BF90C8F3-5C38-4462-A096-722E3709398A}.Release|Generic_STM32F103C6_fake_STM32F103C8.ActiveCfg = Release|Generic_STM32F103C6_fake_STM32F103C8
		{BF90C8F3-5C38-4462-A096-722E3709398A}.Release|Generic_STM32F103C6_fake_STM32F103C8.Build.0 = Release|Generic_STM32F103C6_fake_STM32F103C8
		{BF90C8F3-5C38-4462-A096-722E3709398A}.Release|iPhone.ActiveCfg = Release|VisualGDB
		{BF90C8F3-5C38-4462-A096-722E3709398A}.Release|iPhoneSimulator.ActiveCfg = Release|VisualGDB
		{BF90C8F3-5C38-4462-A096-722E3709398A}.Release|VisualGDB.ActiveCfg = Release|VisualGDB
		{BF90C8F3-5C38-4462-A096-722E3709398A}.Release|VisualGDB.Build.0 = Release|VisualGDB
		{BF90C8F3-5C38-4462-A096-722E3709398A}.Release|x64.ActiveCfg = Release|VisualGDB
		{BF90C8F3-5C38-4462-A096-722E3709398A}.Release|x86.ActiveCfg = Release|VisualGDB
		{BF90C8F3-5C38-4462-A096-722E3709398A}.RelWithDebInfo|Any CPU.ActiveCfg = Release|VisualGDB
		{BF90C8F3-5C38-4462-A096-722E3709398A}.RelWithDebInfo|Any CPU.Build.0 = Release|VisualGDB
		{BF90C8F3-5C38-4462-A096-722E3709398A}.RelWithDebInfo|Arduino_Nano.ActiveCfg = Release|VisualGDB
		{BF90C8F3-5C38-4462-A096-722E3709398A}.RelWithDebInfo|Arduino_Uno.ActiveCfg = RelWithDebInfo|Arduino_Uno
		{BF90C8F3-5C38-4462-A096-722E3709398A}.RelWithDebInfo|Arduino_Uno.Build.0 = RelWithDebInfo|Arduino_Uno
		{BF90C8F3-5C38-4462-A096-722E3709398A}.RelWithDebInfo|Generic_STM32F103C6_fake_STM32F103C8.ActiveCfg = RelWithDebInfo|Generic_STM32F103C6_fake_STM32F103C8
		{BF90C8F3-5C38-4462-A096-722E3709398A}.RelWithDebInfo|Generic_STM32F103C6_fake_STM32F103C8.Build.0 = RelWithDebInfo|Generic_STM32F103C6_fake_STM32F103C8
		{BF90C8F3-5C38-4462-A096-722E3709398A}.RelWithDebInfo|iPhone.ActiveCfg = Release|VisualGDB
		{BF90C8F3-5C38-4462-A096-722E3709398A}.RelWithDebInfo|iPhone.Build.0 = Release|VisualGDB
		{BF90C8F3-5C38-4462-A096-722E3709398A}.RelWithDebInfo|iPhoneSimulator.ActiveCfg = Release|VisualGDB
		{BF90C8F3-5C38-4462-A096-722E3709398A}.RelWithDebInfo|iPhoneSimulator.Build.0 = Release|VisualGDB
		{BF90C8F3-5C38-4462-A096-722E3709398A}.RelWithDebInfo|VisualGDB.ActiveCfg = Release|VisualGDB
		{BF90C8F3-5C38-4462-A096-722E3709398A}.RelWithDebInfo|VisualGDB.Build.0 = Release|VisualGDB
		{BF90C8F3-5C38-4462-A096-722E3709398A}.RelWithDebInfo|x64.ActiveCfg = Release|VisualGDB
		{BF90C8F3-5C38-4462-A096-722E3709398A}.RelWithDebInfo|x64.Build.0 = Release|VisualGDB
		{BF90C8F3-5C38-4462-A096-722E3709398A}.RelWithDebInfo|x86.ActiveCfg = Release|VisualGDB
		{BF90C8F3-5C38-4462-A096-722E3709398A}.RelWithDebInfo|x86.Build.0 = Release|VisualGDB
		{C7AFE0C7-D6DD-42D6-8EC5-618ADC8F08C5}.Debug|Any CPU.ActiveCfg = Debug|VisualGDB
		{C7AFE0C7-D6DD-42D6-8EC5-618ADC8F08C5}.Debug|Any CPU.Build.0 = Debug|VisualGDB
		{C7AFE0C7-D6DD-42D6-8EC5-618ADC8F08C5}.Debug|Arduino_Nano.ActiveCfg = Debug|VisualGDB
		{C7AFE0C7-D6DD-42D6-8EC5-618ADC8F08C5}.Debug|Arduino_Uno.ActiveCfg = Debug|Arduino_Uno
		{C7AFE0C7-D6DD-42D6-8EC5-618ADC8F08C5}.Debug|Arduino_Uno.Build.0 = Debug|Arduino_Uno
		{C7AFE0C7-D6DD-42D6-8EC5-618ADC8F08C5}.Debug|Generic_STM32F103C6_fake_STM32F103C8.ActiveCfg = Debug|Generic_STM32F103C6_fake_STM32F103C8
		{C7AFE0C7-D6DD-42D6-8EC5-618ADC8F08C5}.Debug|Generic_STM32F103C6_fake_STM32F103C8.Build.0 = Debug|Generic_STM32F103C6_fake_STM32F103C8
		{C7AFE0C7-D6DD-42D6-8EC5-618ADC8F08C5}.Debug|iPhone.ActiveCfg = Debug|VisualGDB
		{C7AFE0C7-D6DD-42D6-8EC5-618ADC8F08C5}.Debug|iPhone.Build.0 = Debug|VisualGDB
		{C7AFE0C7-D6DD-42D6-8EC5-618ADC8F08C5}.Debug|iPhoneSimulator.ActiveCfg = Debug|VisualGDB
		{C7AFE0C7-D6DD-42D6-8EC5-618ADC8F08C5}.Debug|iPhoneSimulator.Build.0 = Debug|VisualGDB
		{C7AFE0C7-D6DD-42D6-8EC5-618ADC8F08C5}.Debug|VisualGDB.ActiveCfg = Debug|VisualGDB
		{C7AFE0C7-D6DD-42D6-8EC5-618ADC8F08C5}.Debug|VisualGDB.Build.0 = Debug|VisualGDB
		{C7AFE0C7-D6DD-42D6-8EC5-618ADC8F08C5}.Debug|x64.ActiveCfg = Debug|VisualGDB
		{C7AFE0C7-D6DD-42D6-8EC5-618ADC8F08C5}.Debug|x64.Build.0 = Debug|VisualGDB
		{C7AFE0C7-D6DD-42D6-8EC5-618ADC8F08C5}.Debug|x86.ActiveCfg = Debug|VisualGDB
		{C7AFE0C7-D6DD-42D6-8EC5-618ADC8F08C5}.Debug|x86.Build.0 = Debug|VisualGDB
		{C7AFE0C7-D6DD-42D6-8EC5-618ADC8F08C5}.MinSizeRel|Any CPU.ActiveCfg = Release|VisualGDB
		{C7AFE0C7-D6DD-42D6-8EC5-618ADC8F08C5}.MinSizeRel|Any CPU.Build.0 = Release|VisualGDB
		{C7AFE0C7-D6DD-42D6-8EC5-618ADC8F08C5}.MinSizeRel|Arduino_Nano.ActiveCfg = Release|VisualGDB
		{C7AFE0C7-D6DD-42D6-8EC5-618ADC8F08C5}.MinSizeRel|Arduino_Uno.ActiveCfg = MinSizeRel|Arduino_Uno
		{C7AFE0C7-D6DD-42D6-8EC5-618ADC8F08C5}.MinSizeRel|Arduino_Uno.Build.0 = MinSizeRel|Arduino_Uno
		{C7AFE0C7-D6DD-42D6-8EC5-618ADC8F08C5}.MinSizeRel|Generic_STM32F103C6_fake_STM32F103C8.ActiveCfg = MinSizeRel|Generic_STM32F103C6_fake_STM32F103C8
		{C7AFE0C7-D6DD-42D6-8EC5-618ADC8F08C5}.MinSizeRel|Generic_STM32F103C6_fake_STM32F103C8.Build.0 = MinSizeRel|Generic_STM32F103C6_fake_STM32F103C8
		{C7AFE0C7-D6DD-42D6-8EC5-618ADC8F08C5}.MinSizeRel|iPhone.ActiveCfg = Release|VisualGDB
		{C7AFE0C7-D6DD-42D6-8EC5-618ADC8F08C5}.MinSizeRel|iPhone.Build.0 = Release|VisualGDB
		{C7AFE0C7-D6DD-42D6-8EC5-618ADC8F08C5}.MinSizeRel|iPhoneSimulator.ActiveCfg = Release|VisualGDB
		{C7AFE0C7-D6DD-42D6-8EC5-618ADC8F08C5}.MinSizeRel|iPhoneSimulator.Build.0 = Release|VisualGDB
		{C7AFE0C7-D6DD-42D6-8EC5-618ADC8F08C5}.MinSizeRel|VisualGDB.ActiveCfg = Release|VisualGDB
		{C7AFE0C7-D6DD-42D6-8EC5-618ADC8F08C5}.MinSizeRel|VisualGDB.Build.0 = Release|VisualGDB
		{C7AFE0C7-D6DD-42D6-8EC5-618ADC8F08C5}.MinSizeRel|x64.ActiveCfg = Release|VisualGDB
		{C7AFE0C7-D6DD-42D6-8EC5-618ADC8F08C5}.MinSizeRel|x64.Build.0 = Release|VisualGDB
		{C7AFE0C7-D6DD-42D6-8EC5-618ADC8F08C5}.MinSizeRel|x86.ActiveCfg = Release|VisualGDB
		{C7AFE0C7-D6DD-42D6-8EC5-618ADC8F08C5}.MinSizeRel|x86.Build.0 = Release|VisualGDB
		{C7AFE0C7-D6DD-42D6-8EC5-618ADC8F08C5}.Release|Any CPU.ActiveCfg = Release|VisualGDB
		{C7AFE0C7-D6DD-42D6-8EC5-618ADC8F08C5}.Release|Any CPU.Build.0 = Release|VisualGDB
		{C7AFE0C7-D6DD-42D6-8EC5-618ADC8F08C5}.Release|Arduino_Nano.ActiveCfg = Release|VisualGDB
		{C7AFE0C7-D6DD-42D6-8EC5-618ADC8F08C5}.Release|Arduino_Uno.ActiveCfg = Release|Arduino_Uno
		{C7AFE0C7-D6DD-42D6-8EC5-618ADC8F08C5}.Release|Arduino_Uno.Build.0 = Release|Arduino_Uno
		{C7AFE0C7-D6DD-42D6-8EC5-618ADC8F08C5}.Release|Generic_STM32F103C6_fake_STM32F103C8.ActiveCfg = Release|Generic_STM32F103C6_fake_STM32F103C8
		{C7AFE0C7-D6DD-42D6-8EC5-618ADC8F08C5}.Release|Generic_STM32F103C6_fake_STM32F103C8.Build.0 = Release|Generic_STM32F103C6_fake_STM32F103C8
		{C7AFE0C7-D6DD-42D6-8EC5-618ADC8F08C5}.Release|iPhone.ActiveCfg = Release|VisualGDB
		{C7AFE0C7-D6DD-42D6-8EC5-618ADC8F08C5}.Release|iPhone.Build.0 = Release|VisualGDB
		{C7AFE0C7-D6DD-42D6-8EC5-618ADC8F08C5}.Release|iPhoneSimulator.ActiveCfg = Release|VisualGDB
		{C7AFE0C7-D6DD-42D6-8EC5-618ADC8F08C5}.Release|iPhoneSimulator.Build.0 = Release|VisualGDB
		{C7AFE0C7-D6DD-42D6-8EC5-618ADC8F08C5}.Release|VisualGDB.ActiveCfg = Release|VisualGDB
		{C7AFE0C7-D6DD-42D6-8EC5-618ADC8F08C5}.Release|VisualGDB.Build.0 = Release|VisualGDB
		{C7AFE0C7-D6DD-42D6-8EC5-618ADC8F08C5}.Release|x64.ActiveCfg = Release|VisualGDB
		{C7AFE0C7-D6DD-42D6-8EC5-618ADC8F08C5}.Release|x64.Build.0 = Release|VisualGDB
		{C7AFE0C7-D6DD-42D6-8EC5-618ADC8F08C5}.Release|x86.ActiveCfg = Release|VisualGDB
		{C7AFE0C7-D6DD-42D6-8EC5-618ADC8F08C5}.Release|x86.Build.0 = Release|VisualGDB
		{C7AFE0C7-D6DD-42D6-8EC5-618ADC8F08C5}.RelWithDebInfo|Any CPU.ActiveCfg = Release|VisualGDB
		{C7AFE0C7-D6DD-42D6-8EC5-618ADC8F08C5}.RelWithDebInfo|Any CPU.Build.0 = Release|VisualGDB
		{C7AFE0C7-D6DD-42D6-8EC5-618ADC8F08C5}.RelWithDebInfo|Arduino_Nano.ActiveCfg = Release|VisualGDB
		{C7AFE0C7-D6DD-42D6-8EC5-618ADC8F08C5}.RelWithDebInfo|Arduino_Uno.ActiveCfg = RelWithDebInfo|Arduino_Uno
		{C7AFE0C7-D6DD-42D6-8EC5-618ADC8F08C5}.RelWithDebInfo|Arduino_Uno.Build.0 = RelWithDebInfo|Arduino_Uno
		{C7AFE0C7-D6DD-42D6-8EC5-618ADC8F08C5}.RelWithDebInfo|Generic_STM32F103C6_fake_STM32F103C8.ActiveCfg = RelWithDebInfo|Generic_STM32F103C6_fake_STM32F103C8
		{C7AFE0C7-D6DD-42D6-8EC5-618ADC8F08C5}.RelWithDebInfo|Generic_STM32F103C6_fake_STM32F103C8.Build.0 = RelWithDebInfo|Generic_STM32F103C6_fake_STM32F103C8
		{C7AFE0C7-D6DD-42D6-8EC5-618ADC8F08C5}.RelWithDebInfo|iPhone.ActiveCfg = Release|VisualGDB
		{C7AFE0C7-D6DD-42D6-8EC5-618ADC8F08C5}.RelWithDebInfo|iPhone.Build.0 = Release|VisualGDB
		{C7AFE0C7-D6DD-42D6-8EC5-618ADC8F08C5}.RelWithDebInfo|iPhoneSimulator.ActiveCfg = Release|VisualGDB
		{C7AFE0C7-D6DD-42D6-8EC5-618ADC8F08C5}.RelWithDebInfo|iPhoneSimulator.Build.0 = Release|VisualGDB
		{C7AFE0C7-D6DD-42D6-8EC5-618ADC8F08C5}.RelWithDebInfo|VisualGDB.ActiveCfg = Release|VisualGDB
		{C7AFE0C7-D6DD-42D6-8EC5-618ADC8F08C5}.RelWithDebInfo|VisualGDB.Build.0 = Release|VisualGDB
		{C7AFE0C7-D6DD-42D6-8EC5-618ADC8F08C5}.RelWithDebInfo|x64.ActiveCfg = Release|VisualGDB
		{C7AFE0C7-D6DD-42D6-8EC5-618ADC8F08C5}.RelWithDebInfo|x64.Build.0 = Release|VisualGDB
		{C7AFE0C7-D6DD-42D6-8EC5-618ADC8F08C5}.RelWithDebInfo|x86.ActiveCfg = Release|VisualGDB
		{C7AFE0C7-D6DD-42D6-8EC5-618ADC8F08C5}.RelWithDebInfo|x86.Build.0 = Release|VisualGDB
		{2991EE1E-125D-40BA-BE5B-B4DFE52B482F}.Debug|Any CPU.ActiveCfg = Debug|Arduino_Nano
		{2991EE1E-125D-40BA-BE5B-B4DFE52B482F}.Debug|Arduino_Nano.ActiveCfg = Debug|Arduino_Nano
		{2991EE1E-125D-40BA-BE5B-B4DFE52B482F}.Debug|Arduino_Nano.Build.0 = Debug|Arduino_Nano
		{2991EE1E-125D-40BA-BE5B-B4DFE52B482F}.Debug|Arduino_Uno.ActiveCfg = Debug|Arduino_Uno
		{2991EE1E-125D-40BA-BE5B-B4DFE52B482F}.Debug|Arduino_Uno.Build.0 = Debug|Arduino_Uno
		{2991EE1E-125D-40BA-BE5B-B4DFE52B482F}.Debug|Generic_STM32F103C6_fake_STM32F103C8.ActiveCfg = Debug|Generic_STM32F103C6_fake_STM32F103C8
		{2991EE1E-125D-40BA-BE5B-B4DFE52B482F}.Debug|Generic_STM32F103C6_fake_STM32F103C8.Build.0 = Debug|Generic_STM32F103C6_fake_STM32F103C8
		{2991EE1E-125D-40BA-BE5B-B4DFE52B482F}.Debug|iPhone.ActiveCfg = Debug|Arduino_Nano
		{2991EE1E-125D-40BA-BE5B-B4DFE52B482F}.Debug|iPhoneSimulator.ActiveCfg = Debug|Arduino_Nano
		{2991EE1E-125D-40BA-BE5B-B4DFE52B482F}.Debug|VisualGDB.ActiveCfg = Debug|Arduino_Nano
		{2991EE1E-125D-40BA-BE5B-B4DFE52B482F}.Debug|x64.ActiveCfg = Debug|Arduino_Nano
		{2991EE1E-125D-40BA-BE5B-B4DFE52B482F}.Debug|x86.ActiveCfg = Debug|Arduino_Nano
		{2991EE1E-125D-40BA-BE5B-B4DFE52B482F}.MinSizeRel|Any CPU.ActiveCfg = Debug|Arduino_Nano
		{2991EE1E-125D-40BA-BE5B-B4DFE52B482F}.MinSizeRel|Any CPU.Build.0 = Debug|Arduino_Nano
		{2991EE1E-125D-40BA-BE5B-B4DFE52B482F}.MinSizeRel|Arduino_Nano.ActiveCfg = Debug|Arduino_Nano
		{2991EE1E-125D-40BA-BE5B-B4DFE52B482F}.MinSizeRel|Arduino_Nano.Build.0 = Debug|Arduino_Nano
		{2991EE1E-125D-40BA-BE5B-B4DFE52B482F}.MinSizeRel|Arduino_Uno.ActiveCfg = MinSizeRel|Arduino_Uno
		{2991EE1E-125D-40BA-BE5B-B4DFE52B482F}.MinSizeRel|Arduino_Uno.Build.0 = MinSizeRel|Arduino_Uno
		{2991EE1E-125D-40BA-BE5B-B4DFE52B482F}.MinSizeRel|Generic_STM32F103C6_fake_STM32F103C8.ActiveCfg = MinSizeRel|Generic_STM32F103C6_fake_STM32F103C8
		{2991EE1E-125D-40BA-BE5B-B4DFE52B482F}.MinSizeRel|Generic_STM32F103C6_fake_STM32F103C8.Build.0 = MinSizeRel|Generic_STM32F103C6_fake_STM32F103C8
		{2991EE1E-125D-40BA-BE5B-B4DFE52B482F}.MinSizeRel|iPhone.ActiveCfg = Debug|Arduino_Nano
		{2991EE1E-125D-40BA-BE5B-B4DFE52B482F}.MinSizeRel|iPhone.Build.0 = Debug|Arduino_Nano
		{2991EE1E-125D-40BA-BE5B-B4DFE52B482F}.MinSizeRel|iPhoneSimulator.ActiveCfg = Debug|Arduino_Nano
		{2991EE1E-125D-40BA-BE5B-B4DFE52B482F}.MinSizeRel|iPhoneSimulator.Build.0 = Debug|Arduino_Nano
		{2991EE1E-125D-40BA-BE5B-B4DFE52B482F}.MinSizeRel|VisualGDB.ActiveCfg = Debug|Arduino_Nano
		{2991EE1E-125D-40BA-BE5B-B4DFE52B482F}.MinSizeRel|VisualGDB.Build.0 = Debug|Arduino_Nano
		{2991EE1E-125D-40BA-BE5B-B4DFE52B482F}.MinSizeRel|x64.ActiveCfg = Debug|Arduino_Nano
		{2991EE1E-125D-40BA-BE5B-B4DFE52B482F}.MinSizeRel|x64.Build.0 = Debug|Arduino_Nano
		{2991EE1E-125D-40BA-BE5B-B4DFE52B482F}.MinSizeRel|x86.ActiveCfg = Debug|Arduino_Nano
		{2991EE1E-125D-40BA-BE5B-B4DFE52B482F}.MinSizeRel|x86.Build.0 = Debug|Arduino_Nano
		{2991EE1E-125D-40BA-BE5B-B4DFE52B482F}.Release|Any CPU.ActiveCfg = Release|Arduino_Nano
		{2991EE1E-125D-40BA-BE5B-B4DFE52B482F}.Release|Arduino_Nano.ActiveCfg = Release|Arduino_Nano
		{2991EE1E-125D-40BA-BE5B-B4DFE52B482F}.Release|Arduino_Nano.Build.0 = Release|Arduino_Nano
		{2991EE1E-125D-40BA-BE5B-B4DFE52B482F}.Release|Arduino_Uno.ActiveCfg = Release|Arduino_Uno
		{2991EE1E-125D-40BA-BE5B-B4DFE52B482F}.Release|Arduino_Uno.Build.0 = Release|Arduino_Uno
		{2991EE1E-125D-40BA-BE5B-B4DFE52B482F}.Release|Generic_STM32F103C6_fake_STM32F103C8.ActiveCfg = Release|Generic_STM32F103C6_fake_STM32F103C8
		{2991EE1E-125D-40BA-BE5B-B4DFE52B482F}.Release|Generic_STM32F103C6_fake_STM32F103C8.Build.0 = Release|Generic_STM32F103C6_fake_STM32F103C8
		{2991EE1E-125D-40BA-BE5B-B4DFE52B482F}.Release|iPhone.ActiveCfg = Release|Arduino_Nano
		{2991EE1E-125D-40BA-BE5B-B4DFE52B482F}.Release|iPhoneSimulator.ActiveCfg = Release|Arduino_Nano
		{2991EE1E-125D-40BA-BE5B-B4DFE52B482F}.Release|VisualGDB.ActiveCfg = Release|Arduino_Nano
		{2991EE1E-125D-40BA-BE5B-B4DFE52B482F}.Release|x64.ActiveCfg = Release|Arduino_Nano
		{2991EE1E-125D-40BA-BE5B-B4DFE52B482F}.Release|x86.ActiveCfg = Release|Arduino_Nano
		{2991EE1E-125D-40BA-BE5B-B4DFE52B482F}.RelWithDebInfo|Any CPU.ActiveCfg = Debug|Arduino_Nano
		{2991EE1E-125D-40BA-BE5B-B4DFE52B482F}.RelWithDebInfo|Any CPU.Build.0 = Debug|Arduino_Nano
		{2991EE1E-125D-40BA-BE5B-B4DFE52B482F}.RelWithDebInfo|Arduino_Nano.ActiveCfg = Release|Arduino_Nano
		{2991EE1E-125D-40BA-BE5B-B4DFE52B482F}.RelWithDebInfo|Arduino_Nano.Build.0 = Release|Arduino_Nano
		{2991EE1E-125D-40BA-BE5B-B4DFE52B482F}.RelWithDebInfo|Arduino_Uno.ActiveCfg = RelWithDebInfo|Arduino_Uno
		{2991EE1E-125D-40BA-BE5B-B4DFE52B482F}.RelWithDebInfo|Arduino_Uno.Build.0 = RelWithDebInfo|Arduino_Uno
		{2991EE1E-125D-40BA-BE5B-B4DFE52B482F}.RelWithDebInfo|Generic_STM32F103C6_fake_STM32F103C8.ActiveCfg = RelWithDebInfo|Generic_STM32F103C6_fake_STM32F103C8
		{2991EE1E-125D-40BA-BE5B-B4DFE52B482F}.RelWithDebInfo|Generic_STM32F103C6_fake_STM32F103C8.Build.0 = RelWithDebInfo|Generic_STM32F103C6_fake_STM32F103C8
		{2991EE1E-125D-40BA-BE5B-B4DFE52B482F}.RelWithDebInfo|iPhone.ActiveCfg = Debug|Arduino_Nano
		{2991EE1E-125D-40BA-BE5B-B4DFE52B482F}.RelWithDebInfo|iPhone.Build.0 = Debug|Arduino_Nano
		{2991EE1E-125D-40BA-BE5B-B4DFE52B482F}.RelWithDebInfo|iPhoneSimulator.ActiveCfg = Debug|Arduino_Nano
		{2991EE1E-125D-40BA-BE5B-B4DFE52B482F}.RelWithDebInfo|iPhoneSimulator.Build.0 = Debug|Arduino_Nano
		{2991EE1E-125D-40BA-BE5B-B4DFE52B482F}.RelWithDebInfo|VisualGDB.ActiveCfg = Debug|Arduino_Nano
		{2991EE1E-125D-40BA-BE5B-B4DFE52B482F}.RelWithDebInfo|VisualGDB.Build.0 = Debug|Arduino_Nano
		{2991EE1E-125D-40BA-BE5B-B4DFE52B482F}.RelWithDebInfo|x64.ActiveCfg = Debug|Arduino_Nano
		{2991EE1E-125D-40BA-BE5B-B4DFE52B482F}.RelWithDebInfo|x64.Build.0 = Debug|Arduino_Nano
		{2991EE1E-125D-40BA-BE5B-B4DFE52B482F}.RelWithDebInfo|x86.ActiveCfg = Debug|Arduino_Nano
		{2991EE1E-125D-40BA-BE5B-B4DFE52B482F}.RelWithDebInfo|x86.Build.0 = Debug|Arduino_Nano
		{04E12B90-7584-42D1-8473-38873B9B683A}.Debug|Any CPU.ActiveCfg = Debug|Win32
		{04E12B90-7584-42D1-8473-38873B9B683A}.Debug|Arduino_Nano.ActiveCfg = Debug|Win32
		{04E12B90-7584-42D1-8473-38873B9B683A}.Debug|Arduino_Uno.ActiveCfg = Debug|Arduino_Uno
		{04E12B90-7584-42D1-8473-38873B9B683A}.Debug|Arduino_Uno.Build.0 = Debug|Arduino_Uno
		{04E12B90-7584-42D1-8473-38873B9B683A}.Debug|Generic_STM32F103C6_fake_STM32F103C8.ActiveCfg = Debug|Generic_STM32F103C6_fake_STM32F103C8
		{04E12B90-7584-42D1-8473-38873B9B683A}.Debug|Generic_STM32F103C6_fake_STM32F103C8.Build.0 = Debug|Generic_STM32F103C6_fake_STM32F103C8
		{04E12B90-7584-42D1-8473-38873B9B683A}.Debug|iPhone.ActiveCfg = Debug|Win32
		{04E12B90-7584-42D1-8473-38873B9B683A}.Debug|iPhoneSimulator.ActiveCfg = Debug|Win32
		{04E12B90-7584-42D1-8473-38873B9B683A}.Debug|VisualGDB.ActiveCfg = Debug|Win32
		{04E12B90-7584-42D1-8473-38873B9B683A}.Debug|x64.ActiveCfg = Debug|x64
		{04E12B90-7584-42D1-8473-38873B9B683A}.Debug|x64.Build.0 = Debug|x64
		{04E12B90-7584-42D1-8473-38873B9B683A}.Debug|x86.ActiveCfg = Debug|Win32
		{04E12B90-7584-42D1-8473-38873B9B683A}.Debug|x86.Build.0 = Debug|Win32
		{04E12B90-7584-42D1-8473-38873B9B683A}.MinSizeRel|Any CPU.ActiveCfg = Debug|Win32
		{04E12B90-7584-42D1-8473-38873B9B683A}.MinSizeRel|Any CPU.Build.0 = Debug|Win32
		{04E12B90-7584-42D1-8473-38873B9B683A}.MinSizeRel|Arduino_Nano.ActiveCfg = Debug|Win32
		{04E12B90-7584-42D1-8473-38873B9B683A}.MinSizeRel|Arduino_Nano.Build.0 = Debug|Win32
		{04E12B90-7584-42D1-8473-38873B9B683A}.MinSizeRel|Arduino_Uno.ActiveCfg = MinSizeRel|Arduino_Uno
		{04E12B90-7584-42D1-8473-38873B9B683A}.MinSizeRel|Arduino_Uno.Build.0 = MinSizeRel|Arduino_Uno
		{04E12B90-7584-42D1-8473-38873B9B683A}.MinSizeRel|Generic_STM32F103C6_fake_STM32F103C8.ActiveCfg = MinSizeRel|Generic_STM32F103C6_fake_STM32F103C8
		{04E12B90-7584-42D1-8473-38873B9B683A}.MinSizeRel|Generic_STM32F103C6_fake_STM32F103C8.Build.0 = MinSizeRel|Generic_STM32F103C6_fake_STM32F103C8
		{04E12B90-7584-42D1-8473-38873B9B683A}.MinSizeRel|iPhone.ActiveCfg = Debug|Win32
		{04E12B90-7584-42D1-8473-38873B9B683A}.MinSizeRel|iPhone.Build.0 = Debug|Win32
		{04E12B90-7584-42D1-8473-38873B9B683A}.MinSizeRel|iPhoneSimulator.ActiveCfg = Debug|Win32
		{04E12B90-7584-42D1-8473-38873B9B683A}.MinSizeRel|iPhoneSimulator.Build.0 = Debug|Win32
		{04E12B90-7584-42D1-8473-38873B9B683A}.MinSizeRel|VisualGDB.ActiveCfg = Debug|Win32
		{04E12B90-7584-42D1-8473-38873B9B683A}.MinSizeRel|VisualGDB.Build.0 = Debug|Win32
		{04E12B90-7584-42D1-8473-38873B9B683A}.MinSizeRel|x64.ActiveCfg = Debug|x64
		{04E12B90-7584-42D1-8473-38873B9B683A}.MinSizeRel|x64.Build.0 = Debug|x64
		{04E12B90-7584-42D1-8473-38873B9B683A}.MinSizeRel|x86.ActiveCfg = Debug|Win32
		{04E12B90-7584-42D1-8473-38873B9B683A}.MinSizeRel|x86.Build.0 = Debug|Win32
		{04E12B90-7584-42D1-8473-38873B9B683A}.Release|Any CPU.ActiveCfg = Release|Win32
		{04E12B90-7584-42D1-8473-38873B9B683A}.Release|Arduino_Nano.ActiveCfg = Release|Win32
		{04E12B90-7584-42D1-8473-38873B9B683A}.Release|Arduino_Uno.ActiveCfg = Release|Arduino_Uno
		{04E12B90-7584-42D1-8473-38873B9B683A}.Release|Arduino_Uno.Build.0 = Release|Arduino_Uno
		{04E12B90-7584-42D1-8473-38873B9B683A}.Release|Generic_STM32F103C6_fake_STM32F103C8.ActiveCfg = Release|Generic_STM32F103C6_fake_STM32F103C8
		{04E12B90-7584-42D1-8473-38873B9B683A}.Release|Generic_STM32F103C6_fake_STM32F103C8.Build.0 = Release|Generic_STM32F103C6_fake_STM32F103C8
		{04E12B90-7584-42D1-8473-38873B9B683A}.Release|iPhone.ActiveCfg = Release|Win32
		{04E12B90-7584-42D1-8473-38873B9B683A}.Release|iPhoneSimulator.ActiveCfg = Release|Win32
		{04E12B90-7584-42D1-8473-38873B9B683A}.Release|VisualGDB.ActiveCfg = Release|Win32
		{04E12B90-7584-42D1-8473-38873B9B683A}.Release|x64.ActiveCfg = Release|x64
		{04E12B90-7584-42D1-8473-38873B9B683A}.Release|x64.Build.0 = Release|x64
		{04E12B90-7584-42D1-8473-38873B9B683A}.Release|x86.ActiveCfg = Release|Win32
		{04E12B90-7584-42D1-8473-38873B9B683A}.Release|x86.Build.0 = Release|Win32
		{04E12B90-7584-42D1-8473-38873B9B683A}.RelWithDebInfo|Any CPU.ActiveCfg = Debug|Win32
		{04E12B90-7584-42D1-8473-38873B9B683A}.RelWithDebInfo|Any CPU.Build.0 = Debug|Win32
		{04E12B90-7584-42D1-8473-38873B9B683A}.RelWithDebInfo|Arduino_Nano.ActiveCfg = Debug|Win32
		{04E12B90-7584-42D1-8473-38873B9B683A}.RelWithDebInfo|Arduino_Nano.Build.0 = Debug|Win32
		{04E12B90-7584-42D1-8473-38873B9B683A}.RelWithDebInfo|Arduino_Uno.ActiveCfg = RelWithDebInfo|Arduino_Uno
		{04E12B90-7584-42D1-8473-38873B9B683A}.RelWithDebInfo|Arduino_Uno.Build.0 = RelWithDebInfo|Arduino_Uno
		{04E12B90-7584-42D1-8473-38873B9B683A}.RelWithDebInfo|Generic_STM32F103C6_fake_STM32F103C8.ActiveCfg = RelWithDebInfo|Generic_STM32F103C6_fake_STM32F103C8
		{04E12B90-7584-42D1-8473-38873B9B683A}.RelWithDebInfo|Generic_STM32F103C6_fake_STM32F103C8.Build.0 = RelWithDebInfo|Generic_STM32F103C6_fake_STM32F103C8
		{04E12B90-7584-42D1-8473-38873B9B683A}.RelWithDebInfo|iPhone.ActiveCfg = Debug|Win32
		{04E12B90-7584-42D1-8473-38873B9B683A}.RelWithDebInfo|iPhone.Build.0 = Debug|Win32
		{04E12B90-7584-42D1-8473-38873B9B683A}.RelWithDebInfo|iPhoneSimulator.ActiveCfg = Debug|Win32
		{04E12B90-7584-42D1-8473-38873B9B683A}.RelWithDebInfo|iPhoneSimulator.Build.0 = Debug|Win32
		{04E12B90-7584-42D1-8473-38873B9B683A}.RelWithDebInfo|VisualGDB.ActiveCfg = Debug|Win32
		{04E12B90-7584-42D1-8473-38873B9B683A}.RelWithDebInfo|VisualGDB.Build.0 = Debug|Win32
		{04E12B90-7584-42D1-8473-38873B9B683A}.RelWithDebInfo|x64.ActiveCfg = Release|x64
		{04E12B90-7584-42D1-8473-38873B9B683A}.RelWithDebInfo|x64.Build.0 = Release|x64
		{04E12B90-7584-42D1-8473-38873B9B683A}.RelWithDebInfo|x86.ActiveCfg = Release|Win32
		{04E12B90-7584-42D1-8473-38873B9B683A}.RelWithDebInfo|x86.Build.0 = Release|Win32
		{B531FC9D-3440-4FB7-A88C-DE583B31A17F}.Debug|Any CPU.ActiveCfg = Debug|Win32
		{B531FC9D-3440-4FB7-A88C-DE583B31A17F}.Debug|Arduino_Nano.ActiveCfg = Debug|Win32
		{B531FC9D-3440-4FB7-A88C-DE583B31A17F}.Debug|Arduino_Uno.ActiveCfg = Debug|Arduino_Uno
		{B531FC9D-3440-4FB7-A88C-DE583B31A17F}.Debug|Arduino_Uno.Build.0 = Debug|Arduino_Uno
		{B531FC9D-3440-4FB7-A88C-DE583B31A17F}.Debug|Generic_STM32F103C6_fake_STM32F103C8.ActiveCfg = Debug|Generic_STM32F103C6_fake_STM32F103C8
		{B531FC9D-3440-4FB7-A88C-DE583B31A17F}.Debug|Generic_STM32F103C6_fake_STM32F103C8.Build.0 = Debug|Generic_STM32F103C6_fake_STM32F103C8
		{B531FC9D-3440-4FB7-A88C-DE583B31A17F}.Debug|iPhone.ActiveCfg = Debug|Win32
		{B531FC9D-3440-4FB7-A88C-DE583B31A17F}.Debug|iPhoneSimulator.ActiveCfg = Debug|Win32
		{B531FC9D-3440-4FB7-A88C-DE583B31A17F}.Debug|VisualGDB.ActiveCfg = Debug|Win32
		{B531FC9D-3440-4FB7-A88C-DE583B31A17F}.Debug|x64.ActiveCfg = Debug|x64
		{B531FC9D-3440-4FB7-A88C-DE583B31A17F}.Debug|x64.Build.0 = Debug|x64
		{B531FC9D-3440-4FB7-A88C-DE583B31A17F}.Debug|x86.ActiveCfg = Debug|Win32
		{B531FC9D-3440-4FB7-A88C-DE583B31A17F}.Debug|x86.Build.0 = Debug|Win32
		{B531FC9D-3440-4FB7-A88C-DE583B31A17F}.MinSizeRel|Any CPU.ActiveCfg = Debug|Win32
		{B531FC9D-3440-4FB7-A88C-DE583B31A17F}.MinSizeRel|Any CPU.Build.0 = Debug|Win32
		{B531FC9D-3440-4FB7-A88C-DE583B31A17F}.MinSizeRel|Arduino_Nano.ActiveCfg = Debug|Win32
		{B531FC9D-3440-4FB7-A88C-DE583B31A17F}.MinSizeRel|Arduino_Nano.Build.0 = Debug|Win32
		{B531FC9D-3440-4FB7-A88C-DE583B31A17F}.MinSizeRel|Arduino_Uno.ActiveCfg = MinSizeRel|Arduino_Uno
		{B531FC9D-3440-4FB7-A88C-DE583B31A17F}.MinSizeRel|Arduino_Uno.Build.0 = MinSizeRel|Arduino_Uno
		{B531FC9D-3440-4FB7-A88C-DE583B31A17F}.MinSizeRel|Generic_STM32F103C6_fake_STM32F103C8.ActiveCfg = MinSizeRel|Generic_STM32F103C6_fake_STM32F103C8
		{B531FC9D-3440-4FB7-A88C-DE583B31A17F}.MinSizeRel|Generic_STM32F103C6_fake_STM32F103C8.Build.0 = MinSizeRel|Generic_STM32F103C6_fake_STM32F103C8
		{B531FC9D-3440-4FB7-A88C-DE583B31A17F}.MinSizeRel|iPhone.ActiveCfg = Debug|Win32
		{B531FC9D-3440-4FB7-A88C-DE583B31A17F}.MinSizeRel|iPhone.Build.0 = Debug|Win32
		{B531FC9D-3440-4FB7-A88C-DE583B31A17F}.MinSizeRel|iPhoneSimulator.ActiveCfg = Debug|Win32
		{B531FC9D-3440-4FB7-A88C-DE583B31A17F}.MinSizeRel|iPhoneSimulator.Build.0 = Debug|Win32
		{B531FC9D-3440-4FB7-A88C-DE583B31A17F}.MinSizeRel|VisualGDB.ActiveCfg = Debug|Win32
		{B531FC9D-3440-4FB7-A88C-DE583B31A17F}.MinSizeRel|VisualGDB.Build.0 = Debug|Win32
		{B531FC9D-3440-4FB7-A88C-DE583B31A17F}.MinSizeRel|x64.ActiveCfg = Debug|x64
		{B531FC9D-3440-4FB7-A88C-DE583B31A17F}.MinSizeRel|x64.Build.0 = Debug|x64
		{B531FC9D-3440-4FB7-A88C-DE583B31A17F}.MinSizeRel|x86.ActiveCfg = Debug|Win32
		{B531FC9D-3440-4FB7-A88C-DE583B31A17F}.MinSizeRel|x86.Build.0 = Debug|Win32
		{B531FC9D-3440-4FB7-A88C-DE583B31A17F}.Release|Any CPU.ActiveCfg = Release|Win32
		{B531FC9D-3440-4FB7-A88C-DE583B31A17F}.Release|Arduino_Nano.ActiveCfg = Release|Win32
		{B531FC9D-3440-4FB7-A88C-DE583B31A17F}.Release|Arduino_Uno.ActiveCfg = Release|Arduino_Uno
		{B531FC9D-3440-4FB7-A88C-DE583B31A17F}.Release|Arduino_Uno.Build.0 = Release|Arduino_Uno
		{B531FC9D-3440-4FB7-A88C-DE583B31A17F}.Release|Generic_STM32F103C6_fake_STM32F103C8.ActiveCfg = Release|Generic_STM32F103C6_fake_STM32F103C8
		{B531FC9D-3440-4FB7-A88C-DE583B31A17F}.Release|Generic_STM32F103C6_fake_STM32F103C8.Build.0 = Release|Generic_STM32F103C6_fake_STM32F103C8
		{B531FC9D-3440-4FB7-A88C-DE583B31A17F}.Release|iPhone.ActiveCfg = Release|Win32
		{B531FC9D-3440-4FB7-A88C-DE583B31A17F}.Release|iPhoneSimulator.ActiveCfg = Release|Win32
		{B531FC9D-3440-4FB7-A88C-DE583B31A17F}.Release|VisualGDB.ActiveCfg = Release|Win32
		{B531FC9D-3440-4FB7-A88C-DE583B31A17F}.Release|x64.ActiveCfg = Release|x64
		{B531FC9D-3440-4FB7-A88C-DE583B31A17F}.Release|x64.Build.0 = Release|x64
		{B531FC9D-3440-4FB7-A88C-DE583B31A17F}.Release|x86.ActiveCfg = Release|Win32
		{B531FC9D-3440-4FB7-A88C-DE583B31A17F}.Release|x86.Build.0 = Release|Win32
		{B531FC9D-3440-4FB7-A88C-DE583B31A17F}.RelWithDebInfo|Any CPU.ActiveCfg = Debug|Win32
		{B531FC9D-3440-4FB7-A88C-DE583B31A17F}.RelWithDebInfo|Any CPU.Build.0 = Debug|Win32
		{B531FC9D-3440-4FB7-A88C-DE583B31A17F}.RelWithDebInfo|Arduino_Nano.ActiveCfg = Debug|Win32
		{B531FC9D-3440-4FB7-A88C-DE583B31A17F}.RelWithDebInfo|Arduino_Nano.Build.0 = Debug|Win32
		{B531FC9D-3440-4FB7-A88C-DE583B31A17F}.RelWithDebInfo|Arduino_Uno.ActiveCfg = RelWithDebInfo|Arduino_Uno
		{B531FC9D-3440-4FB7-A88C-DE583B31A17F}.RelWithDebInfo|Arduino_Uno.Build.0 = RelWithDebInfo|Arduino_Uno
		{B531FC9D-3440-4FB7-A88C-DE583B31A17F}.RelWithDebInfo|Generic_STM32F103C6_fake_STM32F103C8.ActiveCfg = RelWithDebInfo|Generic_STM32F103C6_fake_STM32F103C8
		{B531FC9D-3440-4FB7-A88C-DE583B31A17F}.RelWithDebInfo|Generic_STM32F103C6_fake_STM32F103C8.Build.0 = RelWithDebInfo|Generic_STM32F103C6_fake_STM32F103C8
		{B531FC9D-3440-4FB7-A88C-DE583B31A17F}.RelWithDebInfo|iPhone.ActiveCfg = Debug|Win32
		{B531FC9D-3440-4FB7-A88C-DE583B31A17F}.RelWithDebInfo|iPhone.Build.0 = Debug|Win32
		{B531FC9D-3440-4FB7-A88C-DE583B31A17F}.RelWithDebInfo|iPhoneSimulator.ActiveCfg = Debug|Win32
		{B531FC9D-3440-4FB7-A88C-DE583B31A17F}.RelWithDebInfo|iPhoneSimulator.Build.0 = Debug|Win32
		{B531FC9D-3440-4FB7-A88C-DE583B31A17F}.RelWithDebInfo|VisualGDB.ActiveCfg = Debug|Win32
		{B531FC9D-3440-4FB7-A88C-DE583B31A17F}.RelWithDebInfo|VisualGDB.Build.0 = Debug|Win32
		{B531FC9D-3440-4FB7-A88C-DE583B31A17F}.RelWithDebInfo|x64.ActiveCfg = Release|x64
		{B531FC9D-3440-4FB7-A88C-DE583B31A17F}.RelWithDebInfo|x64.Build.0 = Release|x64
		{B531FC9D-3440-4FB7-A88C-DE583B31A17F}.RelWithDebInfo|x86.ActiveCfg = Release|Win32
		{B531FC9D-3440-4FB7-A88C-DE583B31A17F}.RelWithDebInfo|x86.Build.0 = Release|Win32
		{F725570F-8233-4913-905D-563E30E39902}.Debug|Any CPU.ActiveCfg = Debug|Any CPU
		{F725570F-8233-4913-905D-563E30E39902}.Debug|Any CPU.Build.0 = Debug|Any CPU
		{F725570F-8233-4913-905D-563E30E39902}.Debug|Arduino_Nano.ActiveCfg = Debug|Any CPU
		{F725570F-8233-4913-905D-563E30E39902}.Debug|Arduino_Nano.Build.0 = Debug|Any CPU
		{F725570F-8233-4913-905D-563E30E39902}.Debug|Arduino_Uno.ActiveCfg = Debug|Any CPU
		{F725570F-8233-4913-905D-563E30E39902}.Debug|Arduino_Uno.Build.0 = Debug|Any CPU
		{F725570F-8233-4913-905D-563E30E39902}.Debug|Generic_STM32F103C6_fake_STM32F103C8.ActiveCfg = Debug|Any CPU
		{F725570F-8233-4913-905D-563E30E39902}.Debug|Generic_STM32F103C6_fake_STM32F103C8.Build.0 = Debug|Any CPU
		{F725570F-8233-4913-905D-563E30E39902}.Debug|iPhone.ActiveCfg = Debug|Any CPU
		{F725570F-8233-4913-905D-563E30E39902}.Debug|iPhone.Build.0 = Debug|Any CPU
		{F725570F-8233-4913-905D-563E30E39902}.Debug|iPhoneSimulator.ActiveCfg = Debug|Any CPU
		{F725570F-8233-4913-905D-563E30E39902}.Debug|iPhoneSimulator.Build.0 = Debug|Any CPU
		{F725570F-8233-4913-905D-563E30E39902}.Debug|VisualGDB.ActiveCfg = Debug|Any CPU
		{F725570F-8233-4913-905D-563E30E39902}.Debug|VisualGDB.Build.0 = Debug|Any CPU
		{F725570F-8233-4913-905D-563E30E39902}.Debug|x64.ActiveCfg = Debug|Any CPU
		{F725570F-8233-4913-905D-563E30E39902}.Debug|x64.Build.0 = Debug|Any CPU
		{F725570F-8233-4913-905D-563E30E39902}.Debug|x86.ActiveCfg = Debug|Any CPU
		{F725570F-8233-4913-905D-563E30E39902}.Debug|x86.Build.0 = Debug|Any CPU
		{F725570F-8233-4913-905D-563E30E39902}.MinSizeRel|Any CPU.ActiveCfg = Debug|Any CPU
		{F725570F-8233-4913-905D-563E30E39902}.MinSizeRel|Any CPU.Build.0 = Debug|Any CPU
		{F725570F-8233-4913-905D-563E30E39902}.MinSizeRel|Arduino_Nano.ActiveCfg = Debug|Any CPU
		{F725570F-8233-4913-905D-563E30E39902}.MinSizeRel|Arduino_Nano.Build.0 = Debug|Any CPU
		{F725570F-8233-4913-905D-563E30E39902}.MinSizeRel|Arduino_Uno.ActiveCfg = Release|Any CPU
		{F725570F-8233-4913-905D-563E30E39902}.MinSizeRel|Arduino_Uno.Build.0 = Release|Any CPU
		{F725570F-8233-4913-905D-563E30E39902}.MinSizeRel|Generic_STM32F103C6_fake_STM32F103C8.ActiveCfg = Release|Any CPU
		{F725570F-8233-4913-905D-563E30E39902}.MinSizeRel|Generic_STM32F103C6_fake_STM32F103C8.Build.0 = Release|Any CPU
		{F725570F-8233-4913-905D-563E30E39902}.MinSizeRel|iPhone.ActiveCfg = Debug|Any CPU
		{F725570F-8233-4913-905D-563E30E39902}.MinSizeRel|iPhone.Build.0 = Debug|Any CPU
		{F725570F-8233-4913-905D-563E30E39902}.MinSizeRel|iPhoneSimulator.ActiveCfg = Debug|Any CPU
		{F725570F-8233-4913-905D-563E30E39902}.MinSizeRel|iPhoneSimulator.Build.0 = Debug|Any CPU
		{F725570F-8233-4913-905D-563E30E39902}.MinSizeRel|VisualGDB.ActiveCfg = Debug|Any CPU
		{F725570F-8233-4913-905D-563E30E39902}.MinSizeRel|VisualGDB.Build.0 = Debug|Any CPU
		{F725570F-8233-4913-905D-563E30E39902}.MinSizeRel|x64.ActiveCfg = Debug|Any CPU
		{F725570F-8233-4913-905D-563E30E39902}.MinSizeRel|x64.Build.0 = Debug|Any CPU
		{F725570F-8233-4913-905D-563E30E39902}.MinSizeRel|x86.ActiveCfg = Debug|Any CPU
		{F725570F-8233-4913-905D-563E30E39902}.MinSizeRel|x86.Build.0 = Debug|Any CPU
		{F725570F-8233-4913-905D-563E30E39902}.Release|Any CPU.ActiveCfg = Release|Any CPU
		{F725570F-8233-4913-905D-563E30E39902}.Release|Any CPU.Build.0 = Release|Any CPU
		{F725570F-8233-4913-905D-563E30E39902}.Release|Arduino_Nano.ActiveCfg = Release|Any CPU
		{F725570F-8233-4913-905D-563E30E39902}.Release|Arduino_Nano.Build.0 = Release|Any CPU
		{F725570F-8233-4913-905D-563E30E39902}.Release|Arduino_Uno.ActiveCfg = Release|Any CPU
		{F725570F-8233-4913-905D-563E30E39902}.Release|Arduino_Uno.Build.0 = Release|Any CPU
		{F725570F-8233-4913-905D-563E30E39902}.Release|Generic_STM32F103C6_fake_STM32F103C8.ActiveCfg = Release|Any CPU
		{F725570F-8233-4913-905D-563E30E39902}.Release|Generic_STM32F103C6_fake_STM32F103C8.Build.0 = Release|Any CPU
		{F725570F-8233-4913-905D-563E30E39902}.Release|iPhone.ActiveCfg = Release|Any CPU
		{F725570F-8233-4913-905D-563E30E39902}.Release|iPhone.Build.0 = Release|Any CPU
		{F725570F-8233-4913-905D-563E30E39902}.Release|iPhoneSimulator.ActiveCfg = Release|Any CPU
		{F725570F-8233-4913-905D-563E30E39902}.Release|iPhoneSimulator.Build.0 = Release|Any CPU
		{F725570F-8233-4913-905D-563E30E39902}.Release|VisualGDB.ActiveCfg = Release|Any CPU
		{F725570F-8233-4913-905D-563E30E39902}.Release|VisualGDB.Build.0 = Release|Any CPU
		{F725570F-8233-4913-905D-563E30E39902}.Release|x64.ActiveCfg = Release|Any CPU
		{F725570F-8233-4913-905D-563E30E39902}.Release|x64.Build.0 = Release|Any CPU
		{F725570F-8233-4913-905D-563E30E39902}.Release|x86.ActiveCfg = Release|Any CPU
		{F725570F-8233-4913-905D-563E30E39902}.Release|x86.Build.0 = Release|Any CPU
		{F725570F-8233-4913-905D-563E30E39902}.RelWithDebInfo|Any CPU.ActiveCfg = Release|Any CPU
		{F725570F-8233-4913-905D-563E30E39902}.RelWithDebInfo|Any CPU.Build.0 = Release|Any CPU
		{F725570F-8233-4913-905D-563E30E39902}.RelWithDebInfo|Arduino_Nano.ActiveCfg = Release|Any CPU
		{F725570F-8233-4913-905D-563E30E39902}.RelWithDebInfo|Arduino_Nano.Build.0 = Release|Any CPU
		{F725570F-8233-4913-905D-563E30E39902}.RelWithDebInfo|Arduino_Uno.ActiveCfg = Release|Any CPU
		{F725570F-8233-4913-905D-563E30E39902}.RelWithDebInfo|Arduino_Uno.Build.0 = Release|Any CPU
		{F725570F-8233-4913-905D-563E30E39902}.RelWithDebInfo|Generic_STM32F103C6_fake_STM32F103C8.ActiveCfg = Release|Any CPU
		{F725570F-8233-4913-905D-563E30E39902}.RelWithDebInfo|Generic_STM32F103C6_fake_STM32F103C8.Build.0 = Release|Any CPU
		{F725570F-8233-4913-905D-563E30E39902}.RelWithDebInfo|iPhone.ActiveCfg = Release|Any CPU
		{F725570F-8233-4913-905D-563E30E39902}.RelWithDebInfo|iPhone.Build.0 = Release|Any CPU
		{F725570F-8233-4913-905D-563E30E39902}.RelWithDebInfo|iPhoneSimulator.ActiveCfg = Release|Any CPU
		{F725570F-8233-4913-905D-563E30E39902}.RelWithDebInfo|iPhoneSimulator.Build.0 = Release|Any CPU
		{F725570F-8233-4913-905D-563E30E39902}.RelWithDebInfo|VisualGDB.ActiveCfg = Release|Any CPU
		{F725570F-8233-4913-905D-563E30E39902}.RelWithDebInfo|VisualGDB.Build.0 = Release|Any CPU
		{F725570F-8233-4913-905D-563E30E39902}.RelWithDebInfo|x64.ActiveCfg = Release|Any CPU
		{F725570F-8233-4913-905D-563E30E39902}.RelWithDebInfo|x64.Build.0 = Release|Any CPU
		{F725570F-8233-4913-905D-563E30E39902}.RelWithDebInfo|x86.ActiveCfg = Release|Any CPU
		{F725570F-8233-4913-905D-563E30E39902}.RelWithDebInfo|x86.Build.0 = Release|Any CPU
		{71A1D4BC-3312-441F-9313-81F018737D0A}.Debug|Any CPU.ActiveCfg = Debug|VisualGDB
		{71A1D4BC-3312-441F-9313-81F018737D0A}.Debug|Arduino_Nano.ActiveCfg = Debug|VisualGDB
		{71A1D4BC-3312-441F-9313-81F018737D0A}.Debug|Arduino_Uno.ActiveCfg = Debug|Arduino_Uno
		{71A1D4BC-3312-441F-9313-81F018737D0A}.Debug|Arduino_Uno.Build.0 = Debug|Arduino_Uno
		{71A1D4BC-3312-441F-9313-81F018737D0A}.Debug|Generic_STM32F103C6_fake_STM32F103C8.ActiveCfg = Debug|Generic_STM32F103C6_fake_STM32F103C8
		{71A1D4BC-3312-441F-9313-81F018737D0A}.Debug|Generic_STM32F103C6_fake_STM32F103C8.Build.0 = Debug|Generic_STM32F103C6_fake_STM32F103C8
		{71A1D4BC-3312-441F-9313-81F018737D0A}.Debug|iPhone.ActiveCfg = Debug|VisualGDB
		{71A1D4BC-3312-441F-9313-81F018737D0A}.Debug|iPhoneSimulator.ActiveCfg = Debug|VisualGDB
		{71A1D4BC-3312-441F-9313-81F018737D0A}.Debug|VisualGDB.ActiveCfg = Debug|VisualGDB
		{71A1D4BC-3312-441F-9313-81F018737D0A}.Debug|VisualGDB.Build.0 = Debug|VisualGDB
		{71A1D4BC-3312-441F-9313-81F018737D0A}.Debug|x64.ActiveCfg = Debug|VisualGDB
		{71A1D4BC-3312-441F-9313-81F018737D0A}.Debug|x86.ActiveCfg = Debug|VisualGDB
		{71A1D4BC-3312-441F-9313-81F018737D0A}.MinSizeRel|Any CPU.ActiveCfg = Release|VisualGDB
		{71A1D4BC-3312-441F-9313-81F018737D0A}.MinSizeRel|Any CPU.Build.0 = Release|VisualGDB
		{71A1D4BC-3312-441F-9313-81F018737D0A}.MinSizeRel|Arduino_Nano.ActiveCfg = Release|VisualGDB
		{71A1D4BC-3312-441F-9313-81F018737D0A}.MinSizeRel|Arduino_Nano.Build.0 = Release|VisualGDB
		{71A1D4BC-3312-441F-9313-81F018737D0A}.MinSizeRel|Arduino_Uno.ActiveCfg = MinSizeRel|Arduino_Uno
		{71A1D4BC-3312-441F-9313-81F018737D0A}.MinSizeRel|Arduino_Uno.Build.0 = MinSizeRel|Arduino_Uno
		{71A1D4BC-3312-441F-9313-81F018737D0A}.MinSizeRel|Generic_STM32F103C6_fake_STM32F103C8.ActiveCfg = MinSizeRel|Generic_STM32F103C6_fake_STM32F103C8
		{71A1D4BC-3312-441F-9313-81F018737D0A}.MinSizeRel|Generic_STM32F103C6_fake_STM32F103C8.Build.0 = MinSizeRel|Generic_STM32F103C6_fake_STM32F103C8
		{71A1D4BC-3312-441F-9313-81F018737D0A}.MinSizeRel|iPhone.ActiveCfg = Release|VisualGDB
		{71A1D4BC-3312-441F-9313-81F018737D0A}.MinSizeRel|iPhone.Build.0 = Release|VisualGDB
		{71A1D4BC-3312-441F-9313-81F018737D0A}.MinSizeRel|iPhoneSimulator.ActiveCfg = Release|VisualGDB
		{71A1D4BC-3312-441F-9313-81F018737D0A}.MinSizeRel|iPhoneSimulator.Build.0 = Release|VisualGDB
		{71A1D4BC-3312-441F-9313-81F018737D0A}.MinSizeRel|VisualGDB.ActiveCfg = Release|VisualGDB
		{71A1D4BC-3312-441F-9313-81F018737D0A}.MinSizeRel|VisualGDB.Build.0 = Release|VisualGDB
		{71A1D4BC-3312-441F-9313-81F018737D0A}.MinSizeRel|x64.ActiveCfg = Release|VisualGDB
		{71A1D4BC-3312-441F-9313-81F018737D0A}.MinSizeRel|x64.Build.0 = Release|VisualGDB
		{71A1D4BC-3312-441F-9313-81F018737D0A}.MinSizeRel|x86.ActiveCfg = Release|VisualGDB
		{71A1D4BC-3312-441F-9313-81F018737D0A}.MinSizeRel|x86.Build.0 = Release|VisualGDB
		{71A1D4BC-3312-441F-9313-81F018737D0A}.Release|Any CPU.ActiveCfg = Release|VisualGDB
		{71A1D4BC-3312-441F-9313-81F018737D0A}.Release|Arduino_Nano.ActiveCfg = Release|VisualGDB
		{71A1D4BC-3312-441F-9313-81F018737D0A}.Release|Arduino_Uno.ActiveCfg = Release|Arduino_Uno
		{71A1D4BC-3312-441F-9313-81F018737D0A}.Release|Arduino_Uno.Build.0 = Release|Arduino_Uno
		{71A1D4BC-3312-441F-9313-81F018737D0A}.Release|Generic_STM32F103C6_fake_STM32F103C8.ActiveCfg = Release|Generic_STM32F103C6_fake_STM32F103C8
		{71A1D4BC-3312-441F-9313-81F018737D0A}.Release|Generic_STM32F103C6_fake_STM32F103C8.Build.0 = Release|Generic_STM32F103C6_fake_STM32F103C8
		{71A1D4BC-3312-441F-9313-81F018737D0A}.Release|iPhone.ActiveCfg = Release|VisualGDB
		{71A1D4BC-3312-441F-9313-81F018737D0A}.Release|iPhoneSimulator.ActiveCfg = Release|VisualGDB
		{71A1D4BC-3312-441F-9313-81F018737D0A}.Release|VisualGDB.ActiveCfg = Release|VisualGDB
		{71A1D4BC-3312-441F-9313-81F018737D0A}.Release|VisualGDB.Build.0 = Release|VisualGDB
		{71A1D4BC-3312-441F-9313-81F018737D0A}.Release|x64.ActiveCfg = Release|VisualGDB
		{71A1D4BC-3312-441F-9313-81F018737D0A}.Release|x86.ActiveCfg = Release|VisualGDB
		{71A1D4BC-3312-441F-9313-81F018737D0A}.RelWithDebInfo|Any CPU.ActiveCfg = Release|VisualGDB
		{71A1D4BC-3312-441F-9313-81F018737D0A}.RelWithDebInfo|Any CPU.Build.0 = Release|VisualGDB
		{71A1D4BC-3312-441F-9313-81F018737D0A}.RelWithDebInfo|Arduino_Nano.ActiveCfg = Release|VisualGDB
		{71A1D4BC-3312-441F-9313-81F018737D0A}.RelWithDebInfo|Arduino_Nano.Build.0 = Release|VisualGDB
		{71A1D4BC-3312-441F-9313-81F018737D0A}.RelWithDebInfo|Arduino_Uno.ActiveCfg = RelWithDebInfo|Arduino_Uno
		{71A1D4BC-3312-441F-9313-81F018737D0A}.RelWithDebInfo|Arduino_Uno.Build.0 = RelWithDebInfo|Arduino_Uno
		{71A1D4BC-3312-441F-9313-81F018737D0A}.RelWithDebInfo|Generic_STM32F103C6_fake_STM32F103C8.ActiveCfg = RelWithDebInfo|Generic_STM32F103C6_fake_STM32F103C8
		{71A1D4BC-3312-441F-9313-81F018737D0A}.RelWithDebInfo|Generic_STM32F103C6_fake_STM32F103C8.Build.0 = RelWithDebInfo|Generic_STM32F103C6_fake_STM32F103C8
		{71A1D4BC-3312-441F-9313-81F018737D0A}.RelWithDebInfo|iPhone.ActiveCfg = Release|VisualGDB
		{71A1D4BC-3312-441F-9313-81F018737D0A}.RelWithDebInfo|iPhone.Build.0 = Release|VisualGDB
		{71A1D4BC-3312-441F-9313-81F018737D0A}.RelWithDebInfo|iPhoneSimulator.ActiveCfg = Release|VisualGDB
		{71A1D4BC-3312-441F-9313-81F018737D0A}.RelWithDebInfo|iPhoneSimulator.Build.0 = Release|VisualGDB
		{71A1D4BC-3312-441F-9313-81F018737D0A}.RelWithDebInfo|VisualGDB.ActiveCfg = Release|VisualGDB
		{71A1D4BC-3312-441F-9313-81F018737D0A}.RelWithDebInfo|VisualGDB.Build.0 = Release|VisualGDB
		{71A1D4BC-3312-441F-9313-81F018737D0A}.RelWithDebInfo|x64.ActiveCfg = Release|VisualGDB
		{71A1D4BC-3312-441F-9313-81F018737D0A}.RelWithDebInfo|x64.Build.0 = Release|VisualGDB
		{71A1D4BC-3312-441F-9313-81F018737D0A}.RelWithDebInfo|x86.ActiveCfg = Release|VisualGDB
		{71A1D4BC-3312-441F-9313-81F018737D0A}.RelWithDebInfo|x86.Build.0 = Release|VisualGDB
		{720A82D7-F500-4984-B005-D238D4A9CF5D}.Debug|Any CPU.ActiveCfg = Debug|Any CPU
		{720A82D7-F500-4984-B005-D238D4A9CF5D}.Debug|Any CPU.Build.0 = Debug|Any CPU
		{720A82D7-F500-4984-B005-D238D4A9CF5D}.Debug|Arduino_Nano.ActiveCfg = Debug|Any CPU
		{720A82D7-F500-4984-B005-D238D4A9CF5D}.Debug|Arduino_Nano.Build.0 = Debug|Any CPU
		{720A82D7-F500-4984-B005-D238D4A9CF5D}.Debug|Arduino_Uno.ActiveCfg = Debug|Any CPU
		{720A82D7-F500-4984-B005-D238D4A9CF5D}.Debug|Arduino_Uno.Build.0 = Debug|Any CPU
		{720A82D7-F500-4984-B005-D238D4A9CF5D}.Debug|Generic_STM32F103C6_fake_STM32F103C8.ActiveCfg = Debug|Any CPU
		{720A82D7-F500-4984-B005-D238D4A9CF5D}.Debug|Generic_STM32F103C6_fake_STM32F103C8.Build.0 = Debug|Any CPU
		{720A82D7-F500-4984-B005-D238D4A9CF5D}.Debug|iPhone.ActiveCfg = Debug|Any CPU
		{720A82D7-F500-4984-B005-D238D4A9CF5D}.Debug|iPhone.Build.0 = Debug|Any CPU
		{720A82D7-F500-4984-B005-D238D4A9CF5D}.Debug|iPhoneSimulator.ActiveCfg = Debug|Any CPU
		{720A82D7-F500-4984-B005-D238D4A9CF5D}.Debug|iPhoneSimulator.Build.0 = Debug|Any CPU
		{720A82D7-F500-4984-B005-D238D4A9CF5D}.Debug|VisualGDB.ActiveCfg = Debug|Any CPU
		{720A82D7-F500-4984-B005-D238D4A9CF5D}.Debug|VisualGDB.Build.0 = Debug|Any CPU
		{720A82D7-F500-4984-B005-D238D4A9CF5D}.Debug|x64.ActiveCfg = Debug|Any CPU
		{720A82D7-F500-4984-B005-D238D4A9CF5D}.Debug|x64.Build.0 = Debug|Any CPU
		{720A82D7-F500-4984-B005-D238D4A9CF5D}.Debug|x86.ActiveCfg = Debug|Any CPU
		{720A82D7-F500-4984-B005-D238D4A9CF5D}.Debug|x86.Build.0 = Debug|Any CPU
		{720A82D7-F500-4984-B005-D238D4A9CF5D}.MinSizeRel|Any CPU.ActiveCfg = Debug|Any CPU
		{720A82D7-F500-4984-B005-D238D4A9CF5D}.MinSizeRel|Any CPU.Build.0 = Debug|Any CPU
		{720A82D7-F500-4984-B005-D238D4A9CF5D}.MinSizeRel|Arduino_Nano.ActiveCfg = Debug|Any CPU
		{720A82D7-F500-4984-B005-D238D4A9CF5D}.MinSizeRel|Arduino_Nano.Build.0 = Debug|Any CPU
		{720A82D7-F500-4984-B005-D238D4A9CF5D}.MinSizeRel|Arduino_Uno.ActiveCfg = Debug|Any CPU
		{720A82D7-F500-4984-B005-D238D4A9CF5D}.MinSizeRel|Arduino_Uno.Build.0 = Debug|Any CPU
		{720A82D7-F500-4984-B005-D238D4A9CF5D}.MinSizeRel|Generic_STM32F103C6_fake_STM32F103C8.ActiveCfg = Debug|Any CPU
		{720A82D7-F500-4984-B005-D238D4A9CF5D}.MinSizeRel|Generic_STM32F103C6_fake_STM32F103C8.Build.0 = Debug|Any CPU
		{720A82D7-F500-4984-B005-D238D4A9CF5D}.MinSizeRel|iPhone.ActiveCfg = Debug|Any CPU
		{720A82D7-F500-4984-B005-D238D4A9CF5D}.MinSizeRel|iPhone.Build.0 = Debug|Any CPU
		{720A82D7-F500-4984-B005-D238D4A9CF5D}.MinSizeRel|iPhoneSimulator.ActiveCfg = Debug|Any CPU
		{720A82D7-F500-4984-B005-D238D4A9CF5D}.MinSizeRel|iPhoneSimulator.Build.0 = Debug|Any CPU
		{720A82D7-F500-4984-B005-D238D4A9CF5D}.MinSizeRel|VisualGDB.ActiveCfg = Debug|Any CPU
		{720A82D7-F500-4984-B005-D238D4A9CF5D}.MinSizeRel|VisualGDB.Build.0 = Debug|Any CPU
		{720A82D7-F500-4984-B005-D238D4A9CF5D}.MinSizeRel|x64.ActiveCfg = Debug|Any CPU
		{720A82D7-F500-4984-B005-D238D4A9CF5D}.MinSizeRel|x64.Build.0 = Debug|Any CPU
		{720A82D7-F500-4984-B005-D238D4A9CF5D}.MinSizeRel|x86.ActiveCfg = Debug|Any CPU
		{720A82D7-F500-4984-B005-D238D4A9CF5D}.MinSizeRel|x86.Build.0 = Debug|Any CPU
		{720A82D7-F500-4984-B005-D238D4A9CF5D}.Release|Any CPU.ActiveCfg = Release|Any CPU
		{720A82D7-F500-4984-B005-D238D4A9CF5D}.Release|Any CPU.Build.0 = Release|Any CPU
		{720A82D7-F500-4984-B005-D238D4A9CF5D}.Release|Arduino_Nano.ActiveCfg = Release|Any CPU
		{720A82D7-F500-4984-B005-D238D4A9CF5D}.Release|Arduino_Nano.Build.0 = Release|Any CPU
		{720A82D7-F500-4984-B005-D238D4A9CF5D}.Release|Arduino_Uno.ActiveCfg = Release|Any CPU
		{720A82D7-F500-4984-B005-D238D4A9CF5D}.Release|Arduino_Uno.Build.0 = Release|Any CPU
		{720A82D7-F500-4984-B005-D238D4A9CF5D}.Release|Generic_STM32F103C6_fake_STM32F103C8.ActiveCfg = Release|Any CPU
		{720A82D7-F500-4984-B005-D238D4A9CF5D}.Release|Generic_STM32F103C6_fake_STM32F103C8.Build.0 = Release|Any CPU
		{720A82D7-F500-4984-B005-D238D4A9CF5D}.Release|iPhone.ActiveCfg = Release|Any CPU
		{720A82D7-F500-4984-B005-D238D4A9CF5D}.Release|iPhone.Build.0 = Release|Any CPU
		{720A82D7-F500-4984-B005-D238D4A9CF5D}.Release|iPhoneSimulator.ActiveCfg = Release|Any CPU
		{720A82D7-F500-4984-B005-D238D4A9CF5D}.Release|iPhoneSimulator.Build.0 = Release|Any CPU
		{720A82D7-F500-4984-B005-D238D4A9CF5D}.Release|VisualGDB.ActiveCfg = Release|Any CPU
		{720A82D7-F500-4984-B005-D238D4A9CF5D}.Release|VisualGDB.Build.0 = Release|Any CPU
		{720A82D7-F500-4984-B005-D238D4A9CF5D}.Release|x64.ActiveCfg = Release|Any CPU
		{720A82D7-F500-4984-B005-D238D4A9CF5D}.Release|x64.Build.0 = Release|Any CPU
		{720A82D7-F500-4984-B005-D238D4A9CF5D}.Release|x86.ActiveCfg = Release|Any CPU
		{720A82D7-F500-4984-B005-D238D4A9CF5D}.Release|x86.Build.0 = Release|Any CPU
		{720A82D7-F500-4984-B005-D238D4A9CF5D}.RelWithDebInfo|Any CPU.ActiveCfg = Release|Any CPU
		{720A82D7-F500-4984-B005-D238D4A9CF5D}.RelWithDebInfo|Any CPU.Build.0 = Release|Any CPU
		{720A82D7-F500-4984-B005-D238D4A9CF5D}.RelWithDebInfo|Arduino_Nano.ActiveCfg = Release|Any CPU
		{720A82D7-F500-4984-B005-D238D4A9CF5D}.RelWithDebInfo|Arduino_Nano.Build.0 = Release|Any CPU
		{720A82D7-F500-4984-B005-D238D4A9CF5D}.RelWithDebInfo|Arduino_Uno.ActiveCfg = Release|Any CPU
		{720A82D7-F500-4984-B005-D238D4A9CF5D}.RelWithDebInfo|Arduino_Uno.Build.0 = Release|Any CPU
		{720A82D7-F500-4984-B005-D238D4A9CF5D}.RelWithDebInfo|Generic_STM32F103C6_fake_STM32F103C8.ActiveCfg = Release|Any CPU
		{720A82D7-F500-4984-B005-D238D4A9CF5D}.RelWithDebInfo|Generic_STM32F103C6_fake_STM32F103C8.Build.0 = Release|Any CPU
		{720A82D7-F500-4984-B005-D238D4A9CF5D}.RelWithDebInfo|iPhone.ActiveCfg = Release|Any CPU
		{720A82D7-F500-4984-B005-D238D4A9CF5D}.RelWithDebInfo|iPhone.Build.0 = Release|Any CPU
		{720A82D7-F500-4984-B005-D238D4A9CF5D}.RelWithDebInfo|iPhoneSimulator.ActiveCfg = Release|Any CPU
		{720A82D7-F500-4984-B005-D238D4A9CF5D}.RelWithDebInfo|iPhoneSimulator.Build.0 = Release|Any CPU
		{720A82D7-F500-4984-B005-D238D4A9CF5D}.RelWithDebInfo|VisualGDB.ActiveCfg = Release|Any CPU
		{720A82D7-F500-4984-B005-D238D4A9CF5D}.RelWithDebInfo|VisualGDB.Build.0 = Release|Any CPU
		{720A82D7-F500-4984-B005-D238D4A9CF5D}.RelWithDebInfo|x64.ActiveCfg = Release|Any CPU
		{720A82D7-F500-4984-B005-D238D4A9CF5D}.RelWithDebInfo|x64.Build.0 = Release|Any CPU
		{720A82D7-F500-4984-B005-D238D4A9CF5D}.RelWithDebInfo|x86.ActiveCfg = Release|Any CPU
		{720A82D7-F500-4984-B005-D238D4A9CF5D}.RelWithDebInfo|x86.Build.0 = Release|Any CPU
	EndGlobalSection
	GlobalSection(SolutionProperties) = preSolution
		HideSolutionNode = FALSE
	EndGlobalSection
	GlobalSection(NestedProjects) = preSolution
		{229F6156-CD21-4F18-B995-BB46AEC02C85} = {4ED84BD1-1EC2-4F72-A33F-98C7AE3C3394}
		{590AFA6B-B113-44B7-A80C-EDDE3178BE13} = {4ED84BD1-1EC2-4F72-A33F-98C7AE3C3394}
		{A4699741-FBAB-40F8-A634-2070AE08E231} = {4ED84BD1-1EC2-4F72-A33F-98C7AE3C3394}
		{BF90C8F3-5C38-4462-A096-722E3709398A} = {C37805DF-2C85-45A7-961D-5E71CE1C123D}
		{C7AFE0C7-D6DD-42D6-8EC5-618ADC8F08C5} = {C37805DF-2C85-45A7-961D-5E71CE1C123D}
		{2991EE1E-125D-40BA-BE5B-B4DFE52B482F} = {C37805DF-2C85-45A7-961D-5E71CE1C123D}
		{04E12B90-7584-42D1-8473-38873B9B683A} = {C37805DF-2C85-45A7-961D-5E71CE1C123D}
		{B531FC9D-3440-4FB7-A88C-DE583B31A17F} = {C37805DF-2C85-45A7-961D-5E71CE1C123D}
		{44A57F7C-3622-4607-BA60-E1E9A2566B3B} = {4ED84BD1-1EC2-4F72-A33F-98C7AE3C3394}
		{F725570F-8233-4913-905D-563E30E39902} = {44A57F7C-3622-4607-BA60-E1E9A2566B3B}
		{71A1D4BC-3312-441F-9313-81F018737D0A} = {C37805DF-2C85-45A7-961D-5E71CE1C123D}
		{720A82D7-F500-4984-B005-D238D4A9CF5D} = {AD3C2AA0-CBD0-44B3-A3BE-781BEFBA2355}
	EndGlobalSection
	GlobalSection(ExtensibilityGlobals) = postSolution
		SolutionGuid = {3DDB4823-88C0-47C1-A37D-5F888B685A24}
	EndGlobalSection
EndGlobal
