Microsoft Visual Studio Solution File, Format Version 12.00
# Visual Studio Version 16
VisualStudioVersion = 16.0.32802.440
MinimumVisualStudioVersion = 10.0.40219.1
Project("{FAE04EC0-301F-11D3-BF4B-00C04F79EFBC}") = "BlueApp1.Android", "BlueApp1\BlueApp1.Android\BlueApp1.Android.csproj", "{B0B06C47-1ADF-4DCF-A7AB-999F6442C128}"
EndProject
Project("{FAE04EC0-301F-11D3-BF4B-00C04F79EFBC}") = "BlueApp1.iOS", "BlueApp1\BlueApp1.iOS\BlueApp1.iOS.csproj", "{590AFA6B-B113-44B7-A80C-EDDE3178BE13}"
EndProject
Project("{9A19103F-16F7-4668-BE54-9A1E7A4F7556}") = "BlueApp1", "BlueApp1\BlueApp1\BlueApp1.csproj", "{A4699741-FBAB-40F8-A634-2070AE08E231}"
EndProject
Project("{2150E333-8FDC-42A3-9474-1A3956D46DE8}") = "Android", "Android", "{4ED84BD1-1EC2-4F72-A33F-98C7AE3C3394}"
EndProject
Project("{2150E333-8FDC-42A3-9474-1A3956D46DE8}") = "Data", "Data", "{44A57F7C-3622-4607-BA60-E1E9A2566B3B}"
EndProject
Project("{9A19103F-16F7-4668-BE54-9A1E7A4F7556}") = "Models", "Models\Models.csproj", "{F725570F-8233-4913-905D-563E30E39902}"
EndProject
Project("{2150E333-8FDC-42A3-9474-1A3956D46DE8}") = "WIndows", "WIndows", "{AD3C2AA0-CBD0-44B3-A3BE-781BEFBA2355}"
EndProject
Project("{9A19103F-16F7-4668-BE54-9A1E7A4F7556}") = "TestSuperRemote", "TestSuperRemote\TestSuperRemote.csproj", "{720A82D7-F500-4984-B005-D238D4A9CF5D}"
EndProject
Project("{9A19103F-16F7-4668-BE54-9A1E7A4F7556}") = "BlueApp.Language", "BlueApp.Language\BlueApp.Language.csproj", "{FA212A37-335B-4698-8284-A4BF3C022378}"
EndProject
Project("{9A19103F-16F7-4668-BE54-9A1E7A4F7556}") = "Test Code C Sharp", "Test Code C Sharp\Test Code C Sharp.csproj", "{91655E7A-44BF-4153-AA77-D4457B35B98D}"
EndProject
Project("{2150E333-8FDC-42A3-9474-1A3956D46DE8}") = "Solution Items", "Solution Items", "{C9FAE04E-5002-4543-AF67-325C7ABA6852}"
	ProjectSection(SolutionItems) = preProject
		.editorconfig = .editorconfig
		..\..\..\Arduino-Nano-pinout-768x768.jpg = ..\..\..\Arduino-Nano-pinout-768x768.jpg
		Test\sketches\Test.ino = Test\sketches\Test.ino
	EndProjectSection
EndProject
Global
	GlobalSection(SolutionConfigurationPlatforms) = preSolution
		AndroidSimulator|Any CPU = AndroidSimulator|Any CPU
		AndroidSimulator|Arduino_Nano = AndroidSimulator|Arduino_Nano
		AndroidSimulator|Arduino_Uno = AndroidSimulator|Arduino_Uno
		AndroidSimulator|BaceSimulatorApp = AndroidSimulator|BaceSimulatorApp
		AndroidSimulator|Generic_STM32F103C6_fake_STM32F103C8 = AndroidSimulator|Generic_STM32F103C6_fake_STM32F103C8
		AndroidSimulator|iPhone = AndroidSimulator|iPhone
		AndroidSimulator|iPhoneSimulator = AndroidSimulator|iPhoneSimulator
		AndroidSimulator|VisualGDB = AndroidSimulator|VisualGDB
		AndroidSimulator|x64 = AndroidSimulator|x64
		AndroidSimulator|x86 = AndroidSimulator|x86
		Debug|Any CPU = Debug|Any CPU
		Debug|Arduino_Nano = Debug|Arduino_Nano
		Debug|Arduino_Uno = Debug|Arduino_Uno
		Debug|BaceSimulatorApp = Debug|BaceSimulatorApp
		Debug|Generic_STM32F103C6_fake_STM32F103C8 = Debug|Generic_STM32F103C6_fake_STM32F103C8
		Debug|iPhone = Debug|iPhone
		Debug|iPhoneSimulator = Debug|iPhoneSimulator
		Debug|VisualGDB = Debug|VisualGDB
		Debug|x64 = Debug|x64
		Debug|x86 = Debug|x86
		MinSizeRel|Any CPU = MinSizeRel|Any CPU
		MinSizeRel|Arduino_Nano = MinSizeRel|Arduino_Nano
		MinSizeRel|Arduino_Uno = MinSizeRel|Arduino_Uno
		MinSizeRel|BaceSimulatorApp = MinSizeRel|BaceSimulatorApp
		MinSizeRel|Generic_STM32F103C6_fake_STM32F103C8 = MinSizeRel|Generic_STM32F103C6_fake_STM32F103C8
		MinSizeRel|iPhone = MinSizeRel|iPhone
		MinSizeRel|iPhoneSimulator = MinSizeRel|iPhoneSimulator
		MinSizeRel|VisualGDB = MinSizeRel|VisualGDB
		MinSizeRel|x64 = MinSizeRel|x64
		MinSizeRel|x86 = MinSizeRel|x86
		Release|Any CPU = Release|Any CPU
		Release|Arduino_Nano = Release|Arduino_Nano
		Release|Arduino_Uno = Release|Arduino_Uno
		Release|BaceSimulatorApp = Release|BaceSimulatorApp
		Release|Generic_STM32F103C6_fake_STM32F103C8 = Release|Generic_STM32F103C6_fake_STM32F103C8
		Release|iPhone = Release|iPhone
		Release|iPhoneSimulator = Release|iPhoneSimulator
		Release|VisualGDB = Release|VisualGDB
		Release|x64 = Release|x64
		Release|x86 = Release|x86
		RelWithDebInfo|Any CPU = RelWithDebInfo|Any CPU
		RelWithDebInfo|Arduino_Nano = RelWithDebInfo|Arduino_Nano
		RelWithDebInfo|Arduino_Uno = RelWithDebInfo|Arduino_Uno
		RelWithDebInfo|BaceSimulatorApp = RelWithDebInfo|BaceSimulatorApp
		RelWithDebInfo|Generic_STM32F103C6_fake_STM32F103C8 = RelWithDebInfo|Generic_STM32F103C6_fake_STM32F103C8
		RelWithDebInfo|iPhone = RelWithDebInfo|iPhone
		RelWithDebInfo|iPhoneSimulator = RelWithDebInfo|iPhoneSimulator
		RelWithDebInfo|VisualGDB = RelWithDebInfo|VisualGDB
		RelWithDebInfo|x64 = RelWithDebInfo|x64
		RelWithDebInfo|x86 = RelWithDebInfo|x86
	EndGlobalSection
	GlobalSection(ProjectConfigurationPlatforms) = postSolution
		{B0B06C47-1ADF-4DCF-A7AB-999F6442C128}.AndroidSimulator|Any CPU.ActiveCfg = Debug|Any CPU
		{B0B06C47-1ADF-4DCF-A7AB-999F6442C128}.AndroidSimulator|Any CPU.Build.0 = Debug|Any CPU
		{B0B06C47-1ADF-4DCF-A7AB-999F6442C128}.AndroidSimulator|Any CPU.Deploy.0 = Debug|Any CPU
		{B0B06C47-1ADF-4DCF-A7AB-999F6442C128}.AndroidSimulator|Arduino_Nano.ActiveCfg = AndroidSimulator|Any CPU
		{B0B06C47-1ADF-4DCF-A7AB-999F6442C128}.AndroidSimulator|Arduino_Nano.Build.0 = AndroidSimulator|Any CPU
		{B0B06C47-1ADF-4DCF-A7AB-999F6442C128}.AndroidSimulator|Arduino_Nano.Deploy.0 = AndroidSimulator|Any CPU
		{B0B06C47-1ADF-4DCF-A7AB-999F6442C128}.AndroidSimulator|Arduino_Uno.ActiveCfg = AndroidSimulator|Any CPU
		{B0B06C47-1ADF-4DCF-A7AB-999F6442C128}.AndroidSimulator|Arduino_Uno.Build.0 = AndroidSimulator|Any CPU
		{B0B06C47-1ADF-4DCF-A7AB-999F6442C128}.AndroidSimulator|Arduino_Uno.Deploy.0 = AndroidSimulator|Any CPU
		{B0B06C47-1ADF-4DCF-A7AB-999F6442C128}.AndroidSimulator|BaceSimulatorApp.ActiveCfg = AndroidSimulator|Any CPU
		{B0B06C47-1ADF-4DCF-A7AB-999F6442C128}.AndroidSimulator|BaceSimulatorApp.Build.0 = AndroidSimulator|Any CPU
		{B0B06C47-1ADF-4DCF-A7AB-999F6442C128}.AndroidSimulator|BaceSimulatorApp.Deploy.0 = AndroidSimulator|Any CPU
		{B0B06C47-1ADF-4DCF-A7AB-999F6442C128}.AndroidSimulator|Generic_STM32F103C6_fake_STM32F103C8.ActiveCfg = AndroidSimulator|Any CPU
		{B0B06C47-1ADF-4DCF-A7AB-999F6442C128}.AndroidSimulator|Generic_STM32F103C6_fake_STM32F103C8.Build.0 = AndroidSimulator|Any CPU
		{B0B06C47-1ADF-4DCF-A7AB-999F6442C128}.AndroidSimulator|Generic_STM32F103C6_fake_STM32F103C8.Deploy.0 = AndroidSimulator|Any CPU
		{B0B06C47-1ADF-4DCF-A7AB-999F6442C128}.AndroidSimulator|iPhone.ActiveCfg = AndroidSimulator|Any CPU
		{B0B06C47-1ADF-4DCF-A7AB-999F6442C128}.AndroidSimulator|iPhone.Build.0 = AndroidSimulator|Any CPU
		{B0B06C47-1ADF-4DCF-A7AB-999F6442C128}.AndroidSimulator|iPhone.Deploy.0 = AndroidSimulator|Any CPU
		{B0B06C47-1ADF-4DCF-A7AB-999F6442C128}.AndroidSimulator|iPhoneSimulator.ActiveCfg = AndroidSimulator|Any CPU
		{B0B06C47-1ADF-4DCF-A7AB-999F6442C128}.AndroidSimulator|iPhoneSimulator.Build.0 = AndroidSimulator|Any CPU
		{B0B06C47-1ADF-4DCF-A7AB-999F6442C128}.AndroidSimulator|iPhoneSimulator.Deploy.0 = AndroidSimulator|Any CPU
		{B0B06C47-1ADF-4DCF-A7AB-999F6442C128}.AndroidSimulator|VisualGDB.ActiveCfg = AndroidSimulator|Any CPU
		{B0B06C47-1ADF-4DCF-A7AB-999F6442C128}.AndroidSimulator|VisualGDB.Build.0 = AndroidSimulator|Any CPU
		{B0B06C47-1ADF-4DCF-A7AB-999F6442C128}.AndroidSimulator|VisualGDB.Deploy.0 = AndroidSimulator|Any CPU
		{B0B06C47-1ADF-4DCF-A7AB-999F6442C128}.AndroidSimulator|x64.ActiveCfg = AndroidSimulator|Any CPU
		{B0B06C47-1ADF-4DCF-A7AB-999F6442C128}.AndroidSimulator|x64.Build.0 = AndroidSimulator|Any CPU
		{B0B06C47-1ADF-4DCF-A7AB-999F6442C128}.AndroidSimulator|x64.Deploy.0 = AndroidSimulator|Any CPU
		{B0B06C47-1ADF-4DCF-A7AB-999F6442C128}.AndroidSimulator|x86.ActiveCfg = AndroidSimulator|Any CPU
		{B0B06C47-1ADF-4DCF-A7AB-999F6442C128}.AndroidSimulator|x86.Build.0 = AndroidSimulator|Any CPU
		{B0B06C47-1ADF-4DCF-A7AB-999F6442C128}.AndroidSimulator|x86.Deploy.0 = AndroidSimulator|Any CPU
		{B0B06C47-1ADF-4DCF-A7AB-999F6442C128}.Debug|Any CPU.ActiveCfg = Debug|Any CPU
		{B0B06C47-1ADF-4DCF-A7AB-999F6442C128}.Debug|Any CPU.Build.0 = Debug|Any CPU
		{B0B06C47-1ADF-4DCF-A7AB-999F6442C128}.Debug|Any CPU.Deploy.0 = Debug|Any CPU
		{B0B06C47-1ADF-4DCF-A7AB-999F6442C128}.Debug|Arduino_Nano.ActiveCfg = Debug|Any CPU
		{B0B06C47-1ADF-4DCF-A7AB-999F6442C128}.Debug|Arduino_Nano.Build.0 = Debug|Any CPU
		{B0B06C47-1ADF-4DCF-A7AB-999F6442C128}.Debug|Arduino_Nano.Deploy.0 = Debug|Any CPU
		{B0B06C47-1ADF-4DCF-A7AB-999F6442C128}.Debug|Arduino_Uno.ActiveCfg = Debug|Any CPU
		{B0B06C47-1ADF-4DCF-A7AB-999F6442C128}.Debug|Arduino_Uno.Build.0 = Debug|Any CPU
		{B0B06C47-1ADF-4DCF-A7AB-999F6442C128}.Debug|Arduino_Uno.Deploy.0 = Debug|Any CPU
		{B0B06C47-1ADF-4DCF-A7AB-999F6442C128}.Debug|BaceSimulatorApp.ActiveCfg = Debug|Any CPU
		{B0B06C47-1ADF-4DCF-A7AB-999F6442C128}.Debug|BaceSimulatorApp.Build.0 = Debug|Any CPU
		{B0B06C47-1ADF-4DCF-A7AB-999F6442C128}.Debug|BaceSimulatorApp.Deploy.0 = Debug|Any CPU
		{B0B06C47-1ADF-4DCF-A7AB-999F6442C128}.Debug|Generic_STM32F103C6_fake_STM32F103C8.ActiveCfg = Debug|Any CPU
		{B0B06C47-1ADF-4DCF-A7AB-999F6442C128}.Debug|Generic_STM32F103C6_fake_STM32F103C8.Build.0 = Debug|Any CPU
		{B0B06C47-1ADF-4DCF-A7AB-999F6442C128}.Debug|Generic_STM32F103C6_fake_STM32F103C8.Deploy.0 = Debug|Any CPU
		{B0B06C47-1ADF-4DCF-A7AB-999F6442C128}.Debug|iPhone.ActiveCfg = Debug|Any CPU
		{B0B06C47-1ADF-4DCF-A7AB-999F6442C128}.Debug|iPhone.Build.0 = Debug|Any CPU
		{B0B06C47-1ADF-4DCF-A7AB-999F6442C128}.Debug|iPhone.Deploy.0 = Debug|Any CPU
		{B0B06C47-1ADF-4DCF-A7AB-999F6442C128}.Debug|iPhoneSimulator.ActiveCfg = Debug|Any CPU
		{B0B06C47-1ADF-4DCF-A7AB-999F6442C128}.Debug|iPhoneSimulator.Build.0 = Debug|Any CPU
		{B0B06C47-1ADF-4DCF-A7AB-999F6442C128}.Debug|iPhoneSimulator.Deploy.0 = Debug|Any CPU
		{B0B06C47-1ADF-4DCF-A7AB-999F6442C128}.Debug|VisualGDB.ActiveCfg = Debug|Any CPU
		{B0B06C47-1ADF-4DCF-A7AB-999F6442C128}.Debug|VisualGDB.Build.0 = Debug|Any CPU
		{B0B06C47-1ADF-4DCF-A7AB-999F6442C128}.Debug|VisualGDB.Deploy.0 = Debug|Any CPU
		{B0B06C47-1ADF-4DCF-A7AB-999F6442C128}.Debug|x64.ActiveCfg = Debug|Any CPU
		{B0B06C47-1ADF-4DCF-A7AB-999F6442C128}.Debug|x64.Build.0 = Debug|Any CPU
		{B0B06C47-1ADF-4DCF-A7AB-999F6442C128}.Debug|x64.Deploy.0 = Debug|Any CPU
		{B0B06C47-1ADF-4DCF-A7AB-999F6442C128}.Debug|x86.ActiveCfg = Debug|Any CPU
		{B0B06C47-1ADF-4DCF-A7AB-999F6442C128}.Debug|x86.Build.0 = Debug|Any CPU
		{B0B06C47-1ADF-4DCF-A7AB-999F6442C128}.Debug|x86.Deploy.0 = Debug|Any CPU
		{B0B06C47-1ADF-4DCF-A7AB-999F6442C128}.MinSizeRel|Any CPU.ActiveCfg = Release|Any CPU
		{B0B06C47-1ADF-4DCF-A7AB-999F6442C128}.MinSizeRel|Any CPU.Build.0 = Release|Any CPU
		{B0B06C47-1ADF-4DCF-A7AB-999F6442C128}.MinSizeRel|Any CPU.Deploy.0 = Release|Any CPU
		{B0B06C47-1ADF-4DCF-A7AB-999F6442C128}.MinSizeRel|Arduino_Nano.ActiveCfg = Release|Any CPU
		{B0B06C47-1ADF-4DCF-A7AB-999F6442C128}.MinSizeRel|Arduino_Nano.Build.0 = Release|Any CPU
		{B0B06C47-1ADF-4DCF-A7AB-999F6442C128}.MinSizeRel|Arduino_Nano.Deploy.0 = Release|Any CPU
		{B0B06C47-1ADF-4DCF-A7AB-999F6442C128}.MinSizeRel|Arduino_Uno.ActiveCfg = Release|Any CPU
		{B0B06C47-1ADF-4DCF-A7AB-999F6442C128}.MinSizeRel|Arduino_Uno.Build.0 = Release|Any CPU
		{B0B06C47-1ADF-4DCF-A7AB-999F6442C128}.MinSizeRel|Arduino_Uno.Deploy.0 = Release|Any CPU
		{B0B06C47-1ADF-4DCF-A7AB-999F6442C128}.MinSizeRel|BaceSimulatorApp.ActiveCfg = Release|Any CPU
		{B0B06C47-1ADF-4DCF-A7AB-999F6442C128}.MinSizeRel|BaceSimulatorApp.Build.0 = Release|Any CPU
		{B0B06C47-1ADF-4DCF-A7AB-999F6442C128}.MinSizeRel|BaceSimulatorApp.Deploy.0 = Release|Any CPU
		{B0B06C47-1ADF-4DCF-A7AB-999F6442C128}.MinSizeRel|Generic_STM32F103C6_fake_STM32F103C8.ActiveCfg = Release|Any CPU
		{B0B06C47-1ADF-4DCF-A7AB-999F6442C128}.MinSizeRel|Generic_STM32F103C6_fake_STM32F103C8.Build.0 = Release|Any CPU
		{B0B06C47-1ADF-4DCF-A7AB-999F6442C128}.MinSizeRel|Generic_STM32F103C6_fake_STM32F103C8.Deploy.0 = Release|Any CPU
		{B0B06C47-1ADF-4DCF-A7AB-999F6442C128}.MinSizeRel|iPhone.ActiveCfg = Release|Any CPU
		{B0B06C47-1ADF-4DCF-A7AB-999F6442C128}.MinSizeRel|iPhone.Build.0 = Release|Any CPU
		{B0B06C47-1ADF-4DCF-A7AB-999F6442C128}.MinSizeRel|iPhone.Deploy.0 = Release|Any CPU
		{B0B06C47-1ADF-4DCF-A7AB-999F6442C128}.MinSizeRel|iPhoneSimulator.ActiveCfg = Release|Any CPU
		{B0B06C47-1ADF-4DCF-A7AB-999F6442C128}.MinSizeRel|iPhoneSimulator.Build.0 = Release|Any CPU
		{B0B06C47-1ADF-4DCF-A7AB-999F6442C128}.MinSizeRel|iPhoneSimulator.Deploy.0 = Release|Any CPU
		{B0B06C47-1ADF-4DCF-A7AB-999F6442C128}.MinSizeRel|VisualGDB.ActiveCfg = Release|Any CPU
		{B0B06C47-1ADF-4DCF-A7AB-999F6442C128}.MinSizeRel|VisualGDB.Build.0 = Release|Any CPU
		{B0B06C47-1ADF-4DCF-A7AB-999F6442C128}.MinSizeRel|VisualGDB.Deploy.0 = Release|Any CPU
		{B0B06C47-1ADF-4DCF-A7AB-999F6442C128}.MinSizeRel|x64.ActiveCfg = Release|Any CPU
		{B0B06C47-1ADF-4DCF-A7AB-999F6442C128}.MinSizeRel|x64.Build.0 = Release|Any CPU
		{B0B06C47-1ADF-4DCF-A7AB-999F6442C128}.MinSizeRel|x64.Deploy.0 = Release|Any CPU
		{B0B06C47-1ADF-4DCF-A7AB-999F6442C128}.MinSizeRel|x86.ActiveCfg = Release|Any CPU
		{B0B06C47-1ADF-4DCF-A7AB-999F6442C128}.MinSizeRel|x86.Build.0 = Release|Any CPU
		{B0B06C47-1ADF-4DCF-A7AB-999F6442C128}.MinSizeRel|x86.Deploy.0 = Release|Any CPU
		{B0B06C47-1ADF-4DCF-A7AB-999F6442C128}.Release|Any CPU.ActiveCfg = Release|Any CPU
		{B0B06C47-1ADF-4DCF-A7AB-999F6442C128}.Release|Any CPU.Build.0 = Release|Any CPU
		{B0B06C47-1ADF-4DCF-A7AB-999F6442C128}.Release|Any CPU.Deploy.0 = Release|Any CPU
		{B0B06C47-1ADF-4DCF-A7AB-999F6442C128}.Release|Arduino_Nano.ActiveCfg = Release|Any CPU
		{B0B06C47-1ADF-4DCF-A7AB-999F6442C128}.Release|Arduino_Nano.Build.0 = Release|Any CPU
		{B0B06C47-1ADF-4DCF-A7AB-999F6442C128}.Release|Arduino_Nano.Deploy.0 = Release|Any CPU
		{B0B06C47-1ADF-4DCF-A7AB-999F6442C128}.Release|Arduino_Uno.ActiveCfg = Release|Any CPU
		{B0B06C47-1ADF-4DCF-A7AB-999F6442C128}.Release|Arduino_Uno.Build.0 = Release|Any CPU
		{B0B06C47-1ADF-4DCF-A7AB-999F6442C128}.Release|Arduino_Uno.Deploy.0 = Release|Any CPU
		{B0B06C47-1ADF-4DCF-A7AB-999F6442C128}.Release|BaceSimulatorApp.ActiveCfg = Release|Any CPU
		{B0B06C47-1ADF-4DCF-A7AB-999F6442C128}.Release|BaceSimulatorApp.Build.0 = Release|Any CPU
		{B0B06C47-1ADF-4DCF-A7AB-999F6442C128}.Release|BaceSimulatorApp.Deploy.0 = Release|Any CPU
		{B0B06C47-1ADF-4DCF-A7AB-999F6442C128}.Release|Generic_STM32F103C6_fake_STM32F103C8.ActiveCfg = Release|Any CPU
		{B0B06C47-1ADF-4DCF-A7AB-999F6442C128}.Release|Generic_STM32F103C6_fake_STM32F103C8.Build.0 = Release|Any CPU
		{B0B06C47-1ADF-4DCF-A7AB-999F6442C128}.Release|Generic_STM32F103C6_fake_STM32F103C8.Deploy.0 = Release|Any CPU
		{B0B06C47-1ADF-4DCF-A7AB-999F6442C128}.Release|iPhone.ActiveCfg = Release|Any CPU
		{B0B06C47-1ADF-4DCF-A7AB-999F6442C128}.Release|iPhone.Build.0 = Release|Any CPU
		{B0B06C47-1ADF-4DCF-A7AB-999F6442C128}.Release|iPhone.Deploy.0 = Release|Any CPU
		{B0B06C47-1ADF-4DCF-A7AB-999F6442C128}.Release|iPhoneSimulator.ActiveCfg = Release|Any CPU
		{B0B06C47-1ADF-4DCF-A7AB-999F6442C128}.Release|iPhoneSimulator.Build.0 = Release|Any CPU
		{B0B06C47-1ADF-4DCF-A7AB-999F6442C128}.Release|iPhoneSimulator.Deploy.0 = Release|Any CPU
		{B0B06C47-1ADF-4DCF-A7AB-999F6442C128}.Release|VisualGDB.ActiveCfg = Release|Any CPU
		{B0B06C47-1ADF-4DCF-A7AB-999F6442C128}.Release|VisualGDB.Build.0 = Release|Any CPU
		{B0B06C47-1ADF-4DCF-A7AB-999F6442C128}.Release|VisualGDB.Deploy.0 = Release|Any CPU
		{B0B06C47-1ADF-4DCF-A7AB-999F6442C128}.Release|x64.ActiveCfg = Release|Any CPU
		{B0B06C47-1ADF-4DCF-A7AB-999F6442C128}.Release|x64.Build.0 = Release|Any CPU
		{B0B06C47-1ADF-4DCF-A7AB-999F6442C128}.Release|x64.Deploy.0 = Release|Any CPU
		{B0B06C47-1ADF-4DCF-A7AB-999F6442C128}.Release|x86.ActiveCfg = Release|Any CPU
		{B0B06C47-1ADF-4DCF-A7AB-999F6442C128}.Release|x86.Build.0 = Release|Any CPU
		{B0B06C47-1ADF-4DCF-A7AB-999F6442C128}.Release|x86.Deploy.0 = Release|Any CPU
		{B0B06C47-1ADF-4DCF-A7AB-999F6442C128}.RelWithDebInfo|Any CPU.ActiveCfg = Release|Any CPU
		{B0B06C47-1ADF-4DCF-A7AB-999F6442C128}.RelWithDebInfo|Any CPU.Build.0 = Release|Any CPU
		{B0B06C47-1ADF-4DCF-A7AB-999F6442C128}.RelWithDebInfo|Any CPU.Deploy.0 = Release|Any CPU
		{B0B06C47-1ADF-4DCF-A7AB-999F6442C128}.RelWithDebInfo|Arduino_Nano.ActiveCfg = Release|Any CPU
		{B0B06C47-1ADF-4DCF-A7AB-999F6442C128}.RelWithDebInfo|Arduino_Nano.Build.0 = Release|Any CPU
		{B0B06C47-1ADF-4DCF-A7AB-999F6442C128}.RelWithDebInfo|Arduino_Nano.Deploy.0 = Release|Any CPU
		{B0B06C47-1ADF-4DCF-A7AB-999F6442C128}.RelWithDebInfo|Arduino_Uno.ActiveCfg = Release|Any CPU
		{B0B06C47-1ADF-4DCF-A7AB-999F6442C128}.RelWithDebInfo|Arduino_Uno.Build.0 = Release|Any CPU
		{B0B06C47-1ADF-4DCF-A7AB-999F6442C128}.RelWithDebInfo|Arduino_Uno.Deploy.0 = Release|Any CPU
		{B0B06C47-1ADF-4DCF-A7AB-999F6442C128}.RelWithDebInfo|BaceSimulatorApp.ActiveCfg = Release|Any CPU
		{B0B06C47-1ADF-4DCF-A7AB-999F6442C128}.RelWithDebInfo|BaceSimulatorApp.Build.0 = Release|Any CPU
		{B0B06C47-1ADF-4DCF-A7AB-999F6442C128}.RelWithDebInfo|BaceSimulatorApp.Deploy.0 = Release|Any CPU
		{B0B06C47-1ADF-4DCF-A7AB-999F6442C128}.RelWithDebInfo|Generic_STM32F103C6_fake_STM32F103C8.ActiveCfg = Release|Any CPU
		{B0B06C47-1ADF-4DCF-A7AB-999F6442C128}.RelWithDebInfo|Generic_STM32F103C6_fake_STM32F103C8.Build.0 = Release|Any CPU
		{B0B06C47-1ADF-4DCF-A7AB-999F6442C128}.RelWithDebInfo|Generic_STM32F103C6_fake_STM32F103C8.Deploy.0 = Release|Any CPU
		{B0B06C47-1ADF-4DCF-A7AB-999F6442C128}.RelWithDebInfo|iPhone.ActiveCfg = Release|Any CPU
		{B0B06C47-1ADF-4DCF-A7AB-999F6442C128}.RelWithDebInfo|iPhone.Build.0 = Release|Any CPU
		{B0B06C47-1ADF-4DCF-A7AB-999F6442C128}.RelWithDebInfo|iPhone.Deploy.0 = Release|Any CPU
		{B0B06C47-1ADF-4DCF-A7AB-999F6442C128}.RelWithDebInfo|iPhoneSimulator.ActiveCfg = Release|Any CPU
		{B0B06C47-1ADF-4DCF-A7AB-999F6442C128}.RelWithDebInfo|iPhoneSimulator.Build.0 = Release|Any CPU
		{B0B06C47-1ADF-4DCF-A7AB-999F6442C128}.RelWithDebInfo|iPhoneSimulator.Deploy.0 = Release|Any CPU
		{B0B06C47-1ADF-4DCF-A7AB-999F6442C128}.RelWithDebInfo|VisualGDB.ActiveCfg = Release|Any CPU
		{B0B06C47-1ADF-4DCF-A7AB-999F6442C128}.RelWithDebInfo|VisualGDB.Build.0 = Release|Any CPU
		{B0B06C47-1ADF-4DCF-A7AB-999F6442C128}.RelWithDebInfo|VisualGDB.Deploy.0 = Release|Any CPU
		{B0B06C47-1ADF-4DCF-A7AB-999F6442C128}.RelWithDebInfo|x64.ActiveCfg = Release|Any CPU
		{B0B06C47-1ADF-4DCF-A7AB-999F6442C128}.RelWithDebInfo|x64.Build.0 = Release|Any CPU
		{B0B06C47-1ADF-4DCF-A7AB-999F6442C128}.RelWithDebInfo|x64.Deploy.0 = Release|Any CPU
		{B0B06C47-1ADF-4DCF-A7AB-999F6442C128}.RelWithDebInfo|x86.ActiveCfg = Release|Any CPU
		{B0B06C47-1ADF-4DCF-A7AB-999F6442C128}.RelWithDebInfo|x86.Build.0 = Release|Any CPU
		{B0B06C47-1ADF-4DCF-A7AB-999F6442C128}.RelWithDebInfo|x86.Deploy.0 = Release|Any CPU
		{590AFA6B-B113-44B7-A80C-EDDE3178BE13}.AndroidSimulator|Any CPU.ActiveCfg = Debug|iPhoneSimulator
		{590AFA6B-B113-44B7-A80C-EDDE3178BE13}.AndroidSimulator|Any CPU.Build.0 = Debug|iPhoneSimulator
		{590AFA6B-B113-44B7-A80C-EDDE3178BE13}.AndroidSimulator|Arduino_Nano.ActiveCfg = Release|iPhoneSimulator
		{590AFA6B-B113-44B7-A80C-EDDE3178BE13}.AndroidSimulator|Arduino_Nano.Build.0 = Release|iPhoneSimulator
		{590AFA6B-B113-44B7-A80C-EDDE3178BE13}.AndroidSimulator|Arduino_Uno.ActiveCfg = Release|iPhoneSimulator
		{590AFA6B-B113-44B7-A80C-EDDE3178BE13}.AndroidSimulator|Arduino_Uno.Build.0 = Release|iPhoneSimulator
		{590AFA6B-B113-44B7-A80C-EDDE3178BE13}.AndroidSimulator|BaceSimulatorApp.ActiveCfg = Release|iPhoneSimulator
		{590AFA6B-B113-44B7-A80C-EDDE3178BE13}.AndroidSimulator|BaceSimulatorApp.Build.0 = Release|iPhoneSimulator
		{590AFA6B-B113-44B7-A80C-EDDE3178BE13}.AndroidSimulator|Generic_STM32F103C6_fake_STM32F103C8.ActiveCfg = Release|iPhoneSimulator
		{590AFA6B-B113-44B7-A80C-EDDE3178BE13}.AndroidSimulator|Generic_STM32F103C6_fake_STM32F103C8.Build.0 = Release|iPhoneSimulator
		{590AFA6B-B113-44B7-A80C-EDDE3178BE13}.AndroidSimulator|iPhone.ActiveCfg = Release|iPhone
		{590AFA6B-B113-44B7-A80C-EDDE3178BE13}.AndroidSimulator|iPhone.Build.0 = Release|iPhone
		{590AFA6B-B113-44B7-A80C-EDDE3178BE13}.AndroidSimulator|iPhoneSimulator.ActiveCfg = Release|iPhoneSimulator
		{590AFA6B-B113-44B7-A80C-EDDE3178BE13}.AndroidSimulator|iPhoneSimulator.Build.0 = Release|iPhoneSimulator
		{590AFA6B-B113-44B7-A80C-EDDE3178BE13}.AndroidSimulator|VisualGDB.ActiveCfg = Release|iPhoneSimulator
		{590AFA6B-B113-44B7-A80C-EDDE3178BE13}.AndroidSimulator|VisualGDB.Build.0 = Release|iPhoneSimulator
		{590AFA6B-B113-44B7-A80C-EDDE3178BE13}.AndroidSimulator|x64.ActiveCfg = Release|iPhoneSimulator
		{590AFA6B-B113-44B7-A80C-EDDE3178BE13}.AndroidSimulator|x64.Build.0 = Release|iPhoneSimulator
		{590AFA6B-B113-44B7-A80C-EDDE3178BE13}.AndroidSimulator|x86.ActiveCfg = Release|iPhoneSimulator
		{590AFA6B-B113-44B7-A80C-EDDE3178BE13}.AndroidSimulator|x86.Build.0 = Release|iPhoneSimulator
		{590AFA6B-B113-44B7-A80C-EDDE3178BE13}.Debug|Any CPU.ActiveCfg = Debug|iPhoneSimulator
		{590AFA6B-B113-44B7-A80C-EDDE3178BE13}.Debug|Arduino_Nano.ActiveCfg = Debug|iPhone
		{590AFA6B-B113-44B7-A80C-EDDE3178BE13}.Debug|Arduino_Uno.ActiveCfg = Debug|iPhone
		{590AFA6B-B113-44B7-A80C-EDDE3178BE13}.Debug|BaceSimulatorApp.ActiveCfg = Debug|iPhone
		{590AFA6B-B113-44B7-A80C-EDDE3178BE13}.Debug|Generic_STM32F103C6_fake_STM32F103C8.ActiveCfg = Debug|iPhone
		{590AFA6B-B113-44B7-A80C-EDDE3178BE13}.Debug|iPhone.ActiveCfg = Debug|iPhone
		{590AFA6B-B113-44B7-A80C-EDDE3178BE13}.Debug|iPhone.Build.0 = Debug|iPhone
		{590AFA6B-B113-44B7-A80C-EDDE3178BE13}.Debug|iPhoneSimulator.ActiveCfg = Debug|iPhoneSimulator
		{590AFA6B-B113-44B7-A80C-EDDE3178BE13}.Debug|iPhoneSimulator.Build.0 = Debug|iPhoneSimulator
		{590AFA6B-B113-44B7-A80C-EDDE3178BE13}.Debug|VisualGDB.ActiveCfg = Debug|iPhone
		{590AFA6B-B113-44B7-A80C-EDDE3178BE13}.Debug|x64.ActiveCfg = Debug|iPhone
		{590AFA6B-B113-44B7-A80C-EDDE3178BE13}.Debug|x86.ActiveCfg = Debug|iPhone
		{590AFA6B-B113-44B7-A80C-EDDE3178BE13}.MinSizeRel|Any CPU.ActiveCfg = Release|iPhone
		{590AFA6B-B113-44B7-A80C-EDDE3178BE13}.MinSizeRel|Any CPU.Build.0 = Release|iPhone
		{590AFA6B-B113-44B7-A80C-EDDE3178BE13}.MinSizeRel|Arduino_Nano.ActiveCfg = Release|iPhoneSimulator
		{590AFA6B-B113-44B7-A80C-EDDE3178BE13}.MinSizeRel|Arduino_Nano.Build.0 = Release|iPhoneSimulator
		{590AFA6B-B113-44B7-A80C-EDDE3178BE13}.MinSizeRel|Arduino_Uno.ActiveCfg = Release|iPhoneSimulator
		{590AFA6B-B113-44B7-A80C-EDDE3178BE13}.MinSizeRel|Arduino_Uno.Build.0 = Release|iPhoneSimulator
		{590AFA6B-B113-44B7-A80C-EDDE3178BE13}.MinSizeRel|BaceSimulatorApp.ActiveCfg = Release|iPhone
		{590AFA6B-B113-44B7-A80C-EDDE3178BE13}.MinSizeRel|BaceSimulatorApp.Build.0 = Release|iPhone
		{590AFA6B-B113-44B7-A80C-EDDE3178BE13}.MinSizeRel|Generic_STM32F103C6_fake_STM32F103C8.ActiveCfg = Release|iPhoneSimulator
		{590AFA6B-B113-44B7-A80C-EDDE3178BE13}.MinSizeRel|Generic_STM32F103C6_fake_STM32F103C8.Build.0 = Release|iPhoneSimulator
		{590AFA6B-B113-44B7-A80C-EDDE3178BE13}.MinSizeRel|iPhone.ActiveCfg = Release|iPhone
		{590AFA6B-B113-44B7-A80C-EDDE3178BE13}.MinSizeRel|iPhone.Build.0 = Release|iPhone
		{590AFA6B-B113-44B7-A80C-EDDE3178BE13}.MinSizeRel|iPhoneSimulator.ActiveCfg = Release|iPhoneSimulator
		{590AFA6B-B113-44B7-A80C-EDDE3178BE13}.MinSizeRel|iPhoneSimulator.Build.0 = Release|iPhoneSimulator
		{590AFA6B-B113-44B7-A80C-EDDE3178BE13}.MinSizeRel|VisualGDB.ActiveCfg = Release|iPhone
		{590AFA6B-B113-44B7-A80C-EDDE3178BE13}.MinSizeRel|VisualGDB.Build.0 = Release|iPhone
		{590AFA6B-B113-44B7-A80C-EDDE3178BE13}.MinSizeRel|x64.ActiveCfg = Release|iPhone
		{590AFA6B-B113-44B7-A80C-EDDE3178BE13}.MinSizeRel|x64.Build.0 = Release|iPhone
		{590AFA6B-B113-44B7-A80C-EDDE3178BE13}.MinSizeRel|x86.ActiveCfg = Release|iPhone
		{590AFA6B-B113-44B7-A80C-EDDE3178BE13}.MinSizeRel|x86.Build.0 = Release|iPhone
		{590AFA6B-B113-44B7-A80C-EDDE3178BE13}.Release|Any CPU.ActiveCfg = Release|iPhoneSimulator
		{590AFA6B-B113-44B7-A80C-EDDE3178BE13}.Release|Arduino_Nano.ActiveCfg = Release|iPhoneSimulator
		{590AFA6B-B113-44B7-A80C-EDDE3178BE13}.Release|Arduino_Uno.ActiveCfg = Release|iPhoneSimulator
		{590AFA6B-B113-44B7-A80C-EDDE3178BE13}.Release|BaceSimulatorApp.ActiveCfg = Release|iPhone
		{590AFA6B-B113-44B7-A80C-EDDE3178BE13}.Release|Generic_STM32F103C6_fake_STM32F103C8.ActiveCfg = Release|iPhoneSimulator
		{590AFA6B-B113-44B7-A80C-EDDE3178BE13}.Release|iPhone.ActiveCfg = Release|iPhone
		{590AFA6B-B113-44B7-A80C-EDDE3178BE13}.Release|iPhone.Build.0 = Release|iPhone
		{590AFA6B-B113-44B7-A80C-EDDE3178BE13}.Release|iPhoneSimulator.ActiveCfg = Release|iPhoneSimulator
		{590AFA6B-B113-44B7-A80C-EDDE3178BE13}.Release|iPhoneSimulator.Build.0 = Release|iPhoneSimulator
		{590AFA6B-B113-44B7-A80C-EDDE3178BE13}.Release|VisualGDB.ActiveCfg = Release|iPhone
		{590AFA6B-B113-44B7-A80C-EDDE3178BE13}.Release|x64.ActiveCfg = Release|iPhone
		{590AFA6B-B113-44B7-A80C-EDDE3178BE13}.Release|x86.ActiveCfg = Release|iPhone
		{590AFA6B-B113-44B7-A80C-EDDE3178BE13}.RelWithDebInfo|Any CPU.ActiveCfg = Release|iPhone
		{590AFA6B-B113-44B7-A80C-EDDE3178BE13}.RelWithDebInfo|Any CPU.Build.0 = Release|iPhone
		{590AFA6B-B113-44B7-A80C-EDDE3178BE13}.RelWithDebInfo|Arduino_Nano.ActiveCfg = Release|iPhoneSimulator
		{590AFA6B-B113-44B7-A80C-EDDE3178BE13}.RelWithDebInfo|Arduino_Nano.Build.0 = Release|iPhoneSimulator
		{590AFA6B-B113-44B7-A80C-EDDE3178BE13}.RelWithDebInfo|Arduino_Uno.ActiveCfg = Release|iPhoneSimulator
		{590AFA6B-B113-44B7-A80C-EDDE3178BE13}.RelWithDebInfo|Arduino_Uno.Build.0 = Release|iPhoneSimulator
		{590AFA6B-B113-44B7-A80C-EDDE3178BE13}.RelWithDebInfo|BaceSimulatorApp.ActiveCfg = Release|iPhone
		{590AFA6B-B113-44B7-A80C-EDDE3178BE13}.RelWithDebInfo|BaceSimulatorApp.Build.0 = Release|iPhone
		{590AFA6B-B113-44B7-A80C-EDDE3178BE13}.RelWithDebInfo|Generic_STM32F103C6_fake_STM32F103C8.ActiveCfg = Release|iPhoneSimulator
		{590AFA6B-B113-44B7-A80C-EDDE3178BE13}.RelWithDebInfo|Generic_STM32F103C6_fake_STM32F103C8.Build.0 = Release|iPhoneSimulator
		{590AFA6B-B113-44B7-A80C-EDDE3178BE13}.RelWithDebInfo|iPhone.ActiveCfg = Release|iPhone
		{590AFA6B-B113-44B7-A80C-EDDE3178BE13}.RelWithDebInfo|iPhone.Build.0 = Release|iPhone
		{590AFA6B-B113-44B7-A80C-EDDE3178BE13}.RelWithDebInfo|iPhoneSimulator.ActiveCfg = Release|iPhoneSimulator
		{590AFA6B-B113-44B7-A80C-EDDE3178BE13}.RelWithDebInfo|iPhoneSimulator.Build.0 = Release|iPhoneSimulator
		{590AFA6B-B113-44B7-A80C-EDDE3178BE13}.RelWithDebInfo|VisualGDB.ActiveCfg = Release|iPhone
		{590AFA6B-B113-44B7-A80C-EDDE3178BE13}.RelWithDebInfo|VisualGDB.Build.0 = Release|iPhone
		{590AFA6B-B113-44B7-A80C-EDDE3178BE13}.RelWithDebInfo|x64.ActiveCfg = Release|iPhone
		{590AFA6B-B113-44B7-A80C-EDDE3178BE13}.RelWithDebInfo|x64.Build.0 = Release|iPhone
		{590AFA6B-B113-44B7-A80C-EDDE3178BE13}.RelWithDebInfo|x86.ActiveCfg = Release|iPhone
		{590AFA6B-B113-44B7-A80C-EDDE3178BE13}.RelWithDebInfo|x86.Build.0 = Release|iPhone
		{A4699741-FBAB-40F8-A634-2070AE08E231}.AndroidSimulator|Any CPU.ActiveCfg = Debug|Any CPU
		{A4699741-FBAB-40F8-A634-2070AE08E231}.AndroidSimulator|Any CPU.Build.0 = Debug|Any CPU
		{A4699741-FBAB-40F8-A634-2070AE08E231}.AndroidSimulator|Arduino_Nano.ActiveCfg = Release|Any CPU
		{A4699741-FBAB-40F8-A634-2070AE08E231}.AndroidSimulator|Arduino_Nano.Build.0 = Release|Any CPU
		{A4699741-FBAB-40F8-A634-2070AE08E231}.AndroidSimulator|Arduino_Uno.ActiveCfg = Release|Any CPU
		{A4699741-FBAB-40F8-A634-2070AE08E231}.AndroidSimulator|Arduino_Uno.Build.0 = Release|Any CPU
		{A4699741-FBAB-40F8-A634-2070AE08E231}.AndroidSimulator|BaceSimulatorApp.ActiveCfg = Debug|Any CPU
		{A4699741-FBAB-40F8-A634-2070AE08E231}.AndroidSimulator|BaceSimulatorApp.Build.0 = Debug|Any CPU
		{A4699741-FBAB-40F8-A634-2070AE08E231}.AndroidSimulator|Generic_STM32F103C6_fake_STM32F103C8.ActiveCfg = Release|Any CPU
		{A4699741-FBAB-40F8-A634-2070AE08E231}.AndroidSimulator|Generic_STM32F103C6_fake_STM32F103C8.Build.0 = Release|Any CPU
		{A4699741-FBAB-40F8-A634-2070AE08E231}.AndroidSimulator|iPhone.ActiveCfg = Release|Any CPU
		{A4699741-FBAB-40F8-A634-2070AE08E231}.AndroidSimulator|iPhone.Build.0 = Release|Any CPU
		{A4699741-FBAB-40F8-A634-2070AE08E231}.AndroidSimulator|iPhoneSimulator.ActiveCfg = Release|Any CPU
		{A4699741-FBAB-40F8-A634-2070AE08E231}.AndroidSimulator|iPhoneSimulator.Build.0 = Release|Any CPU
		{A4699741-FBAB-40F8-A634-2070AE08E231}.AndroidSimulator|VisualGDB.ActiveCfg = Release|Any CPU
		{A4699741-FBAB-40F8-A634-2070AE08E231}.AndroidSimulator|VisualGDB.Build.0 = Release|Any CPU
		{A4699741-FBAB-40F8-A634-2070AE08E231}.AndroidSimulator|x64.ActiveCfg = Release|Any CPU
		{A4699741-FBAB-40F8-A634-2070AE08E231}.AndroidSimulator|x64.Build.0 = Release|Any CPU
		{A4699741-FBAB-40F8-A634-2070AE08E231}.AndroidSimulator|x86.ActiveCfg = Release|Any CPU
		{A4699741-FBAB-40F8-A634-2070AE08E231}.AndroidSimulator|x86.Build.0 = Release|Any CPU
		{A4699741-FBAB-40F8-A634-2070AE08E231}.Debug|Any CPU.ActiveCfg = Debug|Any CPU
		{A4699741-FBAB-40F8-A634-2070AE08E231}.Debug|Any CPU.Build.0 = Debug|Any CPU
		{A4699741-FBAB-40F8-A634-2070AE08E231}.Debug|Arduino_Nano.ActiveCfg = Debug|Any CPU
		{A4699741-FBAB-40F8-A634-2070AE08E231}.Debug|Arduino_Nano.Build.0 = Debug|Any CPU
		{A4699741-FBAB-40F8-A634-2070AE08E231}.Debug|Arduino_Uno.ActiveCfg = Debug|Any CPU
		{A4699741-FBAB-40F8-A634-2070AE08E231}.Debug|Arduino_Uno.Build.0 = Debug|Any CPU
		{A4699741-FBAB-40F8-A634-2070AE08E231}.Debug|BaceSimulatorApp.ActiveCfg = Debug|Any CPU
		{A4699741-FBAB-40F8-A634-2070AE08E231}.Debug|BaceSimulatorApp.Build.0 = Debug|Any CPU
		{A4699741-FBAB-40F8-A634-2070AE08E231}.Debug|Generic_STM32F103C6_fake_STM32F103C8.ActiveCfg = Debug|Any CPU
		{A4699741-FBAB-40F8-A634-2070AE08E231}.Debug|Generic_STM32F103C6_fake_STM32F103C8.Build.0 = Debug|Any CPU
		{A4699741-FBAB-40F8-A634-2070AE08E231}.Debug|iPhone.ActiveCfg = Debug|Any CPU
		{A4699741-FBAB-40F8-A634-2070AE08E231}.Debug|iPhone.Build.0 = Debug|Any CPU
		{A4699741-FBAB-40F8-A634-2070AE08E231}.Debug|iPhoneSimulator.ActiveCfg = Debug|Any CPU
		{A4699741-FBAB-40F8-A634-2070AE08E231}.Debug|iPhoneSimulator.Build.0 = Debug|Any CPU
		{A4699741-FBAB-40F8-A634-2070AE08E231}.Debug|VisualGDB.ActiveCfg = Debug|Any CPU
		{A4699741-FBAB-40F8-A634-2070AE08E231}.Debug|VisualGDB.Build.0 = Debug|Any CPU
		{A4699741-FBAB-40F8-A634-2070AE08E231}.Debug|x64.ActiveCfg = Debug|Any CPU
		{A4699741-FBAB-40F8-A634-2070AE08E231}.Debug|x64.Build.0 = Debug|Any CPU
		{A4699741-FBAB-40F8-A634-2070AE08E231}.Debug|x86.ActiveCfg = Debug|Any CPU
		{A4699741-FBAB-40F8-A634-2070AE08E231}.Debug|x86.Build.0 = Debug|Any CPU
		{A4699741-FBAB-40F8-A634-2070AE08E231}.MinSizeRel|Any CPU.ActiveCfg = Release|Any CPU
		{A4699741-FBAB-40F8-A634-2070AE08E231}.MinSizeRel|Any CPU.Build.0 = Release|Any CPU
		{A4699741-FBAB-40F8-A634-2070AE08E231}.MinSizeRel|Arduino_Nano.ActiveCfg = Release|Any CPU
		{A4699741-FBAB-40F8-A634-2070AE08E231}.MinSizeRel|Arduino_Nano.Build.0 = Release|Any CPU
		{A4699741-FBAB-40F8-A634-2070AE08E231}.MinSizeRel|Arduino_Uno.ActiveCfg = Release|Any CPU
		{A4699741-FBAB-40F8-A634-2070AE08E231}.MinSizeRel|Arduino_Uno.Build.0 = Release|Any CPU
		{A4699741-FBAB-40F8-A634-2070AE08E231}.MinSizeRel|BaceSimulatorApp.ActiveCfg = Release|Any CPU
		{A4699741-FBAB-40F8-A634-2070AE08E231}.MinSizeRel|BaceSimulatorApp.Build.0 = Release|Any CPU
		{A4699741-FBAB-40F8-A634-2070AE08E231}.MinSizeRel|Generic_STM32F103C6_fake_STM32F103C8.ActiveCfg = Release|Any CPU
		{A4699741-FBAB-40F8-A634-2070AE08E231}.MinSizeRel|Generic_STM32F103C6_fake_STM32F103C8.Build.0 = Release|Any CPU
		{A4699741-FBAB-40F8-A634-2070AE08E231}.MinSizeRel|iPhone.ActiveCfg = Release|Any CPU
		{A4699741-FBAB-40F8-A634-2070AE08E231}.MinSizeRel|iPhone.Build.0 = Release|Any CPU
		{A4699741-FBAB-40F8-A634-2070AE08E231}.MinSizeRel|iPhoneSimulator.ActiveCfg = Release|Any CPU
		{A4699741-FBAB-40F8-A634-2070AE08E231}.MinSizeRel|iPhoneSimulator.Build.0 = Release|Any CPU
		{A4699741-FBAB-40F8-A634-2070AE08E231}.MinSizeRel|VisualGDB.ActiveCfg = Release|Any CPU
		{A4699741-FBAB-40F8-A634-2070AE08E231}.MinSizeRel|VisualGDB.Build.0 = Release|Any CPU
		{A4699741-FBAB-40F8-A634-2070AE08E231}.MinSizeRel|x64.ActiveCfg = Release|Any CPU
		{A4699741-FBAB-40F8-A634-2070AE08E231}.MinSizeRel|x64.Build.0 = Release|Any CPU
		{A4699741-FBAB-40F8-A634-2070AE08E231}.MinSizeRel|x86.ActiveCfg = Release|Any CPU
		{A4699741-FBAB-40F8-A634-2070AE08E231}.MinSizeRel|x86.Build.0 = Release|Any CPU
		{A4699741-FBAB-40F8-A634-2070AE08E231}.Release|Any CPU.ActiveCfg = Release|Any CPU
		{A4699741-FBAB-40F8-A634-2070AE08E231}.Release|Any CPU.Build.0 = Release|Any CPU
		{A4699741-FBAB-40F8-A634-2070AE08E231}.Release|Arduino_Nano.ActiveCfg = Release|Any CPU
		{A4699741-FBAB-40F8-A634-2070AE08E231}.Release|Arduino_Nano.Build.0 = Release|Any CPU
		{A4699741-FBAB-40F8-A634-2070AE08E231}.Release|Arduino_Uno.ActiveCfg = Release|Any CPU
		{A4699741-FBAB-40F8-A634-2070AE08E231}.Release|Arduino_Uno.Build.0 = Release|Any CPU
		{A4699741-FBAB-40F8-A634-2070AE08E231}.Release|BaceSimulatorApp.ActiveCfg = Release|Any CPU
		{A4699741-FBAB-40F8-A634-2070AE08E231}.Release|BaceSimulatorApp.Build.0 = Release|Any CPU
		{A4699741-FBAB-40F8-A634-2070AE08E231}.Release|Generic_STM32F103C6_fake_STM32F103C8.ActiveCfg = Release|Any CPU
		{A4699741-FBAB-40F8-A634-2070AE08E231}.Release|Generic_STM32F103C6_fake_STM32F103C8.Build.0 = Release|Any CPU
		{A4699741-FBAB-40F8-A634-2070AE08E231}.Release|iPhone.ActiveCfg = Release|Any CPU
		{A4699741-FBAB-40F8-A634-2070AE08E231}.Release|iPhone.Build.0 = Release|Any CPU
		{A4699741-FBAB-40F8-A634-2070AE08E231}.Release|iPhoneSimulator.ActiveCfg = Release|Any CPU
		{A4699741-FBAB-40F8-A634-2070AE08E231}.Release|iPhoneSimulator.Build.0 = Release|Any CPU
		{A4699741-FBAB-40F8-A634-2070AE08E231}.Release|VisualGDB.ActiveCfg = Release|Any CPU
		{A4699741-FBAB-40F8-A634-2070AE08E231}.Release|VisualGDB.Build.0 = Release|Any CPU
		{A4699741-FBAB-40F8-A634-2070AE08E231}.Release|x64.ActiveCfg = Release|Any CPU
		{A4699741-FBAB-40F8-A634-2070AE08E231}.Release|x64.Build.0 = Release|Any CPU
		{A4699741-FBAB-40F8-A634-2070AE08E231}.Release|x86.ActiveCfg = Release|Any CPU
		{A4699741-FBAB-40F8-A634-2070AE08E231}.Release|x86.Build.0 = Release|Any CPU
		{A4699741-FBAB-40F8-A634-2070AE08E231}.RelWithDebInfo|Any CPU.ActiveCfg = Release|Any CPU
		{A4699741-FBAB-40F8-A634-2070AE08E231}.RelWithDebInfo|Any CPU.Build.0 = Release|Any CPU
		{A4699741-FBAB-40F8-A634-2070AE08E231}.RelWithDebInfo|Arduino_Nano.ActiveCfg = Release|Any CPU
		{A4699741-FBAB-40F8-A634-2070AE08E231}.RelWithDebInfo|Arduino_Nano.Build.0 = Release|Any CPU
		{A4699741-FBAB-40F8-A634-2070AE08E231}.RelWithDebInfo|Arduino_Uno.ActiveCfg = Release|Any CPU
		{A4699741-FBAB-40F8-A634-2070AE08E231}.RelWithDebInfo|Arduino_Uno.Build.0 = Release|Any CPU
		{A4699741-FBAB-40F8-A634-2070AE08E231}.RelWithDebInfo|BaceSimulatorApp.ActiveCfg = Release|Any CPU
		{A4699741-FBAB-40F8-A634-2070AE08E231}.RelWithDebInfo|BaceSimulatorApp.Build.0 = Release|Any CPU
		{A4699741-FBAB-40F8-A634-2070AE08E231}.RelWithDebInfo|Generic_STM32F103C6_fake_STM32F103C8.ActiveCfg = Release|Any CPU
		{A4699741-FBAB-40F8-A634-2070AE08E231}.RelWithDebInfo|Generic_STM32F103C6_fake_STM32F103C8.Build.0 = Release|Any CPU
		{A4699741-FBAB-40F8-A634-2070AE08E231}.RelWithDebInfo|iPhone.ActiveCfg = Release|Any CPU
		{A4699741-FBAB-40F8-A634-2070AE08E231}.RelWithDebInfo|iPhone.Build.0 = Release|Any CPU
		{A4699741-FBAB-40F8-A634-2070AE08E231}.RelWithDebInfo|iPhoneSimulator.ActiveCfg = Release|Any CPU
		{A4699741-FBAB-40F8-A634-2070AE08E231}.RelWithDebInfo|iPhoneSimulator.Build.0 = Release|Any CPU
		{A4699741-FBAB-40F8-A634-2070AE08E231}.RelWithDebInfo|VisualGDB.ActiveCfg = Release|Any CPU
		{A4699741-FBAB-40F8-A634-2070AE08E231}.RelWithDebInfo|VisualGDB.Build.0 = Release|Any CPU
		{A4699741-FBAB-40F8-A634-2070AE08E231}.RelWithDebInfo|x64.ActiveCfg = Release|Any CPU
		{A4699741-FBAB-40F8-A634-2070AE08E231}.RelWithDebInfo|x64.Build.0 = Release|Any CPU
		{A4699741-FBAB-40F8-A634-2070AE08E231}.RelWithDebInfo|x86.ActiveCfg = Release|Any CPU
		{A4699741-FBAB-40F8-A634-2070AE08E231}.RelWithDebInfo|x86.Build.0 = Release|Any CPU
		{F725570F-8233-4913-905D-563E30E39902}.AndroidSimulator|Any CPU.ActiveCfg = Debug|Any CPU
		{F725570F-8233-4913-905D-563E30E39902}.AndroidSimulator|Any CPU.Build.0 = Debug|Any CPU
		{F725570F-8233-4913-905D-563E30E39902}.AndroidSimulator|Arduino_Nano.ActiveCfg = Release|Any CPU
		{F725570F-8233-4913-905D-563E30E39902}.AndroidSimulator|Arduino_Nano.Build.0 = Release|Any CPU
		{F725570F-8233-4913-905D-563E30E39902}.AndroidSimulator|Arduino_Uno.ActiveCfg = Release|Any CPU
		{F725570F-8233-4913-905D-563E30E39902}.AndroidSimulator|Arduino_Uno.Build.0 = Release|Any CPU
		{F725570F-8233-4913-905D-563E30E39902}.AndroidSimulator|BaceSimulatorApp.ActiveCfg = Release|Any CPU
		{F725570F-8233-4913-905D-563E30E39902}.AndroidSimulator|BaceSimulatorApp.Build.0 = Release|Any CPU
		{F725570F-8233-4913-905D-563E30E39902}.AndroidSimulator|Generic_STM32F103C6_fake_STM32F103C8.ActiveCfg = Release|Any CPU
		{F725570F-8233-4913-905D-563E30E39902}.AndroidSimulator|Generic_STM32F103C6_fake_STM32F103C8.Build.0 = Release|Any CPU
		{F725570F-8233-4913-905D-563E30E39902}.AndroidSimulator|iPhone.ActiveCfg = Release|Any CPU
		{F725570F-8233-4913-905D-563E30E39902}.AndroidSimulator|iPhone.Build.0 = Release|Any CPU
		{F725570F-8233-4913-905D-563E30E39902}.AndroidSimulator|iPhoneSimulator.ActiveCfg = Release|Any CPU
		{F725570F-8233-4913-905D-563E30E39902}.AndroidSimulator|iPhoneSimulator.Build.0 = Release|Any CPU
		{F725570F-8233-4913-905D-563E30E39902}.AndroidSimulator|VisualGDB.ActiveCfg = Release|Any CPU
		{F725570F-8233-4913-905D-563E30E39902}.AndroidSimulator|VisualGDB.Build.0 = Release|Any CPU
		{F725570F-8233-4913-905D-563E30E39902}.AndroidSimulator|x64.ActiveCfg = Release|Any CPU
		{F725570F-8233-4913-905D-563E30E39902}.AndroidSimulator|x64.Build.0 = Release|Any CPU
		{F725570F-8233-4913-905D-563E30E39902}.AndroidSimulator|x86.ActiveCfg = Release|Any CPU
		{F725570F-8233-4913-905D-563E30E39902}.AndroidSimulator|x86.Build.0 = Release|Any CPU
		{F725570F-8233-4913-905D-563E30E39902}.Debug|Any CPU.ActiveCfg = Debug|Any CPU
		{F725570F-8233-4913-905D-563E30E39902}.Debug|Any CPU.Build.0 = Debug|Any CPU
		{F725570F-8233-4913-905D-563E30E39902}.Debug|Arduino_Nano.ActiveCfg = Debug|Any CPU
		{F725570F-8233-4913-905D-563E30E39902}.Debug|Arduino_Nano.Build.0 = Debug|Any CPU
		{F725570F-8233-4913-905D-563E30E39902}.Debug|Arduino_Uno.ActiveCfg = Debug|Any CPU
		{F725570F-8233-4913-905D-563E30E39902}.Debug|Arduino_Uno.Build.0 = Debug|Any CPU
		{F725570F-8233-4913-905D-563E30E39902}.Debug|BaceSimulatorApp.ActiveCfg = Debug|Any CPU
		{F725570F-8233-4913-905D-563E30E39902}.Debug|BaceSimulatorApp.Build.0 = Debug|Any CPU
		{F725570F-8233-4913-905D-563E30E39902}.Debug|Generic_STM32F103C6_fake_STM32F103C8.ActiveCfg = Debug|Any CPU
		{F725570F-8233-4913-905D-563E30E39902}.Debug|Generic_STM32F103C6_fake_STM32F103C8.Build.0 = Debug|Any CPU
		{F725570F-8233-4913-905D-563E30E39902}.Debug|iPhone.ActiveCfg = Debug|Any CPU
		{F725570F-8233-4913-905D-563E30E39902}.Debug|iPhone.Build.0 = Debug|Any CPU
		{F725570F-8233-4913-905D-563E30E39902}.Debug|iPhoneSimulator.ActiveCfg = Debug|Any CPU
		{F725570F-8233-4913-905D-563E30E39902}.Debug|iPhoneSimulator.Build.0 = Debug|Any CPU
		{F725570F-8233-4913-905D-563E30E39902}.Debug|VisualGDB.ActiveCfg = Debug|Any CPU
		{F725570F-8233-4913-905D-563E30E39902}.Debug|VisualGDB.Build.0 = Debug|Any CPU
		{F725570F-8233-4913-905D-563E30E39902}.Debug|x64.ActiveCfg = Debug|Any CPU
		{F725570F-8233-4913-905D-563E30E39902}.Debug|x64.Build.0 = Debug|Any CPU
		{F725570F-8233-4913-905D-563E30E39902}.Debug|x86.ActiveCfg = Debug|Any CPU
		{F725570F-8233-4913-905D-563E30E39902}.Debug|x86.Build.0 = Debug|Any CPU
		{F725570F-8233-4913-905D-563E30E39902}.MinSizeRel|Any CPU.ActiveCfg = Debug|Any CPU
		{F725570F-8233-4913-905D-563E30E39902}.MinSizeRel|Any CPU.Build.0 = Debug|Any CPU
		{F725570F-8233-4913-905D-563E30E39902}.MinSizeRel|Arduino_Nano.ActiveCfg = Debug|Any CPU
		{F725570F-8233-4913-905D-563E30E39902}.MinSizeRel|Arduino_Nano.Build.0 = Debug|Any CPU
		{F725570F-8233-4913-905D-563E30E39902}.MinSizeRel|Arduino_Uno.ActiveCfg = Release|Any CPU
		{F725570F-8233-4913-905D-563E30E39902}.MinSizeRel|Arduino_Uno.Build.0 = Release|Any CPU
		{F725570F-8233-4913-905D-563E30E39902}.MinSizeRel|BaceSimulatorApp.ActiveCfg = Debug|Any CPU
		{F725570F-8233-4913-905D-563E30E39902}.MinSizeRel|BaceSimulatorApp.Build.0 = Debug|Any CPU
		{F725570F-8233-4913-905D-563E30E39902}.MinSizeRel|Generic_STM32F103C6_fake_STM32F103C8.ActiveCfg = Release|Any CPU
		{F725570F-8233-4913-905D-563E30E39902}.MinSizeRel|Generic_STM32F103C6_fake_STM32F103C8.Build.0 = Release|Any CPU
		{F725570F-8233-4913-905D-563E30E39902}.MinSizeRel|iPhone.ActiveCfg = Debug|Any CPU
		{F725570F-8233-4913-905D-563E30E39902}.MinSizeRel|iPhone.Build.0 = Debug|Any CPU
		{F725570F-8233-4913-905D-563E30E39902}.MinSizeRel|iPhoneSimulator.ActiveCfg = Debug|Any CPU
		{F725570F-8233-4913-905D-563E30E39902}.MinSizeRel|iPhoneSimulator.Build.0 = Debug|Any CPU
		{F725570F-8233-4913-905D-563E30E39902}.MinSizeRel|VisualGDB.ActiveCfg = Debug|Any CPU
		{F725570F-8233-4913-905D-563E30E39902}.MinSizeRel|VisualGDB.Build.0 = Debug|Any CPU
		{F725570F-8233-4913-905D-563E30E39902}.MinSizeRel|x64.ActiveCfg = Debug|Any CPU
		{F725570F-8233-4913-905D-563E30E39902}.MinSizeRel|x64.Build.0 = Debug|Any CPU
		{F725570F-8233-4913-905D-563E30E39902}.MinSizeRel|x86.ActiveCfg = Debug|Any CPU
		{F725570F-8233-4913-905D-563E30E39902}.MinSizeRel|x86.Build.0 = Debug|Any CPU
		{F725570F-8233-4913-905D-563E30E39902}.Release|Any CPU.ActiveCfg = Release|Any CPU
		{F725570F-8233-4913-905D-563E30E39902}.Release|Any CPU.Build.0 = Release|Any CPU
		{F725570F-8233-4913-905D-563E30E39902}.Release|Arduino_Nano.ActiveCfg = Release|Any CPU
		{F725570F-8233-4913-905D-563E30E39902}.Release|Arduino_Nano.Build.0 = Release|Any CPU
		{F725570F-8233-4913-905D-563E30E39902}.Release|Arduino_Uno.ActiveCfg = Release|Any CPU
		{F725570F-8233-4913-905D-563E30E39902}.Release|Arduino_Uno.Build.0 = Release|Any CPU
		{F725570F-8233-4913-905D-563E30E39902}.Release|BaceSimulatorApp.ActiveCfg = Release|Any CPU
		{F725570F-8233-4913-905D-563E30E39902}.Release|BaceSimulatorApp.Build.0 = Release|Any CPU
		{F725570F-8233-4913-905D-563E30E39902}.Release|Generic_STM32F103C6_fake_STM32F103C8.ActiveCfg = Release|Any CPU
		{F725570F-8233-4913-905D-563E30E39902}.Release|Generic_STM32F103C6_fake_STM32F103C8.Build.0 = Release|Any CPU
		{F725570F-8233-4913-905D-563E30E39902}.Release|iPhone.ActiveCfg = Release|Any CPU
		{F725570F-8233-4913-905D-563E30E39902}.Release|iPhone.Build.0 = Release|Any CPU
		{F725570F-8233-4913-905D-563E30E39902}.Release|iPhoneSimulator.ActiveCfg = Release|Any CPU
		{F725570F-8233-4913-905D-563E30E39902}.Release|iPhoneSimulator.Build.0 = Release|Any CPU
		{F725570F-8233-4913-905D-563E30E39902}.Release|VisualGDB.ActiveCfg = Release|Any CPU
		{F725570F-8233-4913-905D-563E30E39902}.Release|VisualGDB.Build.0 = Release|Any CPU
		{F725570F-8233-4913-905D-563E30E39902}.Release|x64.ActiveCfg = Release|Any CPU
		{F725570F-8233-4913-905D-563E30E39902}.Release|x64.Build.0 = Release|Any CPU
		{F725570F-8233-4913-905D-563E30E39902}.Release|x86.ActiveCfg = Release|Any CPU
		{F725570F-8233-4913-905D-563E30E39902}.Release|x86.Build.0 = Release|Any CPU
		{F725570F-8233-4913-905D-563E30E39902}.RelWithDebInfo|Any CPU.ActiveCfg = Release|Any CPU
		{F725570F-8233-4913-905D-563E30E39902}.RelWithDebInfo|Any CPU.Build.0 = Release|Any CPU
		{F725570F-8233-4913-905D-563E30E39902}.RelWithDebInfo|Arduino_Nano.ActiveCfg = Release|Any CPU
		{F725570F-8233-4913-905D-563E30E39902}.RelWithDebInfo|Arduino_Nano.Build.0 = Release|Any CPU
		{F725570F-8233-4913-905D-563E30E39902}.RelWithDebInfo|Arduino_Uno.ActiveCfg = Release|Any CPU
		{F725570F-8233-4913-905D-563E30E39902}.RelWithDebInfo|Arduino_Uno.Build.0 = Release|Any CPU
		{F725570F-8233-4913-905D-563E30E39902}.RelWithDebInfo|BaceSimulatorApp.ActiveCfg = Release|Any CPU
		{F725570F-8233-4913-905D-563E30E39902}.RelWithDebInfo|BaceSimulatorApp.Build.0 = Release|Any CPU
		{F725570F-8233-4913-905D-563E30E39902}.RelWithDebInfo|Generic_STM32F103C6_fake_STM32F103C8.ActiveCfg = Release|Any CPU
		{F725570F-8233-4913-905D-563E30E39902}.RelWithDebInfo|Generic_STM32F103C6_fake_STM32F103C8.Build.0 = Release|Any CPU
		{F725570F-8233-4913-905D-563E30E39902}.RelWithDebInfo|iPhone.ActiveCfg = Release|Any CPU
		{F725570F-8233-4913-905D-563E30E39902}.RelWithDebInfo|iPhone.Build.0 = Release|Any CPU
		{F725570F-8233-4913-905D-563E30E39902}.RelWithDebInfo|iPhoneSimulator.ActiveCfg = Release|Any CPU
		{F725570F-8233-4913-905D-563E30E39902}.RelWithDebInfo|iPhoneSimulator.Build.0 = Release|Any CPU
		{F725570F-8233-4913-905D-563E30E39902}.RelWithDebInfo|VisualGDB.ActiveCfg = Release|Any CPU
		{F725570F-8233-4913-905D-563E30E39902}.RelWithDebInfo|VisualGDB.Build.0 = Release|Any CPU
		{F725570F-8233-4913-905D-563E30E39902}.RelWithDebInfo|x64.ActiveCfg = Release|Any CPU
		{F725570F-8233-4913-905D-563E30E39902}.RelWithDebInfo|x64.Build.0 = Release|Any CPU
		{F725570F-8233-4913-905D-563E30E39902}.RelWithDebInfo|x86.ActiveCfg = Release|Any CPU
		{F725570F-8233-4913-905D-563E30E39902}.RelWithDebInfo|x86.Build.0 = Release|Any CPU
		{720A82D7-F500-4984-B005-D238D4A9CF5D}.AndroidSimulator|Any CPU.ActiveCfg = Debug|Any CPU
		{720A82D7-F500-4984-B005-D238D4A9CF5D}.AndroidSimulator|Any CPU.Build.0 = Debug|Any CPU
		{720A82D7-F500-4984-B005-D238D4A9CF5D}.AndroidSimulator|Arduino_Nano.ActiveCfg = Release|Any CPU
		{720A82D7-F500-4984-B005-D238D4A9CF5D}.AndroidSimulator|Arduino_Nano.Build.0 = Release|Any CPU
		{720A82D7-F500-4984-B005-D238D4A9CF5D}.AndroidSimulator|Arduino_Uno.ActiveCfg = Release|Any CPU
		{720A82D7-F500-4984-B005-D238D4A9CF5D}.AndroidSimulator|Arduino_Uno.Build.0 = Release|Any CPU
		{720A82D7-F500-4984-B005-D238D4A9CF5D}.AndroidSimulator|BaceSimulatorApp.ActiveCfg = Release|Any CPU
		{720A82D7-F500-4984-B005-D238D4A9CF5D}.AndroidSimulator|BaceSimulatorApp.Build.0 = Release|Any CPU
		{720A82D7-F500-4984-B005-D238D4A9CF5D}.AndroidSimulator|Generic_STM32F103C6_fake_STM32F103C8.ActiveCfg = Release|Any CPU
		{720A82D7-F500-4984-B005-D238D4A9CF5D}.AndroidSimulator|Generic_STM32F103C6_fake_STM32F103C8.Build.0 = Release|Any CPU
		{720A82D7-F500-4984-B005-D238D4A9CF5D}.AndroidSimulator|iPhone.ActiveCfg = Release|Any CPU
		{720A82D7-F500-4984-B005-D238D4A9CF5D}.AndroidSimulator|iPhone.Build.0 = Release|Any CPU
		{720A82D7-F500-4984-B005-D238D4A9CF5D}.AndroidSimulator|iPhoneSimulator.ActiveCfg = Release|Any CPU
		{720A82D7-F500-4984-B005-D238D4A9CF5D}.AndroidSimulator|iPhoneSimulator.Build.0 = Release|Any CPU
		{720A82D7-F500-4984-B005-D238D4A9CF5D}.AndroidSimulator|VisualGDB.ActiveCfg = Release|Any CPU
		{720A82D7-F500-4984-B005-D238D4A9CF5D}.AndroidSimulator|VisualGDB.Build.0 = Release|Any CPU
		{720A82D7-F500-4984-B005-D238D4A9CF5D}.AndroidSimulator|x64.ActiveCfg = Release|Any CPU
		{720A82D7-F500-4984-B005-D238D4A9CF5D}.AndroidSimulator|x64.Build.0 = Release|Any CPU
		{720A82D7-F500-4984-B005-D238D4A9CF5D}.AndroidSimulator|x86.ActiveCfg = Release|Any CPU
		{720A82D7-F500-4984-B005-D238D4A9CF5D}.AndroidSimulator|x86.Build.0 = Release|Any CPU
		{720A82D7-F500-4984-B005-D238D4A9CF5D}.Debug|Any CPU.ActiveCfg = Debug|Any CPU
		{720A82D7-F500-4984-B005-D238D4A9CF5D}.Debug|Any CPU.Build.0 = Debug|Any CPU
		{720A82D7-F500-4984-B005-D238D4A9CF5D}.Debug|Arduino_Nano.ActiveCfg = Debug|Any CPU
		{720A82D7-F500-4984-B005-D238D4A9CF5D}.Debug|Arduino_Nano.Build.0 = Debug|Any CPU
		{720A82D7-F500-4984-B005-D238D4A9CF5D}.Debug|Arduino_Uno.ActiveCfg = Debug|Any CPU
		{720A82D7-F500-4984-B005-D238D4A9CF5D}.Debug|Arduino_Uno.Build.0 = Debug|Any CPU
		{720A82D7-F500-4984-B005-D238D4A9CF5D}.Debug|BaceSimulatorApp.ActiveCfg = Debug|Any CPU
		{720A82D7-F500-4984-B005-D238D4A9CF5D}.Debug|BaceSimulatorApp.Build.0 = Debug|Any CPU
		{720A82D7-F500-4984-B005-D238D4A9CF5D}.Debug|Generic_STM32F103C6_fake_STM32F103C8.ActiveCfg = Debug|Any CPU
		{720A82D7-F500-4984-B005-D238D4A9CF5D}.Debug|Generic_STM32F103C6_fake_STM32F103C8.Build.0 = Debug|Any CPU
		{720A82D7-F500-4984-B005-D238D4A9CF5D}.Debug|iPhone.ActiveCfg = Debug|Any CPU
		{720A82D7-F500-4984-B005-D238D4A9CF5D}.Debug|iPhone.Build.0 = Debug|Any CPU
		{720A82D7-F500-4984-B005-D238D4A9CF5D}.Debug|iPhoneSimulator.ActiveCfg = Debug|Any CPU
		{720A82D7-F500-4984-B005-D238D4A9CF5D}.Debug|iPhoneSimulator.Build.0 = Debug|Any CPU
		{720A82D7-F500-4984-B005-D238D4A9CF5D}.Debug|VisualGDB.ActiveCfg = Debug|Any CPU
		{720A82D7-F500-4984-B005-D238D4A9CF5D}.Debug|VisualGDB.Build.0 = Debug|Any CPU
		{720A82D7-F500-4984-B005-D238D4A9CF5D}.Debug|x64.ActiveCfg = Debug|Any CPU
		{720A82D7-F500-4984-B005-D238D4A9CF5D}.Debug|x64.Build.0 = Debug|Any CPU
		{720A82D7-F500-4984-B005-D238D4A9CF5D}.Debug|x86.ActiveCfg = Debug|Any CPU
		{720A82D7-F500-4984-B005-D238D4A9CF5D}.Debug|x86.Build.0 = Debug|Any CPU
		{720A82D7-F500-4984-B005-D238D4A9CF5D}.MinSizeRel|Any CPU.ActiveCfg = Debug|Any CPU
		{720A82D7-F500-4984-B005-D238D4A9CF5D}.MinSizeRel|Any CPU.Build.0 = Debug|Any CPU
		{720A82D7-F500-4984-B005-D238D4A9CF5D}.MinSizeRel|Arduino_Nano.ActiveCfg = Debug|Any CPU
		{720A82D7-F500-4984-B005-D238D4A9CF5D}.MinSizeRel|Arduino_Nano.Build.0 = Debug|Any CPU
		{720A82D7-F500-4984-B005-D238D4A9CF5D}.MinSizeRel|Arduino_Uno.ActiveCfg = Debug|Any CPU
		{720A82D7-F500-4984-B005-D238D4A9CF5D}.MinSizeRel|Arduino_Uno.Build.0 = Debug|Any CPU
		{720A82D7-F500-4984-B005-D238D4A9CF5D}.MinSizeRel|BaceSimulatorApp.ActiveCfg = Debug|Any CPU
		{720A82D7-F500-4984-B005-D238D4A9CF5D}.MinSizeRel|BaceSimulatorApp.Build.0 = Debug|Any CPU
		{720A82D7-F500-4984-B005-D238D4A9CF5D}.MinSizeRel|Generic_STM32F103C6_fake_STM32F103C8.ActiveCfg = Debug|Any CPU
		{720A82D7-F500-4984-B005-D238D4A9CF5D}.MinSizeRel|Generic_STM32F103C6_fake_STM32F103C8.Build.0 = Debug|Any CPU
		{720A82D7-F500-4984-B005-D238D4A9CF5D}.MinSizeRel|iPhone.ActiveCfg = Debug|Any CPU
		{720A82D7-F500-4984-B005-D238D4A9CF5D}.MinSizeRel|iPhone.Build.0 = Debug|Any CPU
		{720A82D7-F500-4984-B005-D238D4A9CF5D}.MinSizeRel|iPhoneSimulator.ActiveCfg = Debug|Any CPU
		{720A82D7-F500-4984-B005-D238D4A9CF5D}.MinSizeRel|iPhoneSimulator.Build.0 = Debug|Any CPU
		{720A82D7-F500-4984-B005-D238D4A9CF5D}.MinSizeRel|VisualGDB.ActiveCfg = Debug|Any CPU
		{720A82D7-F500-4984-B005-D238D4A9CF5D}.MinSizeRel|VisualGDB.Build.0 = Debug|Any CPU
		{720A82D7-F500-4984-B005-D238D4A9CF5D}.MinSizeRel|x64.ActiveCfg = Debug|Any CPU
		{720A82D7-F500-4984-B005-D238D4A9CF5D}.MinSizeRel|x64.Build.0 = Debug|Any CPU
		{720A82D7-F500-4984-B005-D238D4A9CF5D}.MinSizeRel|x86.ActiveCfg = Debug|Any CPU
		{720A82D7-F500-4984-B005-D238D4A9CF5D}.MinSizeRel|x86.Build.0 = Debug|Any CPU
		{720A82D7-F500-4984-B005-D238D4A9CF5D}.Release|Any CPU.ActiveCfg = Release|Any CPU
		{720A82D7-F500-4984-B005-D238D4A9CF5D}.Release|Any CPU.Build.0 = Release|Any CPU
		{720A82D7-F500-4984-B005-D238D4A9CF5D}.Release|Arduino_Nano.ActiveCfg = Release|Any CPU
		{720A82D7-F500-4984-B005-D238D4A9CF5D}.Release|Arduino_Nano.Build.0 = Release|Any CPU
		{720A82D7-F500-4984-B005-D238D4A9CF5D}.Release|Arduino_Uno.ActiveCfg = Release|Any CPU
		{720A82D7-F500-4984-B005-D238D4A9CF5D}.Release|Arduino_Uno.Build.0 = Release|Any CPU
		{720A82D7-F500-4984-B005-D238D4A9CF5D}.Release|BaceSimulatorApp.ActiveCfg = Release|Any CPU
		{720A82D7-F500-4984-B005-D238D4A9CF5D}.Release|BaceSimulatorApp.Build.0 = Release|Any CPU
		{720A82D7-F500-4984-B005-D238D4A9CF5D}.Release|Generic_STM32F103C6_fake_STM32F103C8.ActiveCfg = Release|Any CPU
		{720A82D7-F500-4984-B005-D238D4A9CF5D}.Release|Generic_STM32F103C6_fake_STM32F103C8.Build.0 = Release|Any CPU
		{720A82D7-F500-4984-B005-D238D4A9CF5D}.Release|iPhone.ActiveCfg = Release|Any CPU
		{720A82D7-F500-4984-B005-D238D4A9CF5D}.Release|iPhone.Build.0 = Release|Any CPU
		{720A82D7-F500-4984-B005-D238D4A9CF5D}.Release|iPhoneSimulator.ActiveCfg = Release|Any CPU
		{720A82D7-F500-4984-B005-D238D4A9CF5D}.Release|iPhoneSimulator.Build.0 = Release|Any CPU
		{720A82D7-F500-4984-B005-D238D4A9CF5D}.Release|VisualGDB.ActiveCfg = Release|Any CPU
		{720A82D7-F500-4984-B005-D238D4A9CF5D}.Release|VisualGDB.Build.0 = Release|Any CPU
		{720A82D7-F500-4984-B005-D238D4A9CF5D}.Release|x64.ActiveCfg = Release|Any CPU
		{720A82D7-F500-4984-B005-D238D4A9CF5D}.Release|x64.Build.0 = Release|Any CPU
		{720A82D7-F500-4984-B005-D238D4A9CF5D}.Release|x86.ActiveCfg = Release|Any CPU
		{720A82D7-F500-4984-B005-D238D4A9CF5D}.Release|x86.Build.0 = Release|Any CPU
		{720A82D7-F500-4984-B005-D238D4A9CF5D}.RelWithDebInfo|Any CPU.ActiveCfg = Release|Any CPU
		{720A82D7-F500-4984-B005-D238D4A9CF5D}.RelWithDebInfo|Any CPU.Build.0 = Release|Any CPU
		{720A82D7-F500-4984-B005-D238D4A9CF5D}.RelWithDebInfo|Arduino_Nano.ActiveCfg = Release|Any CPU
		{720A82D7-F500-4984-B005-D238D4A9CF5D}.RelWithDebInfo|Arduino_Nano.Build.0 = Release|Any CPU
		{720A82D7-F500-4984-B005-D238D4A9CF5D}.RelWithDebInfo|Arduino_Uno.ActiveCfg = Release|Any CPU
		{720A82D7-F500-4984-B005-D238D4A9CF5D}.RelWithDebInfo|Arduino_Uno.Build.0 = Release|Any CPU
		{720A82D7-F500-4984-B005-D238D4A9CF5D}.RelWithDebInfo|BaceSimulatorApp.ActiveCfg = Release|Any CPU
		{720A82D7-F500-4984-B005-D238D4A9CF5D}.RelWithDebInfo|BaceSimulatorApp.Build.0 = Release|Any CPU
		{720A82D7-F500-4984-B005-D238D4A9CF5D}.RelWithDebInfo|Generic_STM32F103C6_fake_STM32F103C8.ActiveCfg = Release|Any CPU
		{720A82D7-F500-4984-B005-D238D4A9CF5D}.RelWithDebInfo|Generic_STM32F103C6_fake_STM32F103C8.Build.0 = Release|Any CPU
		{720A82D7-F500-4984-B005-D238D4A9CF5D}.RelWithDebInfo|iPhone.ActiveCfg = Release|Any CPU
		{720A82D7-F500-4984-B005-D238D4A9CF5D}.RelWithDebInfo|iPhone.Build.0 = Release|Any CPU
		{720A82D7-F500-4984-B005-D238D4A9CF5D}.RelWithDebInfo|iPhoneSimulator.ActiveCfg = Release|Any CPU
		{720A82D7-F500-4984-B005-D238D4A9CF5D}.RelWithDebInfo|iPhoneSimulator.Build.0 = Release|Any CPU
		{720A82D7-F500-4984-B005-D238D4A9CF5D}.RelWithDebInfo|VisualGDB.ActiveCfg = Release|Any CPU
		{720A82D7-F500-4984-B005-D238D4A9CF5D}.RelWithDebInfo|VisualGDB.Build.0 = Release|Any CPU
		{720A82D7-F500-4984-B005-D238D4A9CF5D}.RelWithDebInfo|x64.ActiveCfg = Release|Any CPU
		{720A82D7-F500-4984-B005-D238D4A9CF5D}.RelWithDebInfo|x64.Build.0 = Release|Any CPU
		{720A82D7-F500-4984-B005-D238D4A9CF5D}.RelWithDebInfo|x86.ActiveCfg = Release|Any CPU
		{720A82D7-F500-4984-B005-D238D4A9CF5D}.RelWithDebInfo|x86.Build.0 = Release|Any CPU
		{FA212A37-335B-4698-8284-A4BF3C022378}.AndroidSimulator|Any CPU.ActiveCfg = Debug|Any CPU
		{FA212A37-335B-4698-8284-A4BF3C022378}.AndroidSimulator|Any CPU.Build.0 = Debug|Any CPU
		{FA212A37-335B-4698-8284-A4BF3C022378}.AndroidSimulator|Arduino_Nano.ActiveCfg = Release|Any CPU
		{FA212A37-335B-4698-8284-A4BF3C022378}.AndroidSimulator|Arduino_Nano.Build.0 = Release|Any CPU
		{FA212A37-335B-4698-8284-A4BF3C022378}.AndroidSimulator|Arduino_Uno.ActiveCfg = Release|Any CPU
		{FA212A37-335B-4698-8284-A4BF3C022378}.AndroidSimulator|Arduino_Uno.Build.0 = Release|Any CPU
		{FA212A37-335B-4698-8284-A4BF3C022378}.AndroidSimulator|BaceSimulatorApp.ActiveCfg = Release|Any CPU
		{FA212A37-335B-4698-8284-A4BF3C022378}.AndroidSimulator|BaceSimulatorApp.Build.0 = Release|Any CPU
		{FA212A37-335B-4698-8284-A4BF3C022378}.AndroidSimulator|Generic_STM32F103C6_fake_STM32F103C8.ActiveCfg = Release|Any CPU
		{FA212A37-335B-4698-8284-A4BF3C022378}.AndroidSimulator|Generic_STM32F103C6_fake_STM32F103C8.Build.0 = Release|Any CPU
		{FA212A37-335B-4698-8284-A4BF3C022378}.AndroidSimulator|iPhone.ActiveCfg = Release|Any CPU
		{FA212A37-335B-4698-8284-A4BF3C022378}.AndroidSimulator|iPhone.Build.0 = Release|Any CPU
		{FA212A37-335B-4698-8284-A4BF3C022378}.AndroidSimulator|iPhoneSimulator.ActiveCfg = Release|Any CPU
		{FA212A37-335B-4698-8284-A4BF3C022378}.AndroidSimulator|iPhoneSimulator.Build.0 = Release|Any CPU
		{FA212A37-335B-4698-8284-A4BF3C022378}.AndroidSimulator|VisualGDB.ActiveCfg = Release|Any CPU
		{FA212A37-335B-4698-8284-A4BF3C022378}.AndroidSimulator|VisualGDB.Build.0 = Release|Any CPU
		{FA212A37-335B-4698-8284-A4BF3C022378}.AndroidSimulator|x64.ActiveCfg = Release|Any CPU
		{FA212A37-335B-4698-8284-A4BF3C022378}.AndroidSimulator|x64.Build.0 = Release|Any CPU
		{FA212A37-335B-4698-8284-A4BF3C022378}.AndroidSimulator|x86.ActiveCfg = Release|Any CPU
		{FA212A37-335B-4698-8284-A4BF3C022378}.AndroidSimulator|x86.Build.0 = Release|Any CPU
		{FA212A37-335B-4698-8284-A4BF3C022378}.Debug|Any CPU.ActiveCfg = Debug|Any CPU
		{FA212A37-335B-4698-8284-A4BF3C022378}.Debug|Any CPU.Build.0 = Debug|Any CPU
		{FA212A37-335B-4698-8284-A4BF3C022378}.Debug|Arduino_Nano.ActiveCfg = Debug|Any CPU
		{FA212A37-335B-4698-8284-A4BF3C022378}.Debug|Arduino_Nano.Build.0 = Debug|Any CPU
		{FA212A37-335B-4698-8284-A4BF3C022378}.Debug|Arduino_Uno.ActiveCfg = Debug|Any CPU
		{FA212A37-335B-4698-8284-A4BF3C022378}.Debug|Arduino_Uno.Build.0 = Debug|Any CPU
		{FA212A37-335B-4698-8284-A4BF3C022378}.Debug|BaceSimulatorApp.ActiveCfg = Debug|Any CPU
		{FA212A37-335B-4698-8284-A4BF3C022378}.Debug|BaceSimulatorApp.Build.0 = Debug|Any CPU
		{FA212A37-335B-4698-8284-A4BF3C022378}.Debug|Generic_STM32F103C6_fake_STM32F103C8.ActiveCfg = Debug|Any CPU
		{FA212A37-335B-4698-8284-A4BF3C022378}.Debug|Generic_STM32F103C6_fake_STM32F103C8.Build.0 = Debug|Any CPU
		{FA212A37-335B-4698-8284-A4BF3C022378}.Debug|iPhone.ActiveCfg = Debug|Any CPU
		{FA212A37-335B-4698-8284-A4BF3C022378}.Debug|iPhone.Build.0 = Debug|Any CPU
		{FA212A37-335B-4698-8284-A4BF3C022378}.Debug|iPhoneSimulator.ActiveCfg = Debug|Any CPU
		{FA212A37-335B-4698-8284-A4BF3C022378}.Debug|iPhoneSimulator.Build.0 = Debug|Any CPU
		{FA212A37-335B-4698-8284-A4BF3C022378}.Debug|VisualGDB.ActiveCfg = Debug|Any CPU
		{FA212A37-335B-4698-8284-A4BF3C022378}.Debug|VisualGDB.Build.0 = Debug|Any CPU
		{FA212A37-335B-4698-8284-A4BF3C022378}.Debug|x64.ActiveCfg = Debug|Any CPU
		{FA212A37-335B-4698-8284-A4BF3C022378}.Debug|x64.Build.0 = Debug|Any CPU
		{FA212A37-335B-4698-8284-A4BF3C022378}.Debug|x86.ActiveCfg = Debug|Any CPU
		{FA212A37-335B-4698-8284-A4BF3C022378}.Debug|x86.Build.0 = Debug|Any CPU
		{FA212A37-335B-4698-8284-A4BF3C022378}.MinSizeRel|Any CPU.ActiveCfg = Debug|Any CPU
		{FA212A37-335B-4698-8284-A4BF3C022378}.MinSizeRel|Any CPU.Build.0 = Debug|Any CPU
		{FA212A37-335B-4698-8284-A4BF3C022378}.MinSizeRel|Arduino_Nano.ActiveCfg = Debug|Any CPU
		{FA212A37-335B-4698-8284-A4BF3C022378}.MinSizeRel|Arduino_Nano.Build.0 = Debug|Any CPU
		{FA212A37-335B-4698-8284-A4BF3C022378}.MinSizeRel|Arduino_Uno.ActiveCfg = Debug|Any CPU
		{FA212A37-335B-4698-8284-A4BF3C022378}.MinSizeRel|Arduino_Uno.Build.0 = Debug|Any CPU
		{FA212A37-335B-4698-8284-A4BF3C022378}.MinSizeRel|BaceSimulatorApp.ActiveCfg = Debug|Any CPU
		{FA212A37-335B-4698-8284-A4BF3C022378}.MinSizeRel|BaceSimulatorApp.Build.0 = Debug|Any CPU
		{FA212A37-335B-4698-8284-A4BF3C022378}.MinSizeRel|Generic_STM32F103C6_fake_STM32F103C8.ActiveCfg = Debug|Any CPU
		{FA212A37-335B-4698-8284-A4BF3C022378}.MinSizeRel|Generic_STM32F103C6_fake_STM32F103C8.Build.0 = Debug|Any CPU
		{FA212A37-335B-4698-8284-A4BF3C022378}.MinSizeRel|iPhone.ActiveCfg = Debug|Any CPU
		{FA212A37-335B-4698-8284-A4BF3C022378}.MinSizeRel|iPhone.Build.0 = Debug|Any CPU
		{FA212A37-335B-4698-8284-A4BF3C022378}.MinSizeRel|iPhoneSimulator.ActiveCfg = Debug|Any CPU
		{FA212A37-335B-4698-8284-A4BF3C022378}.MinSizeRel|iPhoneSimulator.Build.0 = Debug|Any CPU
		{FA212A37-335B-4698-8284-A4BF3C022378}.MinSizeRel|VisualGDB.ActiveCfg = Debug|Any CPU
		{FA212A37-335B-4698-8284-A4BF3C022378}.MinSizeRel|VisualGDB.Build.0 = Debug|Any CPU
		{FA212A37-335B-4698-8284-A4BF3C022378}.MinSizeRel|x64.ActiveCfg = Debug|Any CPU
		{FA212A37-335B-4698-8284-A4BF3C022378}.MinSizeRel|x64.Build.0 = Debug|Any CPU
		{FA212A37-335B-4698-8284-A4BF3C022378}.MinSizeRel|x86.ActiveCfg = Debug|Any CPU
		{FA212A37-335B-4698-8284-A4BF3C022378}.MinSizeRel|x86.Build.0 = Debug|Any CPU
		{FA212A37-335B-4698-8284-A4BF3C022378}.Release|Any CPU.ActiveCfg = Release|Any CPU
		{FA212A37-335B-4698-8284-A4BF3C022378}.Release|Any CPU.Build.0 = Release|Any CPU
		{FA212A37-335B-4698-8284-A4BF3C022378}.Release|Arduino_Nano.ActiveCfg = Release|Any CPU
		{FA212A37-335B-4698-8284-A4BF3C022378}.Release|Arduino_Nano.Build.0 = Release|Any CPU
		{FA212A37-335B-4698-8284-A4BF3C022378}.Release|Arduino_Uno.ActiveCfg = Release|Any CPU
		{FA212A37-335B-4698-8284-A4BF3C022378}.Release|Arduino_Uno.Build.0 = Release|Any CPU
		{FA212A37-335B-4698-8284-A4BF3C022378}.Release|BaceSimulatorApp.ActiveCfg = Release|Any CPU
		{FA212A37-335B-4698-8284-A4BF3C022378}.Release|BaceSimulatorApp.Build.0 = Release|Any CPU
		{FA212A37-335B-4698-8284-A4BF3C022378}.Release|Generic_STM32F103C6_fake_STM32F103C8.ActiveCfg = Release|Any CPU
		{FA212A37-335B-4698-8284-A4BF3C022378}.Release|Generic_STM32F103C6_fake_STM32F103C8.Build.0 = Release|Any CPU
		{FA212A37-335B-4698-8284-A4BF3C022378}.Release|iPhone.ActiveCfg = Release|Any CPU
		{FA212A37-335B-4698-8284-A4BF3C022378}.Release|iPhone.Build.0 = Release|Any CPU
		{FA212A37-335B-4698-8284-A4BF3C022378}.Release|iPhoneSimulator.ActiveCfg = Release|Any CPU
		{FA212A37-335B-4698-8284-A4BF3C022378}.Release|iPhoneSimulator.Build.0 = Release|Any CPU
		{FA212A37-335B-4698-8284-A4BF3C022378}.Release|VisualGDB.ActiveCfg = Release|Any CPU
		{FA212A37-335B-4698-8284-A4BF3C022378}.Release|VisualGDB.Build.0 = Release|Any CPU
		{FA212A37-335B-4698-8284-A4BF3C022378}.Release|x64.ActiveCfg = Release|Any CPU
		{FA212A37-335B-4698-8284-A4BF3C022378}.Release|x64.Build.0 = Release|Any CPU
		{FA212A37-335B-4698-8284-A4BF3C022378}.Release|x86.ActiveCfg = Release|Any CPU
		{FA212A37-335B-4698-8284-A4BF3C022378}.Release|x86.Build.0 = Release|Any CPU
		{FA212A37-335B-4698-8284-A4BF3C022378}.RelWithDebInfo|Any CPU.ActiveCfg = Release|Any CPU
		{FA212A37-335B-4698-8284-A4BF3C022378}.RelWithDebInfo|Any CPU.Build.0 = Release|Any CPU
		{FA212A37-335B-4698-8284-A4BF3C022378}.RelWithDebInfo|Arduino_Nano.ActiveCfg = Release|Any CPU
		{FA212A37-335B-4698-8284-A4BF3C022378}.RelWithDebInfo|Arduino_Nano.Build.0 = Release|Any CPU
		{FA212A37-335B-4698-8284-A4BF3C022378}.RelWithDebInfo|Arduino_Uno.ActiveCfg = Release|Any CPU
		{FA212A37-335B-4698-8284-A4BF3C022378}.RelWithDebInfo|Arduino_Uno.Build.0 = Release|Any CPU
		{FA212A37-335B-4698-8284-A4BF3C022378}.RelWithDebInfo|BaceSimulatorApp.ActiveCfg = Release|Any CPU
		{FA212A37-335B-4698-8284-A4BF3C022378}.RelWithDebInfo|BaceSimulatorApp.Build.0 = Release|Any CPU
		{FA212A37-335B-4698-8284-A4BF3C022378}.RelWithDebInfo|Generic_STM32F103C6_fake_STM32F103C8.ActiveCfg = Release|Any CPU
		{FA212A37-335B-4698-8284-A4BF3C022378}.RelWithDebInfo|Generic_STM32F103C6_fake_STM32F103C8.Build.0 = Release|Any CPU
		{FA212A37-335B-4698-8284-A4BF3C022378}.RelWithDebInfo|iPhone.ActiveCfg = Release|Any CPU
		{FA212A37-335B-4698-8284-A4BF3C022378}.RelWithDebInfo|iPhone.Build.0 = Release|Any CPU
		{FA212A37-335B-4698-8284-A4BF3C022378}.RelWithDebInfo|iPhoneSimulator.ActiveCfg = Release|Any CPU
		{FA212A37-335B-4698-8284-A4BF3C022378}.RelWithDebInfo|iPhoneSimulator.Build.0 = Release|Any CPU
		{FA212A37-335B-4698-8284-A4BF3C022378}.RelWithDebInfo|VisualGDB.ActiveCfg = Release|Any CPU
		{FA212A37-335B-4698-8284-A4BF3C022378}.RelWithDebInfo|VisualGDB.Build.0 = Release|Any CPU
		{FA212A37-335B-4698-8284-A4BF3C022378}.RelWithDebInfo|x64.ActiveCfg = Release|Any CPU
		{FA212A37-335B-4698-8284-A4BF3C022378}.RelWithDebInfo|x64.Build.0 = Release|Any CPU
		{FA212A37-335B-4698-8284-A4BF3C022378}.RelWithDebInfo|x86.ActiveCfg = Release|Any CPU
		{FA212A37-335B-4698-8284-A4BF3C022378}.RelWithDebInfo|x86.Build.0 = Release|Any CPU
		{91655E7A-44BF-4153-AA77-D4457B35B98D}.AndroidSimulator|Any CPU.ActiveCfg = Debug|Any CPU
		{91655E7A-44BF-4153-AA77-D4457B35B98D}.AndroidSimulator|Any CPU.Build.0 = Debug|Any CPU
		{91655E7A-44BF-4153-AA77-D4457B35B98D}.AndroidSimulator|Arduino_Nano.ActiveCfg = Debug|Any CPU
		{91655E7A-44BF-4153-AA77-D4457B35B98D}.AndroidSimulator|Arduino_Nano.Build.0 = Debug|Any CPU
		{91655E7A-44BF-4153-AA77-D4457B35B98D}.AndroidSimulator|Arduino_Uno.ActiveCfg = Debug|Any CPU
		{91655E7A-44BF-4153-AA77-D4457B35B98D}.AndroidSimulator|Arduino_Uno.Build.0 = Debug|Any CPU
		{91655E7A-44BF-4153-AA77-D4457B35B98D}.AndroidSimulator|BaceSimulatorApp.ActiveCfg = Debug|Any CPU
		{91655E7A-44BF-4153-AA77-D4457B35B98D}.AndroidSimulator|BaceSimulatorApp.Build.0 = Debug|Any CPU
		{91655E7A-44BF-4153-AA77-D4457B35B98D}.AndroidSimulator|Generic_STM32F103C6_fake_STM32F103C8.ActiveCfg = Debug|Any CPU
		{91655E7A-44BF-4153-AA77-D4457B35B98D}.AndroidSimulator|Generic_STM32F103C6_fake_STM32F103C8.Build.0 = Debug|Any CPU
		{91655E7A-44BF-4153-AA77-D4457B35B98D}.AndroidSimulator|iPhone.ActiveCfg = Debug|Any CPU
		{91655E7A-44BF-4153-AA77-D4457B35B98D}.AndroidSimulator|iPhone.Build.0 = Debug|Any CPU
		{91655E7A-44BF-4153-AA77-D4457B35B98D}.AndroidSimulator|iPhoneSimulator.ActiveCfg = Debug|Any CPU
		{91655E7A-44BF-4153-AA77-D4457B35B98D}.AndroidSimulator|iPhoneSimulator.Build.0 = Debug|Any CPU
		{91655E7A-44BF-4153-AA77-D4457B35B98D}.AndroidSimulator|VisualGDB.ActiveCfg = Debug|Any CPU
		{91655E7A-44BF-4153-AA77-D4457B35B98D}.AndroidSimulator|VisualGDB.Build.0 = Debug|Any CPU
		{91655E7A-44BF-4153-AA77-D4457B35B98D}.AndroidSimulator|x64.ActiveCfg = Debug|Any CPU
		{91655E7A-44BF-4153-AA77-D4457B35B98D}.AndroidSimulator|x64.Build.0 = Debug|Any CPU
		{91655E7A-44BF-4153-AA77-D4457B35B98D}.AndroidSimulator|x86.ActiveCfg = Debug|Any CPU
		{91655E7A-44BF-4153-AA77-D4457B35B98D}.AndroidSimulator|x86.Build.0 = Debug|Any CPU
		{91655E7A-44BF-4153-AA77-D4457B35B98D}.Debug|Any CPU.ActiveCfg = Debug|Any CPU
		{91655E7A-44BF-4153-AA77-D4457B35B98D}.Debug|Any CPU.Build.0 = Debug|Any CPU
		{91655E7A-44BF-4153-AA77-D4457B35B98D}.Debug|Arduino_Nano.ActiveCfg = Debug|Any CPU
		{91655E7A-44BF-4153-AA77-D4457B35B98D}.Debug|Arduino_Nano.Build.0 = Debug|Any CPU
		{91655E7A-44BF-4153-AA77-D4457B35B98D}.Debug|Arduino_Uno.ActiveCfg = Debug|Any CPU
		{91655E7A-44BF-4153-AA77-D4457B35B98D}.Debug|Arduino_Uno.Build.0 = Debug|Any CPU
		{91655E7A-44BF-4153-AA77-D4457B35B98D}.Debug|BaceSimulatorApp.ActiveCfg = Debug|Any CPU
		{91655E7A-44BF-4153-AA77-D4457B35B98D}.Debug|BaceSimulatorApp.Build.0 = Debug|Any CPU
		{91655E7A-44BF-4153-AA77-D4457B35B98D}.Debug|Generic_STM32F103C6_fake_STM32F103C8.ActiveCfg = Debug|Any CPU
		{91655E7A-44BF-4153-AA77-D4457B35B98D}.Debug|Generic_STM32F103C6_fake_STM32F103C8.Build.0 = Debug|Any CPU
		{91655E7A-44BF-4153-AA77-D4457B35B98D}.Debug|iPhone.ActiveCfg = Debug|Any CPU
		{91655E7A-44BF-4153-AA77-D4457B35B98D}.Debug|iPhone.Build.0 = Debug|Any CPU
		{91655E7A-44BF-4153-AA77-D4457B35B98D}.Debug|iPhoneSimulator.ActiveCfg = Debug|Any CPU
		{91655E7A-44BF-4153-AA77-D4457B35B98D}.Debug|iPhoneSimulator.Build.0 = Debug|Any CPU
		{91655E7A-44BF-4153-AA77-D4457B35B98D}.Debug|VisualGDB.ActiveCfg = Debug|Any CPU
		{91655E7A-44BF-4153-AA77-D4457B35B98D}.Debug|VisualGDB.Build.0 = Debug|Any CPU
		{91655E7A-44BF-4153-AA77-D4457B35B98D}.Debug|x64.ActiveCfg = Debug|Any CPU
		{91655E7A-44BF-4153-AA77-D4457B35B98D}.Debug|x64.Build.0 = Debug|Any CPU
		{91655E7A-44BF-4153-AA77-D4457B35B98D}.Debug|x86.ActiveCfg = Debug|Any CPU
		{91655E7A-44BF-4153-AA77-D4457B35B98D}.Debug|x86.Build.0 = Debug|Any CPU
		{91655E7A-44BF-4153-AA77-D4457B35B98D}.MinSizeRel|Any CPU.ActiveCfg = Debug|Any CPU
		{91655E7A-44BF-4153-AA77-D4457B35B98D}.MinSizeRel|Any CPU.Build.0 = Debug|Any CPU
		{91655E7A-44BF-4153-AA77-D4457B35B98D}.MinSizeRel|Arduino_Nano.ActiveCfg = Debug|Any CPU
		{91655E7A-44BF-4153-AA77-D4457B35B98D}.MinSizeRel|Arduino_Nano.Build.0 = Debug|Any CPU
		{91655E7A-44BF-4153-AA77-D4457B35B98D}.MinSizeRel|Arduino_Uno.ActiveCfg = Debug|Any CPU
		{91655E7A-44BF-4153-AA77-D4457B35B98D}.MinSizeRel|Arduino_Uno.Build.0 = Debug|Any CPU
		{91655E7A-44BF-4153-AA77-D4457B35B98D}.MinSizeRel|BaceSimulatorApp.ActiveCfg = Debug|Any CPU
		{91655E7A-44BF-4153-AA77-D4457B35B98D}.MinSizeRel|BaceSimulatorApp.Build.0 = Debug|Any CPU
		{91655E7A-44BF-4153-AA77-D4457B35B98D}.MinSizeRel|Generic_STM32F103C6_fake_STM32F103C8.ActiveCfg = Debug|Any CPU
		{91655E7A-44BF-4153-AA77-D4457B35B98D}.MinSizeRel|Generic_STM32F103C6_fake_STM32F103C8.Build.0 = Debug|Any CPU
		{91655E7A-44BF-4153-AA77-D4457B35B98D}.MinSizeRel|iPhone.ActiveCfg = Debug|Any CPU
		{91655E7A-44BF-4153-AA77-D4457B35B98D}.MinSizeRel|iPhone.Build.0 = Debug|Any CPU
		{91655E7A-44BF-4153-AA77-D4457B35B98D}.MinSizeRel|iPhoneSimulator.ActiveCfg = Debug|Any CPU
		{91655E7A-44BF-4153-AA77-D4457B35B98D}.MinSizeRel|iPhoneSimulator.Build.0 = Debug|Any CPU
		{91655E7A-44BF-4153-AA77-D4457B35B98D}.MinSizeRel|VisualGDB.ActiveCfg = Debug|Any CPU
		{91655E7A-44BF-4153-AA77-D4457B35B98D}.MinSizeRel|VisualGDB.Build.0 = Debug|Any CPU
		{91655E7A-44BF-4153-AA77-D4457B35B98D}.MinSizeRel|x64.ActiveCfg = Debug|Any CPU
		{91655E7A-44BF-4153-AA77-D4457B35B98D}.MinSizeRel|x64.Build.0 = Debug|Any CPU
		{91655E7A-44BF-4153-AA77-D4457B35B98D}.MinSizeRel|x86.ActiveCfg = Debug|Any CPU
		{91655E7A-44BF-4153-AA77-D4457B35B98D}.MinSizeRel|x86.Build.0 = Debug|Any CPU
		{91655E7A-44BF-4153-AA77-D4457B35B98D}.Release|Any CPU.ActiveCfg = Release|Any CPU
		{91655E7A-44BF-4153-AA77-D4457B35B98D}.Release|Any CPU.Build.0 = Release|Any CPU
		{91655E7A-44BF-4153-AA77-D4457B35B98D}.Release|Arduino_Nano.ActiveCfg = Release|Any CPU
		{91655E7A-44BF-4153-AA77-D4457B35B98D}.Release|Arduino_Nano.Build.0 = Release|Any CPU
		{91655E7A-44BF-4153-AA77-D4457B35B98D}.Release|Arduino_Uno.ActiveCfg = Release|Any CPU
		{91655E7A-44BF-4153-AA77-D4457B35B98D}.Release|Arduino_Uno.Build.0 = Release|Any CPU
		{91655E7A-44BF-4153-AA77-D4457B35B98D}.Release|BaceSimulatorApp.ActiveCfg = Release|Any CPU
		{91655E7A-44BF-4153-AA77-D4457B35B98D}.Release|BaceSimulatorApp.Build.0 = Release|Any CPU
		{91655E7A-44BF-4153-AA77-D4457B35B98D}.Release|Generic_STM32F103C6_fake_STM32F103C8.ActiveCfg = Release|Any CPU
		{91655E7A-44BF-4153-AA77-D4457B35B98D}.Release|Generic_STM32F103C6_fake_STM32F103C8.Build.0 = Release|Any CPU
		{91655E7A-44BF-4153-AA77-D4457B35B98D}.Release|iPhone.ActiveCfg = Release|Any CPU
		{91655E7A-44BF-4153-AA77-D4457B35B98D}.Release|iPhone.Build.0 = Release|Any CPU
		{91655E7A-44BF-4153-AA77-D4457B35B98D}.Release|iPhoneSimulator.ActiveCfg = Release|Any CPU
		{91655E7A-44BF-4153-AA77-D4457B35B98D}.Release|iPhoneSimulator.Build.0 = Release|Any CPU
		{91655E7A-44BF-4153-AA77-D4457B35B98D}.Release|VisualGDB.ActiveCfg = Release|Any CPU
		{91655E7A-44BF-4153-AA77-D4457B35B98D}.Release|VisualGDB.Build.0 = Release|Any CPU
		{91655E7A-44BF-4153-AA77-D4457B35B98D}.Release|x64.ActiveCfg = Release|Any CPU
		{91655E7A-44BF-4153-AA77-D4457B35B98D}.Release|x64.Build.0 = Release|Any CPU
		{91655E7A-44BF-4153-AA77-D4457B35B98D}.Release|x86.ActiveCfg = Release|Any CPU
		{91655E7A-44BF-4153-AA77-D4457B35B98D}.Release|x86.Build.0 = Release|Any CPU
		{91655E7A-44BF-4153-AA77-D4457B35B98D}.RelWithDebInfo|Any CPU.ActiveCfg = Release|Any CPU
		{91655E7A-44BF-4153-AA77-D4457B35B98D}.RelWithDebInfo|Any CPU.Build.0 = Release|Any CPU
		{91655E7A-44BF-4153-AA77-D4457B35B98D}.RelWithDebInfo|Arduino_Nano.ActiveCfg = Release|Any CPU
		{91655E7A-44BF-4153-AA77-D4457B35B98D}.RelWithDebInfo|Arduino_Nano.Build.0 = Release|Any CPU
		{91655E7A-44BF-4153-AA77-D4457B35B98D}.RelWithDebInfo|Arduino_Uno.ActiveCfg = Release|Any CPU
		{91655E7A-44BF-4153-AA77-D4457B35B98D}.RelWithDebInfo|Arduino_Uno.Build.0 = Release|Any CPU
		{91655E7A-44BF-4153-AA77-D4457B35B98D}.RelWithDebInfo|BaceSimulatorApp.ActiveCfg = Release|Any CPU
		{91655E7A-44BF-4153-AA77-D4457B35B98D}.RelWithDebInfo|BaceSimulatorApp.Build.0 = Release|Any CPU
		{91655E7A-44BF-4153-AA77-D4457B35B98D}.RelWithDebInfo|Generic_STM32F103C6_fake_STM32F103C8.ActiveCfg = Release|Any CPU
		{91655E7A-44BF-4153-AA77-D4457B35B98D}.RelWithDebInfo|Generic_STM32F103C6_fake_STM32F103C8.Build.0 = Release|Any CPU
		{91655E7A-44BF-4153-AA77-D4457B35B98D}.RelWithDebInfo|iPhone.ActiveCfg = Release|Any CPU
		{91655E7A-44BF-4153-AA77-D4457B35B98D}.RelWithDebInfo|iPhone.Build.0 = Release|Any CPU
		{91655E7A-44BF-4153-AA77-D4457B35B98D}.RelWithDebInfo|iPhoneSimulator.ActiveCfg = Release|Any CPU
		{91655E7A-44BF-4153-AA77-D4457B35B98D}.RelWithDebInfo|iPhoneSimulator.Build.0 = Release|Any CPU
		{91655E7A-44BF-4153-AA77-D4457B35B98D}.RelWithDebInfo|VisualGDB.ActiveCfg = Release|Any CPU
		{91655E7A-44BF-4153-AA77-D4457B35B98D}.RelWithDebInfo|VisualGDB.Build.0 = Release|Any CPU
		{91655E7A-44BF-4153-AA77-D4457B35B98D}.RelWithDebInfo|x64.ActiveCfg = Release|Any CPU
		{91655E7A-44BF-4153-AA77-D4457B35B98D}.RelWithDebInfo|x64.Build.0 = Release|Any CPU
		{91655E7A-44BF-4153-AA77-D4457B35B98D}.RelWithDebInfo|x86.ActiveCfg = Release|Any CPU
		{91655E7A-44BF-4153-AA77-D4457B35B98D}.RelWithDebInfo|x86.Build.0 = Release|Any CPU
	EndGlobalSection
	GlobalSection(SolutionProperties) = preSolution
		HideSolutionNode = FALSE
	EndGlobalSection
	GlobalSection(NestedProjects) = preSolution
		{B0B06C47-1ADF-4DCF-A7AB-999F6442C128} = {4ED84BD1-1EC2-4F72-A33F-98C7AE3C3394}
		{590AFA6B-B113-44B7-A80C-EDDE3178BE13} = {4ED84BD1-1EC2-4F72-A33F-98C7AE3C3394}
		{A4699741-FBAB-40F8-A634-2070AE08E231} = {4ED84BD1-1EC2-4F72-A33F-98C7AE3C3394}
		{44A57F7C-3622-4607-BA60-E1E9A2566B3B} = {4ED84BD1-1EC2-4F72-A33F-98C7AE3C3394}
		{F725570F-8233-4913-905D-563E30E39902} = {44A57F7C-3622-4607-BA60-E1E9A2566B3B}
		{720A82D7-F500-4984-B005-D238D4A9CF5D} = {AD3C2AA0-CBD0-44B3-A3BE-781BEFBA2355}
		{FA212A37-335B-4698-8284-A4BF3C022378} = {44A57F7C-3622-4607-BA60-E1E9A2566B3B}
		{91655E7A-44BF-4153-AA77-D4457B35B98D} = {AD3C2AA0-CBD0-44B3-A3BE-781BEFBA2355}
	EndGlobalSection
	GlobalSection(ExtensibilityGlobals) = postSolution
		SolutionGuid = {3DDB4823-88C0-47C1-A37D-5F888B685A24}
	EndGlobalSection
EndGlobal
